<?xml version="1.0"?>
<CONFIG>
  <ProjectOptions>
    <Version Value="9"/>
    <General>
      <Flags>
        <MainUnitHasUsesSectionForAllUnits Value="False"/>
        <MainUnitHasCreateFormStatements Value="False"/>
        <MainUnitHasTitleStatement Value="False"/>
      </Flags>
      <MainUnit Value="0"/>
      <Title Value="zcad"/>
      <UseAppBundle Value="False"/>
      <UseXPManifest Value="True"/>
      <Icon Value="0"/>
      <ActiveWindowIndexAtStart Value="0"/>
    </General>
    <i18n>
      <EnableI18N Value="True"/>
      <OutDir Value="../cad/languades"/>
    </i18n>
    <VersionInfo>
      <UseVersionInfo Value="True"/>
      <AutoIncrementBuild Value="True"/>
      <MinorVersionNr Value="9"/>
      <RevisionNr Value="7"/>
      <BuildNr Value="1880"/>
      <CharSet Value="0000"/>
      <StringTable ProductVersion="0.0.0.8"/>
    </VersionInfo>
    <MacroValues Count="1">
      <Macro1 Name="LCLWidgetType" Value="win32"/>
    </MacroValues>
    <BuildModes Count="4" Active="WIN">
      <Item1 Name="WIN" Default="True"/>
      <Item2 Name="GTK2">
        <MacroValues Count="1">
          <Macro1 Name="LCLWidgetType" Value="gtk2"/>
        </MacroValues>
        <CompilerOptions>
          <Version Value="11"/>
          <Target>
            <Filename Value="../cad/zcad"/>
          </Target>
          <SearchPaths>
            <IncludeFiles Value="u;gdb;commands;gui;devicebase;languade;electroteh;zgl;$(ProjOutDir);../cad;other;fileformats;misc"/>
            <OtherUnitFiles Value="u;gdb;commands;gui;devicebase;languade;lclmod;electroteh;zgl;../cad;other;fileformats;misc"/>
            <UnitOutputDirectory Value="dcu"/>
          </SearchPaths>
          <Parsing>
            <Style Value="1"/>
            <SyntaxOptions>
              <SyntaxMode Value="Delphi"/>
              <IncludeAssertionCode Value="True"/>
              <AllowLabel Value="False"/>
              <CPPInline Value="False"/>
              <UseAnsiStrings Value="False"/>
            </SyntaxOptions>
          </Parsing>
          <CodeGeneration>
            <TargetCPU Value="arm"/>
          </CodeGeneration>
          <Other>
            <Verbosity>
              <ShowWarn Value="False"/>
              <ShowNotes Value="False"/>
              <ShowGenInfo Value="False"/>
            </Verbosity>
            <WriteFPCLogo Value="False"/>
            <ConfigFile>
              <StopAfterErrCount Value="5"/>
            </ConfigFile>
            <CompilerMessages>
              <IgnoredMessages idx4055="True" idx5024="True" idx5062="True"/>
              <UseMsgFile Value="True"/>
            </CompilerMessages>
            <CompilerPath Value="$(CompPath)"/>
          </Other>
          <LCLWidgetType Value="gtk2"/>
        </CompilerOptions>
      </Item2>
      <Item3 Name="qt">
        <MacroValues Count="1">
          <Macro1 Name="LCLWidgetType" Value="qt"/>
        </MacroValues>
        <CompilerOptions>
          <Version Value="11"/>
          <Target>
            <Filename Value="../cad/zcad"/>
          </Target>
          <SearchPaths>
            <IncludeFiles Value="u;gdb;commands;gui;devicebase;languade;electroteh;zgl;$(ProjOutDir);other;../cad"/>
            <OtherUnitFiles Value="u;gdb;commands;gui;devicebase;languade;lclmod;electroteh;zgl;other;../cad"/>
            <UnitOutputDirectory Value="dcu"/>
          </SearchPaths>
          <Parsing>
            <Style Value="1"/>
            <SyntaxOptions>
              <SyntaxMode Value="Delphi"/>
              <IncludeAssertionCode Value="True"/>
              <AllowLabel Value="False"/>
              <CPPInline Value="False"/>
              <UseAnsiStrings Value="False"/>
            </SyntaxOptions>
          </Parsing>
          <Linking>
            <Debugging>
              <DebugInfoType Value="dsStabs"/>
              <UseExternalDbgSyms Value="True"/>
            </Debugging>
          </Linking>
          <Other>
            <Verbosity>
              <ShowNotes Value="False"/>
              <ShowGenInfo Value="False"/>
            </Verbosity>
            <WriteFPCLogo Value="False"/>
            <ConfigFile>
              <StopAfterErrCount Value="5"/>
            </ConfigFile>
            <CompilerMessages>
              <IgnoredMessages idx4055="True" idx5024="True" idx5062="True"/>
              <UseMsgFile Value="True"/>
            </CompilerMessages>
            <CompilerPath Value="$(CompPath)"/>
          </Other>
          <LCLWidgetType Value="qt"/>
        </CompilerOptions>
      </Item3>
      <Item4 Name="Default1">
        <CompilerOptions>
          <Version Value="11"/>
          <Target>
            <Filename Value="../cad/zcad"/>
          </Target>
          <SearchPaths>
            <IncludeFiles Value="u;gdb;commands;gui;devicebase;languade;electroteh;zgl;$(ProjOutDir);other;../cad"/>
            <OtherUnitFiles Value="u;gdb;commands;gui;devicebase;languade;lclmod;electroteh;zgl;other;../cad"/>
            <UnitOutputDirectory Value="dcu"/>
          </SearchPaths>
          <Parsing>
            <Style Value="1"/>
            <SyntaxOptions>
              <SyntaxMode Value="Delphi"/>
              <IncludeAssertionCode Value="True"/>
              <AllowLabel Value="False"/>
              <CPPInline Value="False"/>
              <UseAnsiStrings Value="False"/>
            </SyntaxOptions>
          </Parsing>
          <Linking>
            <Debugging>
              <DebugInfoType Value="dsStabs"/>
              <UseExternalDbgSyms Value="True"/>
            </Debugging>
          </Linking>
          <Other>
            <Verbosity>
              <ShowNotes Value="False"/>
              <ShowGenInfo Value="False"/>
            </Verbosity>
            <WriteFPCLogo Value="False"/>
            <ConfigFile>
              <StopAfterErrCount Value="5"/>
            </ConfigFile>
            <CompilerMessages>
              <IgnoredMessages idx4055="True" idx5024="True" idx5062="True"/>
              <UseMsgFile Value="True"/>
            </CompilerMessages>
            <CompilerPath Value="$(CompPath)"/>
          </Other>
        </CompilerOptions>
      </Item4>
    </BuildModes>
    <PublishOptions>
      <Version Value="2"/>
      <IgnoreBinaries Value="False"/>
      <IncludeFileFilter Value="*.(pas|pp|inc|lfm|lpr|lrs|lpi|lpk|sh|xml)"/>
      <ExcludeFileFilter Value="*.(bak|ppu|ppw|o|so);*~;backup"/>
    </PublishOptions>
    <RunParams>
      <local>
        <FormatVersion Value="1"/>
        <CommandLineParams Value="nosplash updatepo qnll qsi"/>
        <LaunchingApplication PathPlusParams="/usr/X11R6/bin/xterm -T 'Lazarus Run Output' -e $(LazarusDir)/tools/runwait.sh $(TargetCmdLine)"/>
      </local>
    </RunParams>
    <RequiredPackages Count="6">
      <Item1>
        <PackageName Value="FCL"/>
      </Item1>
      <Item2>
        <PackageName Value="fpvectorialpkg"/>
      </Item2>
      <Item3>
        <PackageName Value="Printer4Lazarus"/>
      </Item3>
      <Item4>
        <PackageName Value="AnchorDocking"/>
      </Item4>
      <Item5>
        <PackageName Value="LazOpenGLContext"/>
      </Item5>
      <Item6>
        <PackageName Value="LCL"/>
      </Item6>
    </RequiredPackages>
    <Units Count="154">
      <Unit0>
        <Filename Value="zcad.pas"/>
        <IsPartOfProject Value="True"/>
        <UnitName Value="zcad"/>
        <WindowIndex Value="0"/>
        <TopLine Value="98"/>
        <CursorPos X="1" Y="141"/>
        <UsageCount Value="201"/>
        <DefaultSyntaxHighlighter Value="Delphi"/>
      </Unit0>
      <Unit1>
        <Filename Value="gui/mainwindow.pas"/>
        <IsPartOfProject Value="True"/>
        <UnitName Value="mainwindow"/>
        <WindowIndex Value="0"/>
        <TopLine Value="1300"/>
        <CursorPos X="31" Y="1331"/>
        <UsageCount Value="200"/>
        <DefaultSyntaxHighlighter Value="Delphi"/>
      </Unit1>
      <Unit2>
        <Filename Value="geometry.pas"/>
        <IsPartOfProject Value="True"/>
        <UnitName Value="geometry"/>
        <WindowIndex Value="0"/>
        <TopLine Value="1"/>
        <CursorPos X="17" Y="160"/>
        <UsageCount Value="200"/>
        <DefaultSyntaxHighlighter Value="Delphi"/>
      </Unit2>
      <Unit3>
        <Filename Value="gdb/GDBText.pas"/>
        <UnitName Value="GDBText"/>
        <WindowIndex Value="0"/>
        <TopLine Value="224"/>
        <CursorPos X="5" Y="230"/>
        <UsageCount Value="45"/>
        <DefaultSyntaxHighlighter Value="Delphi"/>
      </Unit3>
      <Unit4>
        <Filename Value="gdb/GDBAbstractText.pas"/>
        <IsPartOfProject Value="True"/>
        <UnitName Value="GDBAbstractText"/>
        <WindowIndex Value="0"/>
        <TopLine Value="36"/>
        <CursorPos X="155" Y="60"/>
        <UsageCount Value="204"/>
        <DefaultSyntaxHighlighter Value="Delphi"/>
      </Unit4>
      <Unit5>
        <Filename Value="u/UGDBOpenArray.pas"/>
        <UnitName Value="UGDBOpenArray"/>
        <WindowIndex Value="0"/>
        <TopLine Value="1"/>
        <CursorPos X="9" Y="20"/>
        <UsageCount Value="107"/>
        <DefaultSyntaxHighlighter Value="Delphi"/>
      </Unit5>
      <Unit6>
        <Filename Value="languade/UUnitManager.pas"/>
        <IsPartOfProject Value="True"/>
        <UnitName Value="UUnitManager"/>
        <WindowIndex Value="0"/>
        <TopLine Value="581"/>
        <CursorPos X="79" Y="618"/>
        <UsageCount Value="201"/>
        <DefaultSyntaxHighlighter Value="Delphi"/>
      </Unit6>
      <Unit7>
        <Filename Value="languade/varman.pas"/>
        <IsPartOfProject Value="True"/>
        <UnitName Value="Varman"/>
        <WindowIndex Value="0"/>
        <TopLine Value="680"/>
        <CursorPos X="1" Y="706"/>
        <UsageCount Value="200"/>
        <DefaultSyntaxHighlighter Value="Delphi"/>
      </Unit7>
      <Unit8>
        <Filename Value="u/UGDBOpenArrayOfByte.pas"/>
        <UnitName Value="UGDBOpenArrayOfByte"/>
        <WindowIndex Value="0"/>
        <TopLine Value="182"/>
        <CursorPos X="1" Y="206"/>
        <UsageCount Value="4"/>
        <DefaultSyntaxHighlighter Value="Delphi"/>
      </Unit8>
      <Unit9>
        <Filename Value="languade/UBaseTypeDescriptor.pas"/>
        <IsPartOfProject Value="True"/>
        <UnitName Value="UBaseTypeDescriptor"/>
        <WindowIndex Value="0"/>
        <TopLine Value="227"/>
        <CursorPos X="64" Y="266"/>
        <UsageCount Value="200"/>
        <DefaultSyntaxHighlighter Value="Delphi"/>
      </Unit9>
      <Unit10>
        <Filename Value="devicebase/DeviceBase.pas"/>
        <IsPartOfProject Value="True"/>
        <UnitName Value="DeviceBase"/>
        <WindowIndex Value="0"/>
        <TopLine Value="1"/>
        <CursorPos X="92" Y="4"/>
        <UsageCount Value="201"/>
        <DefaultSyntaxHighlighter Value="Delphi"/>
      </Unit10>
      <Unit11>
        <Filename Value="gui/oglwindow.pas"/>
        <IsPartOfProject Value="True"/>
        <UnitName Value="oglwindow"/>
        <EditorIndex Value="14"/>
        <WindowIndex Value="0"/>
        <TopLine Value="3363"/>
        <CursorPos X="78" Y="3385"/>
        <UsageCount Value="202"/>
        <Loaded Value="True"/>
        <DefaultSyntaxHighlighter Value="Delphi"/>
      </Unit11>
      <Unit12>
        <Filename Value="gui/objinsp.pas"/>
        <UnitName Value="Objinsp"/>
        <WindowIndex Value="0"/>
        <TopLine Value="296"/>
        <CursorPos X="6" Y="305"/>
        <UsageCount Value="95"/>
        <DefaultSyntaxHighlighter Value="Delphi"/>
      </Unit12>
      <Unit13>
        <Filename Value="languade/URecordDescriptor.pas"/>
        <IsPartOfProject Value="True"/>
        <UnitName Value="URecordDescriptor"/>
        <WindowIndex Value="0"/>
        <TopLine Value="498"/>
        <CursorPos X="1" Y="520"/>
        <UsageCount Value="200"/>
        <DefaultSyntaxHighlighter Value="Delphi"/>
      </Unit13>
      <Unit14>
        <Filename Value="commands/gdbcommandsinterface.pas"/>
        <UnitName Value="gdbcommandsinterface"/>
        <WindowIndex Value="0"/>
        <TopLine Value="241"/>
        <CursorPos X="17" Y="287"/>
        <UsageCount Value="58"/>
        <DefaultSyntaxHighlighter Value="Delphi"/>
      </Unit14>
      <Unit15>
        <Filename Value="u/UGDBVisibleTreeArray.pas"/>
        <UnitName Value="UGDBVisibleTreeArray"/>
        <WindowIndex Value="0"/>
        <TopLine Value="1"/>
        <CursorPos X="59" Y="22"/>
        <UsageCount Value="40"/>
        <DefaultSyntaxHighlighter Value="Delphi"/>
      </Unit15>
      <Unit16>
        <Filename Value="gdb/GDBLine.pas"/>
        <UnitName Value="GDBLine"/>
        <IsVisibleTab Value="True"/>
        <EditorIndex Value="8"/>
        <WindowIndex Value="0"/>
        <TopLine Value="334"/>
        <CursorPos X="33" Y="361"/>
        <UsageCount Value="86"/>
        <Loaded Value="True"/>
        <DefaultSyntaxHighlighter Value="Delphi"/>
      </Unit16>
      <Unit17>
        <Filename Value="commands/GDBCommandsBaseDraw.pas"/>
        <UnitName Value="GDBCommandsBaseDraw"/>
        <WindowIndex Value="0"/>
        <TopLine Value="106"/>
        <CursorPos X="38" Y="130"/>
        <UsageCount Value="13"/>
        <DefaultSyntaxHighlighter Value="Delphi"/>
      </Unit17>
      <Unit18>
        <Filename Value="languade/UObjectDescriptor.pas"/>
        <IsPartOfProject Value="True"/>
        <UnitName Value="UObjectDescriptor"/>
        <WindowIndex Value="0"/>
        <TopLine Value="535"/>
        <CursorPos X="84" Y="557"/>
        <UsageCount Value="201"/>
        <DefaultSyntaxHighlighter Value="Delphi"/>
      </Unit18>
      <Unit19>
        <Filename Value="sysinfo.pas"/>
        <IsPartOfProject Value="True"/>
        <UnitName Value="SysInfo"/>
        <WindowIndex Value="0"/>
        <TopLine Value="19"/>
        <CursorPos X="35" Y="63"/>
        <UsageCount Value="202"/>
        <DefaultSyntaxHighlighter Value="Delphi"/>
      </Unit19>
      <Unit20>
        <Filename Value="languade/zcadsysvars.pas"/>
        <UnitName Value="zcadsysvars"/>
        <WindowIndex Value="0"/>
        <TopLine Value="106"/>
        <CursorPos X="42" Y="129"/>
        <UsageCount Value="89"/>
        <DefaultSyntaxHighlighter Value="Delphi"/>
      </Unit20>
      <Unit21>
        <Filename Value="gdb/gdbvisualprop.pas"/>
        <IsPartOfProject Value="True"/>
        <UnitName Value="gdbvisualprop"/>
        <WindowIndex Value="0"/>
        <TopLine Value="1"/>
        <CursorPos X="23" Y="35"/>
        <UsageCount Value="200"/>
        <DefaultSyntaxHighlighter Value="Delphi"/>
      </Unit21>
      <Unit22>
        <Filename Value="commands/commanddefinternal.pas"/>
        <UnitName Value="commanddefinternal"/>
        <EditorIndex Value="4"/>
        <WindowIndex Value="0"/>
        <TopLine Value="237"/>
        <CursorPos X="134" Y="260"/>
        <UsageCount Value="67"/>
        <Loaded Value="True"/>
        <DefaultSyntaxHighlighter Value="Delphi"/>
      </Unit22>
      <Unit23>
        <Filename Value="gdb/UGDBEntTree.pas"/>
        <UnitName Value="UGDBEntTree"/>
        <WindowIndex Value="0"/>
        <TopLine Value="336"/>
        <CursorPos X="1" Y="359"/>
        <UsageCount Value="46"/>
        <DefaultSyntaxHighlighter Value="Delphi"/>
      </Unit23>
      <Unit24>
        <Filename Value="gui/cmdline.pas"/>
        <IsPartOfProject Value="True"/>
        <UnitName Value="cmdline"/>
        <WindowIndex Value="0"/>
        <TopLine Value="16"/>
        <CursorPos X="3" Y="39"/>
        <UsageCount Value="200"/>
        <DefaultSyntaxHighlighter Value="Delphi"/>
      </Unit24>
      <Unit25>
        <Filename Value="gui/aboutwnd.pas"/>
        <IsPartOfProject Value="True"/>
        <UnitName Value="aboutwnd"/>
        <WindowIndex Value="0"/>
        <TopLine Value="18"/>
        <CursorPos X="14" Y="41"/>
        <UsageCount Value="200"/>
        <DefaultSyntaxHighlighter Value="Delphi"/>
      </Unit25>
      <Unit26>
        <Filename Value="lclmod/umytreenode.pas"/>
        <UnitName Value="umytreenode"/>
        <WindowIndex Value="0"/>
        <TopLine Value="104"/>
        <CursorPos X="3" Y="126"/>
        <UsageCount Value="44"/>
        <DefaultSyntaxHighlighter Value="Delphi"/>
      </Unit26>
      <Unit27>
        <Filename Value="commands/commandline.pas"/>
        <IsPartOfProject Value="True"/>
        <UnitName Value="commandline"/>
        <WindowIndex Value="0"/>
        <TopLine Value="93"/>
        <CursorPos X="6" Y="98"/>
        <UsageCount Value="201"/>
        <DefaultSyntaxHighlighter Value="Delphi"/>
      </Unit27>
      <Unit28>
        <Filename Value="../../lazarus/lcl/forms.pp"/>
        <UnitName Value="Forms"/>
        <WindowIndex Value="0"/>
        <TopLine Value="1347"/>
        <CursorPos X="22" Y="1370"/>
        <UsageCount Value="30"/>
      </Unit28>
      <Unit29>
        <Filename Value="WindowsSpecific.pas"/>
        <IsPartOfProject Value="True"/>
        <UnitName Value="WindowsSpecific"/>
        <WindowIndex Value="0"/>
        <TopLine Value="178"/>
        <CursorPos X="34" Y="201"/>
        <UsageCount Value="218"/>
        <DefaultSyntaxHighlighter Value="Delphi"/>
      </Unit29>
      <Unit30>
        <Filename Value="u/UGDBSelectedObjArray.pas"/>
        <UnitName Value="UGDBSelectedObjArray"/>
        <EditorIndex Value="0"/>
        <WindowIndex Value="0"/>
        <TopLine Value="197"/>
        <CursorPos X="91" Y="219"/>
        <UsageCount Value="34"/>
        <Loaded Value="True"/>
        <DefaultSyntaxHighlighter Value="Delphi"/>
      </Unit30>
      <Unit31>
        <Filename Value="gdb/GDBGenericSubEntry.pas"/>
        <UnitName Value="GDBGenericSubEntry"/>
        <EditorIndex Value="15"/>
        <WindowIndex Value="0"/>
        <TopLine Value="478"/>
        <CursorPos X="1" Y="498"/>
        <UsageCount Value="15"/>
        <Loaded Value="True"/>
        <DefaultSyntaxHighlighter Value="Delphi"/>
      </Unit31>
      <Unit32>
        <Filename Value="gdb/GDBRoot.pas"/>
        <UnitName Value="GDBRoot"/>
        <EditorIndex Value="2"/>
        <WindowIndex Value="0"/>
        <TopLine Value="65"/>
        <CursorPos X="1" Y="103"/>
        <UsageCount Value="11"/>
        <Loaded Value="True"/>
        <DefaultSyntaxHighlighter Value="Delphi"/>
      </Unit32>
      <Unit33>
        <Filename Value="shared.pas"/>
        <IsPartOfProject Value="True"/>
        <UnitName Value="shared"/>
        <WindowIndex Value="0"/>
        <TopLine Value="17"/>
        <CursorPos X="21" Y="29"/>
        <UsageCount Value="200"/>
        <DefaultSyntaxHighlighter Value="Delphi"/>
      </Unit33>
      <Unit34>
        <Filename Value="gdb/UGDBDescriptor.pas"/>
        <IsPartOfProject Value="True"/>
        <UnitName Value="UGDBDescriptor"/>
        <EditorIndex Value="9"/>
        <WindowIndex Value="0"/>
        <TopLine Value="83"/>
        <CursorPos X="5" Y="106"/>
        <UsageCount Value="200"/>
        <Loaded Value="True"/>
        <DefaultSyntaxHighlighter Value="Delphi"/>
      </Unit34>
      <Unit35>
        <Filename Value="electroteh/GDBCommandsElectrical.pas"/>
        <UnitName Value="GDBCommandsElectrical"/>
        <EditorIndex Value="7"/>
        <WindowIndex Value="0"/>
        <TopLine Value="2194"/>
        <CursorPos X="123" Y="2217"/>
        <UsageCount Value="64"/>
        <Loaded Value="True"/>
        <DefaultSyntaxHighlighter Value="Delphi"/>
      </Unit35>
      <Unit36>
        <Filename Value="gdb/GDBSubordinated.pas"/>
        <UnitName Value="GDBSubordinated"/>
        <EditorIndex Value="3"/>
        <WindowIndex Value="0"/>
        <TopLine Value="1"/>
        <CursorPos X="1" Y="1"/>
        <UsageCount Value="58"/>
        <Loaded Value="True"/>
        <DefaultSyntaxHighlighter Value="Delphi"/>
      </Unit36>
      <Unit37>
        <Filename Value="u/UGDBOpenArrayOfPObjects.pas"/>
        <UnitName Value="UGDBOpenArrayOfPObjects"/>
        <WindowIndex Value="0"/>
        <TopLine Value="1"/>
        <CursorPos X="1" Y="1"/>
        <UsageCount Value="67"/>
        <DefaultSyntaxHighlighter Value="Delphi"/>
      </Unit37>
      <Unit38>
        <Filename Value="electroteh/GDBElLeader.pas"/>
        <UnitName Value="GDBElLeader"/>
        <EditorIndex Value="12"/>
        <WindowIndex Value="0"/>
        <TopLine Value="122"/>
        <CursorPos X="62" Y="145"/>
        <UsageCount Value="56"/>
        <Loaded Value="True"/>
        <DefaultSyntaxHighlighter Value="Delphi"/>
      </Unit38>
      <Unit39>
        <Filename Value="../../lazarus/lcl/include/control.inc"/>
        <WindowIndex Value="0"/>
        <TopLine Value="2726"/>
        <CursorPos X="1" Y="2749"/>
        <UsageCount Value="92"/>
      </Unit39>
      <Unit40>
        <Filename Value="electroteh/GDBCommandsOPS.pas"/>
        <IsPartOfProject Value="True"/>
        <UnitName Value="GDBCommandsOPS"/>
        <WindowIndex Value="0"/>
        <TopLine Value="299"/>
        <CursorPos X="201" Y="322"/>
        <UsageCount Value="204"/>
        <DefaultSyntaxHighlighter Value="Delphi"/>
      </Unit40>
      <Unit41>
        <Filename Value="u/UGDBOpenArrayOfPointer.pas"/>
        <UnitName Value="UGDBOpenArrayOfPointer"/>
        <WindowIndex Value="0"/>
        <TopLine Value="5"/>
        <CursorPos X="1" Y="28"/>
        <UsageCount Value="42"/>
        <DefaultSyntaxHighlighter Value="Delphi"/>
      </Unit41>
      <Unit42>
        <Filename Value="gui/layerwnd.pas"/>
        <IsPartOfProject Value="True"/>
        <ComponentName Value="LayerWindow"/>
        <HasResources Value="True"/>
        <ResourceBaseClass Value="Form"/>
        <UnitName Value="layerwnd"/>
        <WindowIndex Value="0"/>
        <TopLine Value="305"/>
        <CursorPos X="33" Y="350"/>
        <UsageCount Value="201"/>
        <DefaultSyntaxHighlighter Value="Delphi"/>
      </Unit42>
      <Unit43>
        <Filename Value="u/TGMultiObjectChangeCommandIMPL.inc"/>
        <IsPartOfProject Value="True"/>
        <WindowIndex Value="0"/>
        <TopLine Value="1"/>
        <CursorPos X="2" Y="27"/>
        <UsageCount Value="200"/>
        <DefaultSyntaxHighlighter Value="Delphi"/>
      </Unit43>
      <Unit44>
        <Filename Value="u/TGMultiObjectCreateCommand.inc"/>
        <IsPartOfProject Value="True"/>
        <WindowIndex Value="0"/>
        <TopLine Value="1"/>
        <CursorPos X="42" Y="3"/>
        <UsageCount Value="200"/>
        <DefaultSyntaxHighlighter Value="Delphi"/>
      </Unit44>
      <Unit45>
        <Filename Value="u/UGDBOpenArrayOfPV.pas"/>
        <UnitName Value="UGDBOpenArrayOfPV"/>
        <EditorIndex Value="16"/>
        <WindowIndex Value="0"/>
        <TopLine Value="131"/>
        <CursorPos X="1" Y="160"/>
        <UsageCount Value="75"/>
        <Loaded Value="True"/>
        <DefaultSyntaxHighlighter Value="Delphi"/>
      </Unit45>
      <Unit46>
        <Filename Value="gdb/GDBBlockInsert.pas"/>
        <UnitName Value="GDBBlockInsert"/>
        <WindowIndex Value="0"/>
        <TopLine Value="486"/>
        <CursorPos X="18" Y="496"/>
        <UsageCount Value="44"/>
        <DefaultSyntaxHighlighter Value="Delphi"/>
      </Unit46>
      <Unit47>
        <Filename Value="gdb/GDBComplex.pas"/>
        <UnitName Value="GDBComplex"/>
        <WindowIndex Value="0"/>
        <TopLine Value="57"/>
        <CursorPos X="101" Y="84"/>
        <UsageCount Value="71"/>
        <DefaultSyntaxHighlighter Value="Delphi"/>
      </Unit47>
      <Unit48>
        <Filename Value="gdb/GDBWithLocalCS.pas"/>
        <UnitName Value="GDBWithLocalCS"/>
        <WindowIndex Value="0"/>
        <TopLine Value="1"/>
        <CursorPos X="1" Y="1"/>
        <UsageCount Value="94"/>
        <DefaultSyntaxHighlighter Value="Delphi"/>
      </Unit48>
      <Unit49>
        <Filename Value="gdb/GDBDevice.pas"/>
        <UnitName Value="GDBDevice"/>
        <EditorIndex Value="11"/>
        <WindowIndex Value="0"/>
        <TopLine Value="252"/>
        <CursorPos X="56" Y="275"/>
        <UsageCount Value="65"/>
        <Loaded Value="True"/>
        <DefaultSyntaxHighlighter Value="Delphi"/>
      </Unit49>
      <Unit50>
        <Filename Value="u/UGDBVisibleOpenArray.pas"/>
        <UnitName Value="UGDBVisibleOpenArray"/>
        <WindowIndex Value="0"/>
        <TopLine Value="29"/>
        <CursorPos X="100" Y="52"/>
        <UsageCount Value="42"/>
        <DefaultSyntaxHighlighter Value="Delphi"/>
      </Unit50>
      <Unit51>
        <Filename Value="gdb/GDBPlain.pas"/>
        <UnitName Value="GDBPlain"/>
        <WindowIndex Value="0"/>
        <TopLine Value="6"/>
        <CursorPos X="19" Y="29"/>
        <UsageCount Value="4"/>
        <DefaultSyntaxHighlighter Value="Delphi"/>
      </Unit51>
      <Unit52>
        <Filename Value="gdb/GDBCircle.pas"/>
        <UnitName Value="GDBCircle"/>
        <WindowIndex Value="0"/>
        <TopLine Value="24"/>
        <CursorPos X="147" Y="48"/>
        <UsageCount Value="73"/>
        <DefaultSyntaxHighlighter Value="Delphi"/>
      </Unit52>
      <Unit53>
        <Filename Value="gui/sltexteditor.pas"/>
        <IsPartOfProject Value="True"/>
        <ComponentName Value="sltexteditor1"/>
        <HasResources Value="True"/>
        <ResourceBaseClass Value="Form"/>
        <UnitName Value="sltexteditor"/>
        <WindowIndex Value="0"/>
        <TopLine Value="9"/>
        <CursorPos X="16" Y="29"/>
        <UsageCount Value="201"/>
        <DefaultSyntaxHighlighter Value="Delphi"/>
      </Unit53>
      <Unit54>
        <Filename Value="gdb/GDBWithMatrix.pas"/>
        <UnitName Value="GDBWithMatrix"/>
        <WindowIndex Value="0"/>
        <TopLine Value="140"/>
        <CursorPos X="104" Y="162"/>
        <UsageCount Value="73"/>
        <DefaultSyntaxHighlighter Value="Delphi"/>
      </Unit54>
      <Unit55>
        <Filename Value="commands/GDBCommandsDraw.pas"/>
        <UnitName Value="GDBCommandsDraw"/>
        <EditorIndex Value="6"/>
        <WindowIndex Value="0"/>
        <TopLine Value="3005"/>
        <CursorPos X="132" Y="3027"/>
        <UsageCount Value="88"/>
        <Loaded Value="True"/>
        <DefaultSyntaxHighlighter Value="Delphi"/>
      </Unit55>
      <Unit56>
        <Filename Value="def.inc"/>
        <WindowIndex Value="0"/>
        <TopLine Value="1"/>
        <CursorPos X="2" Y="29"/>
        <UsageCount Value="57"/>
        <DefaultSyntaxHighlighter Value="Delphi"/>
      </Unit56>
      <Unit57>
        <Filename Value="zcadstrconsts.pas"/>
        <IsPartOfProject Value="True"/>
        <UnitName Value="zcadstrconsts"/>
        <WindowIndex Value="0"/>
        <TopLine Value="1"/>
        <CursorPos X="19" Y="19"/>
        <UsageCount Value="202"/>
        <DefaultSyntaxHighlighter Value="Delphi"/>
      </Unit57>
      <Unit58>
        <Filename Value="../../lazarus/lcl/include/application.inc"/>
        <WindowIndex Value="0"/>
        <TopLine Value="2246"/>
        <CursorPos X="1" Y="2268"/>
        <UsageCount Value="30"/>
      </Unit58>
      <Unit59>
        <Filename Value="gdb/gdbase.pas"/>
        <UnitName Value="gdbase"/>
        <WindowIndex Value="0"/>
        <TopLine Value="168"/>
        <CursorPos X="17" Y="191"/>
        <UsageCount Value="88"/>
        <DefaultSyntaxHighlighter Value="Delphi"/>
      </Unit59>
      <Unit60>
        <Filename Value="fileformats/iodxf.pas"/>
        <UnitName Value="iodxf"/>
        <WindowIndex Value="0"/>
        <TopLine Value="2151"/>
        <CursorPos X="22" Y="2183"/>
        <UsageCount Value="100"/>
        <DefaultSyntaxHighlighter Value="Delphi"/>
      </Unit60>
      <Unit61>
        <Filename Value="misc/geometry.pas"/>
        <UnitName Value="geometry"/>
        <WindowIndex Value="0"/>
        <TopLine Value="258"/>
        <CursorPos X="1" Y="281"/>
        <UsageCount Value="66"/>
        <DefaultSyntaxHighlighter Value="Delphi"/>
      </Unit61>
      <Unit62>
        <Filename Value="fileformats/dxflow.pas"/>
        <UnitName Value="dxflow"/>
        <WindowIndex Value="0"/>
        <TopLine Value="17"/>
        <CursorPos X="3" Y="39"/>
        <UsageCount Value="10"/>
        <DefaultSyntaxHighlighter Value="Delphi"/>
      </Unit62>
      <Unit63>
        <Filename Value="gdb/gdbobjectsconstdef.pas"/>
        <UnitName Value="gdbobjectsconstdef"/>
        <WindowIndex Value="0"/>
        <TopLine Value="1"/>
        <CursorPos X="24" Y="19"/>
        <UsageCount Value="20"/>
        <DefaultSyntaxHighlighter Value="Delphi"/>
      </Unit63>
      <Unit64>
        <Filename Value="misc/plugins.pas"/>
        <UnitName Value="plugins"/>
        <WindowIndex Value="0"/>
        <TopLine Value="1"/>
        <CursorPos X="1" Y="1"/>
        <UsageCount Value="17"/>
        <DefaultSyntaxHighlighter Value="Delphi"/>
      </Unit64>
      <Unit65>
        <Filename Value="gui/zcadstrconsts.pas"/>
        <UnitName Value="zcadstrconsts"/>
        <WindowIndex Value="0"/>
        <TopLine Value="1"/>
        <CursorPos X="19" Y="19"/>
        <UsageCount Value="88"/>
        <DefaultSyntaxHighlighter Value="Delphi"/>
      </Unit65>
      <Unit66>
        <Filename Value="../../ppsrc/rtl/objpas/classes/classesh.inc"/>
        <WindowIndex Value="0"/>
        <TopLine Value="609"/>
        <CursorPos X="16" Y="631"/>
        <UsageCount Value="56"/>
        <DefaultSyntaxHighlighter Value="Delphi"/>
      </Unit66>
      <Unit67>
        <Filename Value="misc/WindowsSpecific.pas"/>
        <UnitName Value="WindowsSpecific"/>
        <WindowIndex Value="0"/>
        <TopLine Value="109"/>
        <CursorPos X="10" Y="123"/>
        <UsageCount Value="57"/>
        <DefaultSyntaxHighlighter Value="Delphi"/>
      </Unit67>
      <Unit68>
        <Filename Value="misc/OGLSpecFunc.pas"/>
        <UnitName Value="OGLSpecFunc"/>
        <WindowIndex Value="0"/>
        <TopLine Value="16"/>
        <CursorPos X="37" Y="46"/>
        <UsageCount Value="13"/>
        <DefaultSyntaxHighlighter Value="Delphi"/>
      </Unit68>
      <Unit69>
        <Filename Value="gdb/GDBArc.pas"/>
        <UnitName Value="GDBArc"/>
        <WindowIndex Value="0"/>
        <TopLine Value="40"/>
        <CursorPos X="147" Y="63"/>
        <UsageCount Value="10"/>
        <DefaultSyntaxHighlighter Value="Delphi"/>
      </Unit69>
      <Unit70>
        <Filename Value="zgl/uzglgeometry.pas"/>
        <UnitName Value="uzglgeometry"/>
        <WindowIndex Value="0"/>
        <TopLine Value="2"/>
        <CursorPos X="27" Y="26"/>
        <UsageCount Value="12"/>
        <DefaultSyntaxHighlighter Value="Delphi"/>
      </Unit70>
      <Unit71>
        <Filename Value="gdb/GDBManager.pas"/>
        <UnitName Value="GDBManager"/>
        <WindowIndex Value="0"/>
        <TopLine Value="80"/>
        <CursorPos X="30" Y="84"/>
        <UsageCount Value="60"/>
        <DefaultSyntaxHighlighter Value="Delphi"/>
      </Unit71>
      <Unit72>
        <Filename Value="misc/memman.pas"/>
        <UnitName Value="memman"/>
        <WindowIndex Value="0"/>
        <TopLine Value="171"/>
        <CursorPos X="1" Y="194"/>
        <UsageCount Value="44"/>
        <DefaultSyntaxHighlighter Value="Delphi"/>
      </Unit72>
      <Unit73>
        <Filename Value="../../ppsrc/rtl/inc/systemh.inc"/>
        <WindowIndex Value="0"/>
        <TopLine Value="67"/>
        <CursorPos X="3" Y="90"/>
        <UsageCount Value="0"/>
        <DefaultSyntaxHighlighter Value="Delphi"/>
      </Unit73>
      <Unit74>
        <Filename Value="misc/shared.pas"/>
        <UnitName Value="shared"/>
        <WindowIndex Value="0"/>
        <TopLine Value="6"/>
        <CursorPos X="24" Y="30"/>
        <UsageCount Value="16"/>
        <DefaultSyntaxHighlighter Value="Delphi"/>
      </Unit74>
      <Unit75>
        <Filename Value="../../lazarus/components/fpvectorial/fpvectorial.pas"/>
        <UnitName Value="fpvectorial"/>
        <WindowIndex Value="0"/>
        <TopLine Value="2432"/>
        <CursorPos X="1" Y="2470"/>
        <UsageCount Value="42"/>
      </Unit75>
      <Unit76>
        <Filename Value="../../lazarus/components/fpvectorial/dxfvectorialreader.pas"/>
        <UnitName Value="dxfvectorialreader"/>
        <WindowIndex Value="0"/>
        <TopLine Value="1"/>
        <CursorPos X="1" Y="1"/>
        <UsageCount Value="40"/>
      </Unit76>
      <Unit77>
        <Filename Value="../../lazarus/components/fpvectorial/pdfvectorialreader.pas"/>
        <UnitName Value="pdfvectorialreader"/>
        <WindowIndex Value="0"/>
        <TopLine Value="1"/>
        <CursorPos X="1" Y="1"/>
        <UsageCount Value="40"/>
      </Unit77>
      <Unit78>
        <Filename Value="../../lazarus/components/fpvectorial/epsvectorialreader.pas"/>
        <UnitName Value="epsvectorialreader"/>
        <WindowIndex Value="0"/>
        <TopLine Value="1"/>
        <CursorPos X="24" Y="13"/>
        <UsageCount Value="40"/>
      </Unit78>
      <Unit79>
        <Filename Value="fileformats/iodwg.pas"/>
        <UnitName Value="iodwg"/>
        <WindowIndex Value="0"/>
        <TopLine Value="227"/>
        <CursorPos X="16" Y="249"/>
        <UsageCount Value="49"/>
        <DefaultSyntaxHighlighter Value="Delphi"/>
      </Unit79>
      <Unit80>
        <Filename Value="../../ppsrc/rtl/objpas/sysutils/sysstrh.inc"/>
        <WindowIndex Value="0"/>
        <TopLine Value="107"/>
        <CursorPos X="10" Y="130"/>
        <UsageCount Value="36"/>
        <DefaultSyntaxHighlighter Value="Delphi"/>
      </Unit80>
      <Unit81>
        <Filename Value="misc/log.pas"/>
        <UnitName Value="log"/>
        <WindowIndex Value="0"/>
        <TopLine Value="174"/>
        <CursorPos X="1" Y="197"/>
        <UsageCount Value="54"/>
        <DefaultSyntaxHighlighter Value="Delphi"/>
      </Unit81>
      <Unit82>
        <Filename Value="fileformats/io.pas"/>
        <UnitName Value="io"/>
        <WindowIndex Value="0"/>
        <TopLine Value="844"/>
        <CursorPos X="64" Y="866"/>
        <UsageCount Value="22"/>
        <DefaultSyntaxHighlighter Value="Delphi"/>
      </Unit82>
      <Unit83>
        <Filename Value="misc/zcadinterface.pas"/>
        <UnitName Value="zcadinterface"/>
        <WindowIndex Value="0"/>
        <TopLine Value="51"/>
        <CursorPos X="4" Y="74"/>
        <UsageCount Value="78"/>
        <DefaultSyntaxHighlighter Value="Delphi"/>
      </Unit83>
      <Unit84>
        <Filename Value="misc/strproc.pas"/>
        <UnitName Value="strproc"/>
        <WindowIndex Value="0"/>
        <TopLine Value="21"/>
        <CursorPos X="25" Y="30"/>
        <UsageCount Value="18"/>
        <DefaultSyntaxHighlighter Value="Delphi"/>
      </Unit84>
      <Unit85>
        <Filename Value="gui/layercombobox.pas"/>
        <UnitName Value="layercombobox"/>
        <WindowIndex Value="0"/>
        <TopLine Value="601"/>
        <CursorPos X="1" Y="616"/>
        <UsageCount Value="55"/>
        <DefaultSyntaxHighlighter Value="Delphi"/>
      </Unit85>
      <Unit86>
        <Filename Value="u/UGDBNamedObjectsArray.pas"/>
        <UnitName Value="UGDBNamedObjectsArray"/>
        <WindowIndex Value="0"/>
        <TopLine Value="75"/>
        <CursorPos X="1" Y="113"/>
        <UsageCount Value="27"/>
        <DefaultSyntaxHighlighter Value="Delphi"/>
      </Unit86>
      <Unit87>
        <Filename Value="u/ugdbltypearray.pas"/>
        <UnitName Value="ugdbltypearray"/>
        <WindowIndex Value="0"/>
        <TopLine Value="113"/>
        <CursorPos X="1" Y="112"/>
        <UsageCount Value="72"/>
        <DefaultSyntaxHighlighter Value="Delphi"/>
      </Unit87>
      <Unit88>
        <Filename Value="../../lazarus/lcl/comctrls.pp"/>
        <UnitName Value="ComCtrls"/>
        <WindowIndex Value="0"/>
        <TopLine Value="1456"/>
        <CursorPos X="14" Y="1478"/>
        <UsageCount Value="26"/>
      </Unit88>
      <Unit89>
        <Filename Value="gdb/gdbellipse.pas"/>
        <UnitName Value="gdbellipse"/>
        <WindowIndex Value="0"/>
        <TopLine Value="43"/>
        <CursorPos X="147" Y="65"/>
        <UsageCount Value="10"/>
        <DefaultSyntaxHighlighter Value="Delphi"/>
      </Unit89>
      <Unit90>
        <Filename Value="gdb/GDBCurve.pas"/>
        <UnitName Value="GDBCurve"/>
        <WindowIndex Value="0"/>
        <TopLine Value="171"/>
        <CursorPos X="1" Y="193"/>
        <UsageCount Value="18"/>
        <DefaultSyntaxHighlighter Value="Delphi"/>
      </Unit90>
      <Unit91>
        <Filename Value="u/UGDBTextStyleArray.pas"/>
        <UnitName Value="UGDBTextStyleArray"/>
        <WindowIndex Value="0"/>
        <TopLine Value="18"/>
        <CursorPos X="16" Y="33"/>
        <UsageCount Value="18"/>
        <DefaultSyntaxHighlighter Value="Delphi"/>
      </Unit91>
      <Unit92>
        <Filename Value="commands/GDBCommandsBase.pas"/>
        <UnitName Value="GDBCommandsBase"/>
        <EditorIndex Value="5"/>
        <WindowIndex Value="0"/>
        <TopLine Value="836"/>
        <CursorPos X="185" Y="872"/>
        <UsageCount Value="80"/>
        <Loaded Value="True"/>
        <DefaultSyntaxHighlighter Value="Delphi"/>
      </Unit92>
      <Unit93>
        <Filename Value="gdb/ugdbsimpledrawing.pas"/>
        <UnitName Value="ugdbsimpledrawing"/>
        <EditorIndex Value="10"/>
        <WindowIndex Value="0"/>
        <TopLine Value="30"/>
        <CursorPos X="1" Y="38"/>
        <UsageCount Value="85"/>
        <Loaded Value="True"/>
        <DefaultSyntaxHighlighter Value="Delphi"/>
      </Unit93>
      <Unit94>
        <Filename Value="u/ugdbshxfont.pas"/>
        <UnitName Value="UGDBSHXFont"/>
        <WindowIndex Value="0"/>
        <TopLine Value="266"/>
        <CursorPos X="1" Y="297"/>
        <UsageCount Value="36"/>
        <DefaultSyntaxHighlighter Value="Delphi"/>
      </Unit94>
      <Unit95>
        <Filename Value="gui/oglwindowdef.pas"/>
        <UnitName Value="oglwindowdef"/>
        <WindowIndex Value="0"/>
        <TopLine Value="101"/>
        <CursorPos X="3" Y="112"/>
        <UsageCount Value="21"/>
        <DefaultSyntaxHighlighter Value="Delphi"/>
      </Unit95>
      <Unit96>
        <Filename Value="u/UGDBFontManager.pas"/>
        <UnitName Value="UGDBFontManager"/>
        <WindowIndex Value="0"/>
        <TopLine Value="1"/>
        <CursorPos X="6" Y="22"/>
        <UsageCount Value="2"/>
        <DefaultSyntaxHighlighter Value="Delphi"/>
      </Unit96>
      <Unit97>
        <Filename Value="gdb/GDBMText.pas"/>
        <UnitName Value="GDBMText"/>
        <WindowIndex Value="0"/>
        <TopLine Value="843"/>
        <CursorPos X="21" Y="850"/>
        <UsageCount Value="8"/>
        <DefaultSyntaxHighlighter Value="Delphi"/>
      </Unit97>
      <Unit98>
        <Filename Value="u/UGDBLayerArray.pas"/>
        <UnitName Value="UGDBLayerArray"/>
        <WindowIndex Value="0"/>
        <TopLine Value="6"/>
        <CursorPos X="16" Y="29"/>
        <UsageCount Value="53"/>
        <DefaultSyntaxHighlighter Value="Delphi"/>
      </Unit98>
      <Unit99>
        <Filename Value="u/UGDBPolyPoint3DArray.pas"/>
        <UnitName Value="UGDBPolyPoint3DArray"/>
        <WindowIndex Value="0"/>
        <TopLine Value="1"/>
        <CursorPos X="1" Y="1"/>
        <UsageCount Value="19"/>
        <DefaultSyntaxHighlighter Value="Delphi"/>
      </Unit99>
      <Unit100>
        <Filename Value="gdb/GDB3DFace.pas"/>
        <UnitName Value="GDB3DFace"/>
        <WindowIndex Value="0"/>
        <TopLine Value="19"/>
        <CursorPos X="147" Y="43"/>
        <UsageCount Value="10"/>
        <DefaultSyntaxHighlighter Value="Delphi"/>
      </Unit100>
      <Unit101>
        <Filename Value="gdb/GDBPolyLine.pas"/>
        <UnitName Value="GDBPolyLine"/>
        <WindowIndex Value="0"/>
        <TopLine Value="187"/>
        <CursorPos X="36" Y="200"/>
        <UsageCount Value="16"/>
        <DefaultSyntaxHighlighter Value="Delphi"/>
      </Unit101>
      <Unit102>
        <Filename Value="gdb/GDBLWPolyLine.pas"/>
        <UnitName Value="GDBLWPolyLine"/>
        <WindowIndex Value="0"/>
        <TopLine Value="386"/>
        <CursorPos X="1" Y="409"/>
        <UsageCount Value="10"/>
        <DefaultSyntaxHighlighter Value="Delphi"/>
      </Unit102>
      <Unit103>
        <Filename Value="u/UGDBPoint3DArray.pas"/>
        <UnitName Value="UGDBPoint3DArray"/>
        <WindowIndex Value="0"/>
        <TopLine Value="9"/>
        <CursorPos X="26" Y="32"/>
        <UsageCount Value="8"/>
        <DefaultSyntaxHighlighter Value="Delphi"/>
      </Unit103>
      <Unit104>
        <Filename Value="zgl/uzglline3darray.pas"/>
        <UnitName Value="uzglline3darray"/>
        <WindowIndex Value="0"/>
        <TopLine Value="9"/>
        <CursorPos X="1" Y="47"/>
        <UsageCount Value="17"/>
        <DefaultSyntaxHighlighter Value="Delphi"/>
      </Unit104>
      <Unit105>
        <Filename Value="gdb/GDBEntity.pas"/>
        <UnitName Value="GDBEntity"/>
        <EditorIndex Value="1"/>
        <WindowIndex Value="0"/>
        <TopLine Value="579"/>
        <CursorPos X="51" Y="592"/>
        <UsageCount Value="45"/>
        <Loaded Value="True"/>
        <DefaultSyntaxHighlighter Value="Delphi"/>
      </Unit105>
      <Unit106>
        <Filename Value="misc/GDBObjAbstractTypes.pas"/>
        <UnitName Value="GDBObjAbstractTypes"/>
        <WindowIndex Value="0"/>
        <TopLine Value="739"/>
        <CursorPos X="14" Y="749"/>
        <UsageCount Value="1"/>
        <DefaultSyntaxHighlighter Value="Delphi"/>
      </Unit106>
      <Unit107>
        <Filename Value="../../lazarus/lcl/include/wincontrol.inc"/>
        <WindowIndex Value="0"/>
        <TopLine Value="6768"/>
        <CursorPos X="1" Y="6791"/>
        <UsageCount Value="32"/>
      </Unit107>
      <Unit108>
        <Filename Value="../../lazarus/components/anchordocking/anchordocking.pas"/>
        <UnitName Value="AnchorDocking"/>
        <WindowIndex Value="0"/>
        <TopLine Value="1687"/>
        <CursorPos X="1" Y="1711"/>
        <UsageCount Value="32"/>
      </Unit108>
      <Unit109>
        <Filename Value="../../lazarus/lcl/controls.pp"/>
        <UnitName Value="Controls"/>
        <WindowIndex Value="0"/>
        <TopLine Value="139"/>
        <CursorPos X="39" Y="162"/>
        <UsageCount Value="45"/>
      </Unit109>
      <Unit110>
        <Filename Value="gui/intftranslations.pas"/>
        <UnitName Value="intftranslations"/>
        <WindowIndex Value="0"/>
        <TopLine Value="199"/>
        <CursorPos X="72" Y="203"/>
        <UsageCount Value="10"/>
        <DefaultSyntaxHighlighter Value="Delphi"/>
      </Unit110>
      <Unit111>
        <Filename Value="E:/freepascal/pp/packages/fcl-image/src/fpcanvas.pp"/>
        <UnitName Value="FPCanvas"/>
        <WindowIndex Value="0"/>
        <TopLine Value="314"/>
        <CursorPos X="24" Y="318"/>
        <UsageCount Value="2"/>
      </Unit111>
      <Unit112>
        <Filename Value="../../lazarus/lcl/graphics.pp"/>
        <UnitName Value="Graphics"/>
        <WindowIndex Value="0"/>
        <TopLine Value="1156"/>
        <CursorPos X="35" Y="1179"/>
        <UsageCount Value="65"/>
      </Unit112>
      <Unit113>
        <Filename Value="../../lazarus/lcl/stdctrls.pp"/>
        <UnitName Value="StdCtrls"/>
        <WindowIndex Value="0"/>
        <TopLine Value="423"/>
        <CursorPos X="14" Y="445"/>
        <UsageCount Value="20"/>
      </Unit113>
      <Unit114>
        <Filename Value="../../lazarus/lcl/lcltype.pp"/>
        <UnitName Value="LCLType"/>
        <WindowIndex Value="0"/>
        <TopLine Value="227"/>
        <CursorPos X="3" Y="249"/>
        <UsageCount Value="31"/>
      </Unit114>
      <Unit115>
        <Filename Value="../../lazarus/lcl/include/customcombobox.inc"/>
        <WindowIndex Value="0"/>
        <TopLine Value="180"/>
        <CursorPos X="1" Y="203"/>
        <UsageCount Value="0"/>
      </Unit115>
      <Unit116>
        <Filename Value="../../lazarus/lcl/interfaces/win32/win32listsl.inc"/>
        <WindowIndex Value="0"/>
        <TopLine Value="150"/>
        <CursorPos X="1" Y="173"/>
        <UsageCount Value="4"/>
      </Unit116>
      <Unit117>
        <Filename Value="gui/colorwnd.pas"/>
        <IsPartOfProject Value="True"/>
        <ComponentName Value="ColorSelectWND"/>
        <HasResources Value="True"/>
        <ResourceBaseClass Value="Form"/>
        <UnitName Value="colorwnd"/>
        <WindowIndex Value="0"/>
        <TopLine Value="70"/>
        <CursorPos X="27" Y="79"/>
        <UsageCount Value="201"/>
        <DefaultSyntaxHighlighter Value="Delphi"/>
      </Unit117>
      <Unit118>
        <Filename Value="gdb/GDBPoint.pas"/>
        <UnitName Value="GDBPoint"/>
        <WindowIndex Value="0"/>
        <TopLine Value="15"/>
        <CursorPos X="147" Y="39"/>
        <UsageCount Value="10"/>
        <DefaultSyntaxHighlighter Value="Delphi"/>
      </Unit118>
      <Unit119>
        <Filename Value="gdb/gdbsolid.pas"/>
        <UnitName Value="GDBSolid"/>
        <WindowIndex Value="0"/>
        <TopLine Value="20"/>
        <CursorPos X="147" Y="44"/>
        <UsageCount Value="10"/>
        <DefaultSyntaxHighlighter Value="Delphi"/>
      </Unit119>
      <Unit120>
        <Filename Value="gdb/GDBTable.pas"/>
        <UnitName Value="GDBTable"/>
        <WindowIndex Value="0"/>
        <TopLine Value="123"/>
        <CursorPos X="18" Y="136"/>
        <UsageCount Value="2"/>
        <DefaultSyntaxHighlighter Value="Delphi"/>
      </Unit120>
      <Unit121>
        <Filename Value="E:/freepascal/pp/rtl/objpas/sysutils/sysstrh.inc"/>
        <WindowIndex Value="0"/>
        <TopLine Value="121"/>
        <CursorPos X="114" Y="149"/>
        <UsageCount Value="2"/>
      </Unit121>
      <Unit122>
        <Filename Value="E:/freepascal/pp/rtl/objpas/sysutils/sysinth.inc"/>
        <WindowIndex Value="0"/>
        <TopLine Value="10"/>
        <CursorPos X="3" Y="33"/>
        <UsageCount Value="2"/>
      </Unit122>
      <Unit123>
        <Filename Value="gui/layerwnd.lfm"/>
        <WindowIndex Value="0"/>
        <TopLine Value="1"/>
        <CursorPos X="1" Y="1"/>
        <UsageCount Value="5"/>
        <DefaultSyntaxHighlighter Value="LFM"/>
      </Unit123>
      <Unit124>
        <Filename Value="../../lazarus/lcl/maskedit.pp"/>
        <UnitName Value="MaskEdit"/>
        <WindowIndex Value="0"/>
        <TopLine Value="211"/>
        <CursorPos X="15" Y="233"/>
        <UsageCount Value="15"/>
      </Unit124>
      <Unit125>
        <Filename Value="../../lazarus/lcl/editbtn.pas"/>
        <UnitName Value="EditBtn"/>
        <WindowIndex Value="0"/>
        <TopLine Value="58"/>
        <CursorPos X="35" Y="93"/>
        <UsageCount Value="15"/>
      </Unit125>
      <Unit126>
        <Filename Value="../../lazarus/lcl/include/imglist.inc"/>
        <WindowIndex Value="0"/>
        <TopLine Value="330"/>
        <CursorPos X="1" Y="353"/>
        <UsageCount Value="15"/>
      </Unit126>
      <Unit127>
        <Filename Value="../../lazarus/lcl/extctrls.pp"/>
        <UnitName Value="ExtCtrls"/>
        <WindowIndex Value="0"/>
        <TopLine Value="950"/>
        <CursorPos X="14" Y="971"/>
        <UsageCount Value="14"/>
      </Unit127>
      <Unit128>
        <Filename Value="../../lazarus/lcl/graphtype.pp"/>
        <UnitName Value="GraphType"/>
        <WindowIndex Value="0"/>
        <TopLine Value="22"/>
        <CursorPos X="14" Y="48"/>
        <UsageCount Value="14"/>
      </Unit128>
      <Unit129>
        <Filename Value="../../lazarus/lcl/actnlist.pas"/>
        <UnitName Value="ActnList"/>
        <WindowIndex Value="0"/>
        <TopLine Value="202"/>
        <CursorPos X="14" Y="224"/>
        <UsageCount Value="0"/>
      </Unit129>
      <Unit130>
        <Filename Value="../../lazarus/lcl/translations.pas"/>
        <UnitName Value="Translations"/>
        <WindowIndex Value="0"/>
        <TopLine Value="129"/>
        <CursorPos X="10" Y="152"/>
        <UsageCount Value="0"/>
      </Unit130>
      <Unit131>
        <Filename Value="E:/freepascal/pp/packages/fcl-base/src/gettext.pp"/>
        <UnitName Value="gettext"/>
        <WindowIndex Value="0"/>
        <TopLine Value="1"/>
        <CursorPos X="13" Y="19"/>
        <UsageCount Value="0"/>
      </Unit131>
      <Unit132>
        <Filename Value="gui/lineweightwnd.pas"/>
        <IsPartOfProject Value="True"/>
        <ComponentName Value="LineWeightSelectWND"/>
        <HasResources Value="True"/>
        <ResourceBaseClass Value="Form"/>
        <UnitName Value="lineweightwnd"/>
        <WindowIndex Value="0"/>
        <TopLine Value="91"/>
        <CursorPos X="86" Y="110"/>
        <UsageCount Value="176"/>
        <DefaultSyntaxHighlighter Value="Delphi"/>
      </Unit132>
      <Unit133>
        <Filename Value="../../lazarus/lcl/include/winapih.inc"/>
        <WindowIndex Value="0"/>
        <TopLine Value="256"/>
        <CursorPos X="10" Y="278"/>
        <UsageCount Value="11"/>
      </Unit133>
      <Unit134>
        <Filename Value="languade/languade.pas"/>
        <UnitName Value="languade"/>
        <WindowIndex Value="0"/>
        <TopLine Value="3"/>
        <CursorPos X="3" Y="26"/>
        <UsageCount Value="6"/>
        <DefaultSyntaxHighlighter Value="Delphi"/>
      </Unit134>
      <Unit135>
        <Filename Value="E:/freepascal/pp/rtl/inc/systemh.inc"/>
        <WindowIndex Value="0"/>
        <TopLine Value="348"/>
        <CursorPos X="3" Y="371"/>
        <UsageCount Value="9"/>
      </Unit135>
      <Unit136>
        <Filename Value="../../lazarus/lcl/include/customlistview.inc"/>
        <WindowIndex Value="0"/>
        <TopLine Value="696"/>
        <CursorPos X="1" Y="718"/>
        <UsageCount Value="16"/>
      </Unit136>
      <Unit137>
        <Filename Value="electroteh/GDBCable.pas"/>
        <UnitName Value="GDBCable"/>
        <WindowIndex Value="0"/>
        <TopLine Value="191"/>
        <CursorPos X="33" Y="210"/>
        <UsageCount Value="12"/>
        <DefaultSyntaxHighlighter Value="Delphi"/>
      </Unit137>
      <Unit138>
        <Filename Value="u/UGDBOpenArrayOfTObjLinkRecord.pas"/>
        <UnitName Value="UGDBOpenArrayOfTObjLinkRecord"/>
        <WindowIndex Value="0"/>
        <TopLine Value="1"/>
        <CursorPos X="1" Y="1"/>
        <UsageCount Value="1"/>
        <DefaultSyntaxHighlighter Value="Delphi"/>
      </Unit138>
      <Unit139>
        <Filename Value="misc/sysinfo.pas"/>
        <UnitName Value="SysInfo"/>
        <WindowIndex Value="0"/>
        <TopLine Value="18"/>
        <CursorPos X="90" Y="53"/>
        <UsageCount Value="50"/>
        <DefaultSyntaxHighlighter Value="Delphi"/>
      </Unit139>
      <Unit140>
        <Filename Value="../../lazarus/lcl/interfaces/win32/win32wscustomlistview.inc"/>
        <WindowIndex Value="0"/>
        <TopLine Value="236"/>
        <CursorPos X="1" Y="259"/>
        <UsageCount Value="11"/>
      </Unit140>
      <Unit141>
        <Filename Value="../../lazarus/lcl/interfaces/win32/win32callback.inc"/>
        <WindowIndex Value="0"/>
        <TopLine Value="1884"/>
        <CursorPos X="1" Y="1918"/>
        <UsageCount Value="11"/>
      </Unit141>
      <Unit142>
        <Filename Value="../../lazarus/lcl/include/canvas.inc"/>
        <WindowIndex Value="0"/>
        <TopLine Value="1188"/>
        <CursorPos X="1" Y="1226"/>
        <UsageCount Value="34"/>
      </Unit142>
      <Unit143>
        <Filename Value="../../lazarus/lcl/include/listitem.inc"/>
        <WindowIndex Value="0"/>
        <TopLine Value="588"/>
        <CursorPos X="1" Y="612"/>
        <UsageCount Value="6"/>
      </Unit143>
      <Unit144>
        <Filename Value="../../lazarus/lcl/include/listcolumns.inc"/>
        <WindowIndex Value="0"/>
        <TopLine Value="57"/>
        <CursorPos X="1" Y="81"/>
        <UsageCount Value="6"/>
      </Unit144>
      <Unit145>
        <Filename Value="../../lazarus/lcl/include/listcolumn.inc"/>
        <WindowIndex Value="0"/>
        <TopLine Value="114"/>
        <CursorPos X="1" Y="146"/>
        <UsageCount Value="6"/>
      </Unit145>
      <Unit146>
        <Filename Value="languade/varmandef.pas"/>
        <UnitName Value="varmandef"/>
        <WindowIndex Value="0"/>
        <TopLine Value="224"/>
        <CursorPos X="1" Y="240"/>
        <UsageCount Value="31"/>
        <DefaultSyntaxHighlighter Value="Delphi"/>
      </Unit146>
      <Unit147>
        <Filename Value="languade/UEnumDescriptor.pas"/>
        <UnitName Value="UEnumDescriptor"/>
        <WindowIndex Value="0"/>
        <TopLine Value="180"/>
        <CursorPos X="77" Y="203"/>
        <UsageCount Value="7"/>
        <DefaultSyntaxHighlighter Value="Delphi"/>
      </Unit147>
      <Unit148>
        <Filename Value="languade/UPointerDescriptor.pas"/>
        <UnitName Value="UPointerDescriptor"/>
        <WindowIndex Value="0"/>
        <TopLine Value="31"/>
        <CursorPos X="91" Y="53"/>
        <UsageCount Value="7"/>
        <DefaultSyntaxHighlighter Value="Delphi"/>
      </Unit148>
      <Unit149>
        <Filename Value="u/UGDBStringArray.pas"/>
        <UnitName Value="UGDBStringArray"/>
        <WindowIndex Value="0"/>
        <TopLine Value="1"/>
        <CursorPos X="1" Y="1"/>
        <UsageCount Value="30"/>
        <DefaultSyntaxHighlighter Value="Delphi"/>
      </Unit149>
      <Unit150>
        <Filename Value="../../lazarus/lcl/include/customform.inc"/>
        <WindowIndex Value="0"/>
        <TopLine Value="729"/>
        <CursorPos X="1" Y="751"/>
        <UsageCount Value="9"/>
      </Unit150>
      <Unit151>
        <Filename Value="../../lazarus/components/opengl/glwin32wglcontext.pas"/>
        <UnitName Value="GLWin32WGLContext"/>
        <WindowIndex Value="0"/>
        <TopLine Value="253"/>
        <CursorPos X="1" Y="276"/>
        <UsageCount Value="14"/>
      </Unit151>
      <Unit152>
        <Filename Value="gdb/GDB3d.pas"/>
        <UnitName Value="GDB3d"/>
        <WindowIndex Value="0"/>
        <TopLine Value="1"/>
        <CursorPos X="1" Y="25"/>
        <UsageCount Value="12"/>
        <DefaultSyntaxHighlighter Value="Delphi"/>
      </Unit152>
      <Unit153>
        <Filename Value="electroteh/GDBNet.pas"/>
        <UnitName Value="GDBNet"/>
        <EditorIndex Value="13"/>
        <WindowIndex Value="0"/>
        <TopLine Value="247"/>
        <CursorPos X="53" Y="270"/>
        <UsageCount Value="11"/>
        <Loaded Value="True"/>
        <DefaultSyntaxHighlighter Value="Delphi"/>
      </Unit153>
    </Units>
    <JumpHistory Count="30" HistoryIndex="29">
      <Position1>
        <Filename Value="gdb/GDBEntity.pas"/>
        <Caret Line="592" Column="1" TopLine="567"/>
      </Position1>
      <Position2>
        <Filename Value="gdb/GDBEntity.pas"/>
        <Caret Line="593" Column="1" TopLine="567"/>
      </Position2>
      <Position3>
        <Filename Value="gdb/GDBEntity.pas"/>
        <Caret Line="722" Column="1" TopLine="699"/>
      </Position3>
      <Position4>
        <Filename Value="gdb/GDBEntity.pas"/>
        <Caret Line="723" Column="1" TopLine="699"/>
      </Position4>
      <Position5>
        <Filename Value="gdb/GDBEntity.pas"/>
        <Caret Line="740" Column="1" TopLine="702"/>
      </Position5>
      <Position6>
        <Filename Value="u/UGDBOpenArrayOfPV.pas"/>
        <Caret Line="374" Column="1" TopLine="346"/>
      </Position6>
      <Position7>
        <Filename Value="u/UGDBOpenArrayOfPV.pas"/>
        <Caret Line="375" Column="1" TopLine="346"/>
      </Position7>
      <Position8>
        <Filename Value="u/UGDBOpenArrayOfPV.pas"/>
        <Caret Line="376" Column="1" TopLine="346"/>
      </Position8>
      <Position9>
        <Filename Value="u/UGDBOpenArrayOfPV.pas"/>
        <Caret Line="377" Column="1" TopLine="346"/>
      </Position9>
      <Position10>
        <Filename Value="gdb/GDBGenericSubEntry.pas"/>
        <Caret Line="499" Column="1" TopLine="478"/>
      </Position10>
      <Position11>
        <Filename Value="u/UGDBOpenArrayOfPV.pas"/>
        <Caret Line="154" Column="1" TopLine="131"/>
      </Position11>
      <Position12>
        <Filename Value="u/UGDBOpenArrayOfPV.pas"/>
        <Caret Line="155" Column="1" TopLine="131"/>
      </Position12>
      <Position13>
        <Filename Value="u/UGDBOpenArrayOfPV.pas"/>
        <Caret Line="157" Column="1" TopLine="131"/>
      </Position13>
      <Position14>
        <Filename Value="u/UGDBOpenArrayOfPV.pas"/>
        <Caret Line="158" Column="1" TopLine="131"/>
      </Position14>
      <Position15>
        <Filename Value="u/UGDBOpenArrayOfPV.pas"/>
        <Caret Line="160" Column="1" TopLine="131"/>
      </Position15>
      <Position16>
        <Filename Value="gdb/GDBGenericSubEntry.pas"/>
        <Caret Line="499" Column="1" TopLine="478"/>
      </Position16>
      <Position17>
        <Filename Value="gdb/GDBGenericSubEntry.pas"/>
        <Caret Line="498" Column="1" TopLine="478"/>
      </Position17>
      <Position18>
        <Filename Value="gdb/GDBLine.pas"/>
        <Caret Line="354" Column="1" TopLine="340"/>
      </Position18>
      <Position19>
        <Filename Value="gdb/GDBLine.pas"/>
        <Caret Line="80" Column="28" TopLine="80"/>
      </Position19>
      <Position20>
        <Filename Value="gdb/GDBLine.pas"/>
        <Caret Line="369" Column="1" TopLine="346"/>
      </Position20>
      <Position21>
        <Filename Value="gdb/GDBEntity.pas"/>
        <Caret Line="714" Column="1" TopLine="702"/>
      </Position21>
      <Position22>
        <Filename Value="gdb/GDBEntity.pas"/>
        <Caret Line="590" Column="1" TopLine="567"/>
      </Position22>
      <Position23>
        <Filename Value="gdb/GDBEntity.pas"/>
        <Caret Line="591" Column="1" TopLine="567"/>
      </Position23>
      <Position24>
        <Filename Value="gdb/GDBEntity.pas"/>
        <Caret Line="592" Column="1" TopLine="567"/>
      </Position24>
      <Position25>
        <Filename Value="gdb/GDBEntity.pas"/>
        <Caret Line="593" Column="1" TopLine="567"/>
      </Position25>
      <Position26>
        <Filename Value="gdb/GDBEntity.pas"/>
        <Caret Line="590" Column="20" TopLine="567"/>
      </Position26>
      <Position27>
        <Filename Value="gdb/GDBEntity.pas"/>
        <Caret Line="138" Column="38" TopLine="118"/>
      </Position27>
      <Position28>
        <Filename Value="gdb/GDBEntity.pas"/>
        <Caret Line="591" Column="40" TopLine="580"/>
      </Position28>
      <Position29>
        <Filename Value="gdb/GDBEntity.pas"/>
        <Caret Line="137" Column="89" TopLine="135"/>
      </Position29>
      <Position30>
        <Filename Value="gdb/GDBEntity.pas"/>
        <Caret Line="592" Column="51" TopLine="579"/>
      </Position30>
    </JumpHistory>
  </ProjectOptions>
  <CompilerOptions>
    <Version Value="11"/>
    <Target>
      <Filename Value="../cad/zcad"/>
    </Target>
    <SearchPaths>
      <IncludeFiles Value="u;gdb;commands;gui;devicebase;languade;electroteh;zgl;$(ProjOutDir);../cad;other;../../pascalscript/Source;fileformats;misc"/>
      <OtherUnitFiles Value="u;gdb;commands;gui;devicebase;languade;lclmod;electroteh;zgl;../cad;other;../../pascalscript/Source;fileformats;misc"/>
      <UnitOutputDirectory Value="dcu"/>
    </SearchPaths>
    <Parsing>
      <Style Value="1"/>
      <SyntaxOptions>
        <SyntaxMode Value="Delphi"/>
        <IncludeAssertionCode Value="True"/>
        <AllowLabel Value="False"/>
        <CPPInline Value="False"/>
        <UseAnsiStrings Value="False"/>
      </SyntaxOptions>
    </Parsing>
    <Other>
      <Verbosity>
        <ShowWarn Value="False"/>
        <ShowNotes Value="False"/>
        <ShowGenInfo Value="False"/>
      </Verbosity>
      <WriteFPCLogo Value="False"/>
      <ConfigFile>
        <StopAfterErrCount Value="5"/>
      </ConfigFile>
      <CompilerMessages>
        <IgnoredMessages idx4055="True" idx5024="True" idx5062="True"/>
        <UseMsgFile Value="True"/>
      </CompilerMessages>
      <CompilerPath Value="$(CompPath)"/>
    </Other>
    <LCLWidgetType Value="win32"/>
  </CompilerOptions>
  <Debugging>
    <BreakPoints Count="1">
      <Item1>
        <Kind Value="bpkSource"/>
        <WatchScope Value="wpsLocal"/>
        <WatchKind Value="wpkWrite"/>
        <Source Value="misc/shared.pas"/>
        <Line Value="139"/>
      </Item1>
    </BreakPoints>
    <Watches Count="4">
      <Item1>
        <Expression Value="ppointer(198740120)^"/>
      </Item1>
      <Item2>
        <Expression Value="supernet.objarray.count"/>
      </Item2>
      <Item3>
        <Expression Value="s"/>
      </Item3>
      <Item4>
        <Expression Value="@p^"/>
      </Item4>
    </Watches>
    <Exceptions Count="2">
      <Item1>
        <Name Value="ECodetoolError"/>
      </Item1>
      <Item2>
        <Name Value="EFOpenError"/>
      </Item2>
    </Exceptions>
  </Debugging>
  <EditorMacros Count="0"/>
</CONFIG>
