<?xml version="1.0"?>
<CONFIG>
  <ProjectOptions>
    <Version Value="9"/>
    <General>
      <Flags>
        <MainUnitHasUsesSectionForAllUnits Value="False"/>
        <MainUnitHasCreateFormStatements Value="False"/>
        <MainUnitHasTitleStatement Value="False"/>
      </Flags>
      <MainUnit Value="0"/>
      <Title Value="zcad"/>
      <UseAppBundle Value="False"/>
      <UseXPManifest Value="True"/>
      <Icon Value="0"/>
      <ActiveWindowIndexAtStart Value="0"/>
    </General>
    <i18n>
      <EnableI18N Value="True"/>
      <OutDir Value="../cad/languades"/>
    </i18n>
    <VersionInfo>
      <UseVersionInfo Value="True"/>
      <AutoIncrementBuild Value="True"/>
      <MinorVersionNr Value="9"/>
      <RevisionNr Value="7"/>
      <BuildNr Value="1717"/>
      <CharSet Value="0000"/>
      <StringTable ProductVersion="0.0.0.8"/>
    </VersionInfo>
    <MacroValues Count="1">
      <Macro1 Name="LCLWidgetType" Value="win32"/>
    </MacroValues>
    <BuildModes Count="4" Active="WIN">
      <Item1 Name="WIN" Default="True"/>
      <Item2 Name="GTK2">
        <MacroValues Count="1">
          <Macro1 Name="LCLWidgetType" Value="gtk2"/>
        </MacroValues>
        <CompilerOptions>
          <Version Value="11"/>
          <Target>
            <Filename Value="../cad/zcad"/>
          </Target>
          <SearchPaths>
            <IncludeFiles Value="u;gdb;commands;gui;devicebase;languade;electroteh;zgl;$(ProjOutDir);../cad;other;fileformats;misc"/>
            <OtherUnitFiles Value="u;gdb;commands;gui;devicebase;languade;lclmod;electroteh;zgl;../cad;other;fileformats;misc"/>
            <UnitOutputDirectory Value="dcu"/>
          </SearchPaths>
          <Parsing>
            <Style Value="1"/>
            <SyntaxOptions>
              <SyntaxMode Value="Delphi"/>
              <IncludeAssertionCode Value="True"/>
              <AllowLabel Value="False"/>
              <CPPInline Value="False"/>
              <UseAnsiStrings Value="False"/>
            </SyntaxOptions>
          </Parsing>
          <CodeGeneration>
            <TargetCPU Value="arm"/>
          </CodeGeneration>
          <Other>
            <Verbosity>
              <ShowWarn Value="False"/>
              <ShowNotes Value="False"/>
              <ShowGenInfo Value="False"/>
            </Verbosity>
            <WriteFPCLogo Value="False"/>
            <ConfigFile>
              <StopAfterErrCount Value="5"/>
            </ConfigFile>
            <CompilerMessages>
              <IgnoredMessages idx4055="True" idx5024="True" idx5062="True"/>
              <UseMsgFile Value="True"/>
            </CompilerMessages>
            <CompilerPath Value="$(CompPath)"/>
          </Other>
          <LCLWidgetType Value="gtk2"/>
        </CompilerOptions>
      </Item2>
      <Item3 Name="qt">
        <MacroValues Count="1">
          <Macro1 Name="LCLWidgetType" Value="qt"/>
        </MacroValues>
        <CompilerOptions>
          <Version Value="11"/>
          <Target>
            <Filename Value="../cad/zcad"/>
          </Target>
          <SearchPaths>
            <IncludeFiles Value="u;gdb;commands;gui;devicebase;languade;electroteh;zgl;$(ProjOutDir);other;../cad"/>
            <OtherUnitFiles Value="u;gdb;commands;gui;devicebase;languade;lclmod;electroteh;zgl;other;../cad"/>
            <UnitOutputDirectory Value="dcu"/>
          </SearchPaths>
          <Parsing>
            <Style Value="1"/>
            <SyntaxOptions>
              <SyntaxMode Value="Delphi"/>
              <IncludeAssertionCode Value="True"/>
              <AllowLabel Value="False"/>
              <CPPInline Value="False"/>
              <UseAnsiStrings Value="False"/>
            </SyntaxOptions>
          </Parsing>
          <Linking>
            <Debugging>
              <DebugInfoType Value="dsStabs"/>
              <UseExternalDbgSyms Value="True"/>
            </Debugging>
          </Linking>
          <Other>
            <Verbosity>
              <ShowNotes Value="False"/>
              <ShowGenInfo Value="False"/>
            </Verbosity>
            <WriteFPCLogo Value="False"/>
            <ConfigFile>
              <StopAfterErrCount Value="5"/>
            </ConfigFile>
            <CompilerMessages>
              <IgnoredMessages idx4055="True" idx5024="True" idx5062="True"/>
              <UseMsgFile Value="True"/>
            </CompilerMessages>
            <CompilerPath Value="$(CompPath)"/>
          </Other>
          <LCLWidgetType Value="qt"/>
        </CompilerOptions>
      </Item3>
      <Item4 Name="Default1">
        <CompilerOptions>
          <Version Value="11"/>
          <Target>
            <Filename Value="../cad/zcad"/>
          </Target>
          <SearchPaths>
            <IncludeFiles Value="u;gdb;commands;gui;devicebase;languade;electroteh;zgl;$(ProjOutDir);other;../cad"/>
            <OtherUnitFiles Value="u;gdb;commands;gui;devicebase;languade;lclmod;electroteh;zgl;other;../cad"/>
            <UnitOutputDirectory Value="dcu"/>
          </SearchPaths>
          <Parsing>
            <Style Value="1"/>
            <SyntaxOptions>
              <SyntaxMode Value="Delphi"/>
              <IncludeAssertionCode Value="True"/>
              <AllowLabel Value="False"/>
              <CPPInline Value="False"/>
              <UseAnsiStrings Value="False"/>
            </SyntaxOptions>
          </Parsing>
          <Linking>
            <Debugging>
              <DebugInfoType Value="dsStabs"/>
              <UseExternalDbgSyms Value="True"/>
            </Debugging>
          </Linking>
          <Other>
            <Verbosity>
              <ShowNotes Value="False"/>
              <ShowGenInfo Value="False"/>
            </Verbosity>
            <WriteFPCLogo Value="False"/>
            <ConfigFile>
              <StopAfterErrCount Value="5"/>
            </ConfigFile>
            <CompilerMessages>
              <IgnoredMessages idx4055="True" idx5024="True" idx5062="True"/>
              <UseMsgFile Value="True"/>
            </CompilerMessages>
            <CompilerPath Value="$(CompPath)"/>
          </Other>
        </CompilerOptions>
      </Item4>
    </BuildModes>
    <PublishOptions>
      <Version Value="2"/>
      <IgnoreBinaries Value="False"/>
      <IncludeFileFilter Value="*.(pas|pp|inc|lfm|lpr|lrs|lpi|lpk|sh|xml)"/>
      <ExcludeFileFilter Value="*.(bak|ppu|ppw|o|so);*~;backup"/>
    </PublishOptions>
    <RunParams>
      <local>
        <FormatVersion Value="1"/>
        <CommandLineParams Value="nosplash updatepo qnll"/>
        <LaunchingApplication PathPlusParams="/usr/X11R6/bin/xterm -T 'Lazarus Run Output' -e $(LazarusDir)/tools/runwait.sh $(TargetCmdLine)"/>
      </local>
    </RunParams>
    <RequiredPackages Count="5">
      <Item1>
        <PackageName Value="fpvectorialpkg"/>
      </Item1>
      <Item2>
        <PackageName Value="Printer4Lazarus"/>
      </Item2>
      <Item3>
        <PackageName Value="AnchorDocking"/>
      </Item3>
      <Item4>
        <PackageName Value="LazOpenGLContext"/>
      </Item4>
      <Item5>
        <PackageName Value="LCL"/>
      </Item5>
    </RequiredPackages>
    <Units Count="142">
      <Unit0>
        <Filename Value="zcad.pas"/>
        <IsPartOfProject Value="True"/>
        <UnitName Value="zcad"/>
        <EditorIndex Value="2"/>
        <WindowIndex Value="0"/>
        <TopLine Value="46"/>
        <CursorPos X="24" Y="64"/>
        <UsageCount Value="201"/>
        <Loaded Value="True"/>
        <DefaultSyntaxHighlighter Value="Delphi"/>
      </Unit0>
      <Unit1>
        <Filename Value="gui/mainwindow.pas"/>
        <IsPartOfProject Value="True"/>
        <UnitName Value="mainwindow"/>
        <EditorIndex Value="1"/>
        <WindowIndex Value="0"/>
        <TopLine Value="5"/>
        <CursorPos X="3" Y="24"/>
        <UsageCount Value="200"/>
        <Loaded Value="True"/>
        <DefaultSyntaxHighlighter Value="Delphi"/>
      </Unit1>
      <Unit2>
        <Filename Value="geometry.pas"/>
        <IsPartOfProject Value="True"/>
        <UnitName Value="geometry"/>
        <WindowIndex Value="0"/>
        <TopLine Value="1"/>
        <CursorPos X="17" Y="160"/>
        <UsageCount Value="200"/>
        <DefaultSyntaxHighlighter Value="Delphi"/>
      </Unit2>
      <Unit3>
        <Filename Value="gdb/GDBText.pas"/>
        <UnitName Value="GDBText"/>
        <WindowIndex Value="0"/>
        <TopLine Value="710"/>
        <CursorPos X="44" Y="722"/>
        <UsageCount Value="47"/>
        <DefaultSyntaxHighlighter Value="Delphi"/>
      </Unit3>
      <Unit4>
        <Filename Value="gdb/GDBAbstractText.pas"/>
        <IsPartOfProject Value="True"/>
        <UnitName Value="GDBAbstractText"/>
        <WindowIndex Value="0"/>
        <TopLine Value="1"/>
        <CursorPos X="18" Y="22"/>
        <UsageCount Value="204"/>
        <DefaultSyntaxHighlighter Value="Delphi"/>
      </Unit4>
      <Unit5>
        <Filename Value="u/UGDBOpenArray.pas"/>
        <UnitName Value="UGDBOpenArray"/>
        <WindowIndex Value="0"/>
        <TopLine Value="1"/>
        <CursorPos X="1" Y="1"/>
        <UsageCount Value="99"/>
        <DefaultSyntaxHighlighter Value="Delphi"/>
      </Unit5>
      <Unit6>
        <Filename Value="languade/UUnitManager.pas"/>
        <IsPartOfProject Value="True"/>
        <UnitName Value="UUnitManager"/>
        <EditorIndex Value="22"/>
        <WindowIndex Value="0"/>
        <TopLine Value="395"/>
        <CursorPos X="1" Y="412"/>
        <UsageCount Value="201"/>
        <Loaded Value="True"/>
        <DefaultSyntaxHighlighter Value="Delphi"/>
      </Unit6>
      <Unit7>
        <Filename Value="languade/varman.pas"/>
        <IsPartOfProject Value="True"/>
        <UnitName Value="Varman"/>
        <EditorIndex Value="12"/>
        <WindowIndex Value="0"/>
        <TopLine Value="619"/>
        <CursorPos X="1" Y="636"/>
        <UsageCount Value="200"/>
        <Loaded Value="True"/>
        <DefaultSyntaxHighlighter Value="Delphi"/>
      </Unit7>
      <Unit8>
        <Filename Value="u/UGDBOpenArrayOfByte.pas"/>
        <UnitName Value="UGDBOpenArrayOfByte"/>
        <WindowIndex Value="0"/>
        <TopLine Value="8"/>
        <CursorPos X="41" Y="22"/>
        <UsageCount Value="28"/>
        <DefaultSyntaxHighlighter Value="Delphi"/>
      </Unit8>
      <Unit9>
        <Filename Value="languade/UBaseTypeDescriptor.pas"/>
        <IsPartOfProject Value="True"/>
        <UnitName Value="UBaseTypeDescriptor"/>
        <WindowIndex Value="0"/>
        <TopLine Value="506"/>
        <CursorPos X="1" Y="529"/>
        <UsageCount Value="200"/>
        <DefaultSyntaxHighlighter Value="Delphi"/>
      </Unit9>
      <Unit10>
        <Filename Value="devicebase/DeviceBase.pas"/>
        <IsPartOfProject Value="True"/>
        <UnitName Value="DeviceBase"/>
        <WindowIndex Value="0"/>
        <TopLine Value="1"/>
        <CursorPos X="92" Y="4"/>
        <UsageCount Value="201"/>
        <DefaultSyntaxHighlighter Value="Delphi"/>
      </Unit10>
      <Unit11>
        <Filename Value="gui/oglwindow.pas"/>
        <IsPartOfProject Value="True"/>
        <UnitName Value="oglwindow"/>
        <IsVisibleTab Value="True"/>
        <EditorIndex Value="14"/>
        <WindowIndex Value="0"/>
        <TopLine Value="1906"/>
        <CursorPos X="1" Y="1922"/>
        <UsageCount Value="202"/>
        <Loaded Value="True"/>
        <DefaultSyntaxHighlighter Value="Delphi"/>
      </Unit11>
      <Unit12>
        <Filename Value="gui/objinsp.pas"/>
        <UnitName Value="Objinsp"/>
        <WindowIndex Value="0"/>
        <TopLine Value="1186"/>
        <CursorPos X="1" Y="1216"/>
        <UsageCount Value="93"/>
        <DefaultSyntaxHighlighter Value="Delphi"/>
      </Unit12>
      <Unit13>
        <Filename Value="languade/URecordDescriptor.pas"/>
        <IsPartOfProject Value="True"/>
        <UnitName Value="URecordDescriptor"/>
        <WindowIndex Value="0"/>
        <TopLine Value="57"/>
        <CursorPos X="65" Y="73"/>
        <UsageCount Value="200"/>
        <DefaultSyntaxHighlighter Value="Delphi"/>
      </Unit13>
      <Unit14>
        <Filename Value="gdbase.pas"/>
        <UnitName Value="gdbase"/>
        <WindowIndex Value="0"/>
        <TopLine Value="11"/>
        <CursorPos X="15" Y="34"/>
        <UsageCount Value="4"/>
        <DefaultSyntaxHighlighter Value="Delphi"/>
      </Unit14>
      <Unit15>
        <Filename Value="log.pas"/>
        <UnitName Value="log"/>
        <WindowIndex Value="0"/>
        <TopLine Value="1"/>
        <CursorPos X="1" Y="199"/>
        <UsageCount Value="3"/>
        <DefaultSyntaxHighlighter Value="Delphi"/>
      </Unit15>
      <Unit16>
        <Filename Value="u/ugdbopenarrayofucommands.pas"/>
        <UnitName Value="UGDBOpenArrayOfUCommands"/>
        <WindowIndex Value="0"/>
        <TopLine Value="1"/>
        <CursorPos X="1" Y="18"/>
        <UsageCount Value="31"/>
        <DefaultSyntaxHighlighter Value="Delphi"/>
      </Unit16>
      <Unit17>
        <Filename Value="commands/gdbcommandsinterface.pas"/>
        <UnitName Value="gdbcommandsinterface"/>
        <EditorIndex Value="10"/>
        <WindowIndex Value="0"/>
        <TopLine Value="103"/>
        <CursorPos X="136" Y="24"/>
        <UsageCount Value="103"/>
        <Loaded Value="True"/>
        <DefaultSyntaxHighlighter Value="Delphi"/>
      </Unit17>
      <Unit18>
        <Filename Value="u/UGDBVisibleTreeArray.pas"/>
        <UnitName Value="UGDBVisibleTreeArray"/>
        <WindowIndex Value="0"/>
        <TopLine Value="1"/>
        <CursorPos X="59" Y="22"/>
        <UsageCount Value="88"/>
        <DefaultSyntaxHighlighter Value="Delphi"/>
      </Unit18>
      <Unit19>
        <Filename Value="gdb/GDBLine.pas"/>
        <UnitName Value="GDBLine"/>
        <WindowIndex Value="0"/>
        <TopLine Value="1"/>
        <CursorPos X="18" Y="23"/>
        <UsageCount Value="98"/>
        <DefaultSyntaxHighlighter Value="Delphi"/>
      </Unit19>
      <Unit20>
        <Filename Value="commands/GDBCommandsBaseDraw.pas"/>
        <UnitName Value="GDBCommandsBaseDraw"/>
        <WindowIndex Value="0"/>
        <TopLine Value="17"/>
        <CursorPos X="27" Y="26"/>
        <UsageCount Value="28"/>
        <DefaultSyntaxHighlighter Value="Delphi"/>
      </Unit20>
      <Unit21>
        <Filename Value="languade/UObjectDescriptor.pas"/>
        <IsPartOfProject Value="True"/>
        <UnitName Value="UObjectDescriptor"/>
        <EditorIndex Value="21"/>
        <WindowIndex Value="0"/>
        <TopLine Value="483"/>
        <CursorPos X="1" Y="500"/>
        <UsageCount Value="201"/>
        <Loaded Value="True"/>
        <DefaultSyntaxHighlighter Value="Delphi"/>
      </Unit21>
      <Unit22>
        <Filename Value="sysinfo.pas"/>
        <IsPartOfProject Value="True"/>
        <UnitName Value="SysInfo"/>
        <WindowIndex Value="0"/>
        <TopLine Value="19"/>
        <CursorPos X="35" Y="63"/>
        <UsageCount Value="202"/>
        <DefaultSyntaxHighlighter Value="Delphi"/>
      </Unit22>
      <Unit23>
        <Filename Value="gui/splashwnd.pas"/>
        <UnitName Value="splashwnd"/>
        <WindowIndex Value="0"/>
        <TopLine Value="10"/>
        <CursorPos X="7" Y="23"/>
        <UsageCount Value="34"/>
        <DefaultSyntaxHighlighter Value="Delphi"/>
      </Unit23>
      <Unit24>
        <Filename Value="gui/intftranslations.pas"/>
        <UnitName Value="intftranslations"/>
        <WindowIndex Value="0"/>
        <TopLine Value="166"/>
        <CursorPos X="103" Y="178"/>
        <UsageCount Value="9"/>
        <DefaultSyntaxHighlighter Value="Delphi"/>
      </Unit24>
      <Unit25>
        <Filename Value="languade/zcadsysvars.pas"/>
        <UnitName Value="zcadsysvars"/>
        <EditorIndex Value="19"/>
        <WindowIndex Value="0"/>
        <TopLine Value="1"/>
        <CursorPos X="17" Y="19"/>
        <UsageCount Value="101"/>
        <Loaded Value="True"/>
        <DefaultSyntaxHighlighter Value="Delphi"/>
      </Unit25>
      <Unit26>
        <Filename Value="gdb/GDBEntity.pas"/>
        <IsPartOfProject Value="True"/>
        <UnitName Value="GDBEntity"/>
        <WindowIndex Value="0"/>
        <TopLine Value="4"/>
        <CursorPos X="15" Y="19"/>
        <UsageCount Value="200"/>
        <DefaultSyntaxHighlighter Value="Delphi"/>
      </Unit26>
      <Unit27>
        <Filename Value="commands/commanddefinternal.pas"/>
        <UnitName Value="commanddefinternal"/>
        <WindowIndex Value="0"/>
        <TopLine Value="193"/>
        <CursorPos X="1" Y="216"/>
        <UsageCount Value="102"/>
        <DefaultSyntaxHighlighter Value="Delphi"/>
      </Unit27>
      <Unit28>
        <Filename Value="gdb/UGDBEntTree.pas"/>
        <UnitName Value="UGDBEntTree"/>
        <WindowIndex Value="0"/>
        <TopLine Value="336"/>
        <CursorPos X="1" Y="359"/>
        <UsageCount Value="94"/>
        <DefaultSyntaxHighlighter Value="Delphi"/>
      </Unit28>
      <Unit29>
        <Filename Value="gui/cmdline.pas"/>
        <IsPartOfProject Value="True"/>
        <UnitName Value="cmdline"/>
        <WindowIndex Value="0"/>
        <TopLine Value="1"/>
        <CursorPos X="14" Y="23"/>
        <UsageCount Value="200"/>
        <DefaultSyntaxHighlighter Value="Delphi"/>
      </Unit29>
      <Unit30>
        <Filename Value="gui/aboutwnd.pas"/>
        <IsPartOfProject Value="True"/>
        <UnitName Value="aboutwnd"/>
        <WindowIndex Value="0"/>
        <TopLine Value="18"/>
        <CursorPos X="14" Y="41"/>
        <UsageCount Value="200"/>
        <DefaultSyntaxHighlighter Value="Delphi"/>
      </Unit30>
      <Unit31>
        <Filename Value="lclmod/umytreenode.pas"/>
        <UnitName Value="umytreenode"/>
        <WindowIndex Value="0"/>
        <TopLine Value="1"/>
        <CursorPos X="48" Y="25"/>
        <UsageCount Value="49"/>
        <DefaultSyntaxHighlighter Value="Delphi"/>
      </Unit31>
      <Unit32>
        <Filename Value="commands/commandline.pas"/>
        <IsPartOfProject Value="True"/>
        <UnitName Value="commandline"/>
        <WindowIndex Value="0"/>
        <TopLine Value="422"/>
        <CursorPos X="1" Y="442"/>
        <UsageCount Value="201"/>
        <DefaultSyntaxHighlighter Value="Delphi"/>
      </Unit32>
      <Unit33>
        <Filename Value="../../lazarus/lcl/forms.pp"/>
        <UnitName Value="Forms"/>
        <WindowIndex Value="0"/>
        <TopLine Value="1784"/>
        <CursorPos X="1" Y="1817"/>
        <UsageCount Value="29"/>
      </Unit33>
      <Unit34>
        <Filename Value="printerspecfunc.pas"/>
        <UnitName Value="printerspecfunc"/>
        <WindowIndex Value="0"/>
        <TopLine Value="144"/>
        <CursorPos X="9" Y="158"/>
        <UsageCount Value="6"/>
        <DefaultSyntaxHighlighter Value="Delphi"/>
      </Unit34>
      <Unit35>
        <Filename Value="WindowsSpecific.pas"/>
        <IsPartOfProject Value="True"/>
        <UnitName Value="WindowsSpecific"/>
        <WindowIndex Value="0"/>
        <TopLine Value="178"/>
        <CursorPos X="34" Y="201"/>
        <UsageCount Value="218"/>
        <DefaultSyntaxHighlighter Value="Delphi"/>
      </Unit35>
      <Unit36>
        <Filename Value="u/UGDBSelectedObjArray.pas"/>
        <UnitName Value="UGDBSelectedObjArray"/>
        <EditorIndex Value="13"/>
        <WindowIndex Value="0"/>
        <TopLine Value="178"/>
        <CursorPos X="1" Y="201"/>
        <UsageCount Value="72"/>
        <Loaded Value="True"/>
        <DefaultSyntaxHighlighter Value="Delphi"/>
      </Unit36>
      <Unit37>
        <Filename Value="gdb/GDBGenericSubEntry.pas"/>
        <UnitName Value="GDBGenericSubEntry"/>
        <WindowIndex Value="0"/>
        <TopLine Value="1"/>
        <CursorPos X="18" Y="23"/>
        <UsageCount Value="58"/>
        <DefaultSyntaxHighlighter Value="Delphi"/>
      </Unit37>
      <Unit38>
        <Filename Value="gdb/GDBRoot.pas"/>
        <UnitName Value="GDBRoot"/>
        <WindowIndex Value="0"/>
        <TopLine Value="59"/>
        <CursorPos X="1" Y="82"/>
        <UsageCount Value="54"/>
        <DefaultSyntaxHighlighter Value="Delphi"/>
      </Unit38>
      <Unit39>
        <Filename Value="../../lazarus/components/opengl/openglcontext.pas"/>
        <UnitName Value="OpenGLContext"/>
        <WindowIndex Value="0"/>
        <TopLine Value="162"/>
        <CursorPos X="14" Y="185"/>
        <UsageCount Value="31"/>
      </Unit39>
      <Unit40>
        <Filename Value="shared.pas"/>
        <IsPartOfProject Value="True"/>
        <UnitName Value="shared"/>
        <WindowIndex Value="0"/>
        <TopLine Value="17"/>
        <CursorPos X="21" Y="29"/>
        <UsageCount Value="200"/>
        <DefaultSyntaxHighlighter Value="Delphi"/>
      </Unit40>
      <Unit41>
        <Filename Value="gdb/UGDBDescriptor.pas"/>
        <IsPartOfProject Value="True"/>
        <UnitName Value="UGDBDescriptor"/>
        <EditorIndex Value="4"/>
        <WindowIndex Value="0"/>
        <TopLine Value="76"/>
        <CursorPos X="21" Y="99"/>
        <UsageCount Value="200"/>
        <Loaded Value="True"/>
        <DefaultSyntaxHighlighter Value="Delphi"/>
      </Unit41>
      <Unit42>
        <Filename Value="electroteh/GDBCommandsElectrical.pas"/>
        <UnitName Value="GDBCommandsElectrical"/>
        <EditorIndex Value="20"/>
        <WindowIndex Value="0"/>
        <TopLine Value="100"/>
        <CursorPos X="72" Y="117"/>
        <UsageCount Value="100"/>
        <Loaded Value="True"/>
        <DefaultSyntaxHighlighter Value="Delphi"/>
      </Unit42>
      <Unit43>
        <Filename Value="gdb/GDBSubordinated.pas"/>
        <UnitName Value="GDBSubordinated"/>
        <EditorIndex Value="8"/>
        <WindowIndex Value="0"/>
        <TopLine Value="1"/>
        <CursorPos X="1" Y="1"/>
        <UsageCount Value="11"/>
        <Loaded Value="True"/>
        <DefaultSyntaxHighlighter Value="Delphi"/>
      </Unit43>
      <Unit44>
        <Filename Value="u/UGDBOpenArrayOfPObjects.pas"/>
        <UnitName Value="UGDBOpenArrayOfPObjects"/>
        <WindowIndex Value="0"/>
        <TopLine Value="44"/>
        <CursorPos X="1" Y="67"/>
        <UsageCount Value="92"/>
        <DefaultSyntaxHighlighter Value="Delphi"/>
      </Unit44>
      <Unit45>
        <Filename Value="electroteh/GDBElLeader.pas"/>
        <UnitName Value="GDBElLeader"/>
        <WindowIndex Value="0"/>
        <TopLine Value="2"/>
        <CursorPos X="18" Y="11"/>
        <UsageCount Value="100"/>
        <DefaultSyntaxHighlighter Value="Delphi"/>
      </Unit45>
      <Unit46>
        <Filename Value="../../lazarus/lcl/include/control.inc"/>
        <WindowIndex Value="0"/>
        <TopLine Value="4014"/>
        <CursorPos X="1" Y="4037"/>
        <UsageCount Value="41"/>
      </Unit46>
      <Unit47>
        <Filename Value="electroteh/GDBCommandsOPS.pas"/>
        <IsPartOfProject Value="True"/>
        <UnitName Value="GDBCommandsOPS"/>
        <WindowIndex Value="0"/>
        <TopLine Value="1"/>
        <CursorPos X="15" Y="13"/>
        <UsageCount Value="204"/>
        <DefaultSyntaxHighlighter Value="Delphi"/>
      </Unit47>
      <Unit48>
        <Filename Value="u/UGDBOpenArrayOfPointer.pas"/>
        <UnitName Value="UGDBOpenArrayOfPointer"/>
        <WindowIndex Value="0"/>
        <TopLine Value="8"/>
        <CursorPos X="27" Y="22"/>
        <UsageCount Value="88"/>
        <DefaultSyntaxHighlighter Value="Delphi"/>
      </Unit48>
      <Unit49>
        <Filename Value="gui/layerwnd.pas"/>
        <IsPartOfProject Value="True"/>
        <ComponentName Value="LayerWindow"/>
        <HasResources Value="True"/>
        <ResourceBaseClass Value="Form"/>
        <UnitName Value="layerwnd"/>
        <WindowIndex Value="0"/>
        <TopLine Value="61"/>
        <CursorPos X="1" Y="62"/>
        <UsageCount Value="201"/>
        <DefaultSyntaxHighlighter Value="Delphi"/>
      </Unit49>
      <Unit50>
        <Filename Value="gdbobjectsconstdef.pas"/>
        <UnitName Value="gdbobjectsconstdef"/>
        <WindowIndex Value="0"/>
        <TopLine Value="1"/>
        <CursorPos X="1" Y="164"/>
        <UsageCount Value="1"/>
        <DefaultSyntaxHighlighter Value="Delphi"/>
      </Unit50>
      <Unit51>
        <Filename Value="u/TGMultiObjectChangeCommandIMPL.inc"/>
        <IsPartOfProject Value="True"/>
        <WindowIndex Value="0"/>
        <TopLine Value="1"/>
        <CursorPos X="2" Y="27"/>
        <UsageCount Value="200"/>
        <DefaultSyntaxHighlighter Value="Delphi"/>
      </Unit51>
      <Unit52>
        <Filename Value="u/TGMultiObjectCreateCommand.inc"/>
        <IsPartOfProject Value="True"/>
        <WindowIndex Value="0"/>
        <TopLine Value="1"/>
        <CursorPos X="42" Y="3"/>
        <UsageCount Value="200"/>
        <DefaultSyntaxHighlighter Value="Delphi"/>
      </Unit52>
      <Unit53>
        <Filename Value="u/UGDBOpenArrayOfPV.pas"/>
        <UnitName Value="UGDBOpenArrayOfPV"/>
        <WindowIndex Value="0"/>
        <TopLine Value="8"/>
        <CursorPos X="51" Y="31"/>
        <UsageCount Value="91"/>
        <DefaultSyntaxHighlighter Value="Delphi"/>
      </Unit53>
      <Unit54>
        <Filename Value="gdb/GDBBlockInsert.pas"/>
        <UnitName Value="GDBBlockInsert"/>
        <WindowIndex Value="0"/>
        <TopLine Value="325"/>
        <CursorPos X="38" Y="340"/>
        <UsageCount Value="91"/>
        <DefaultSyntaxHighlighter Value="Delphi"/>
      </Unit54>
      <Unit55>
        <Filename Value="iodxf.pas"/>
        <UnitName Value="iodxf"/>
        <WindowIndex Value="0"/>
        <TopLine Value="1190"/>
        <CursorPos X="63" Y="1214"/>
        <UsageCount Value="10"/>
        <DefaultSyntaxHighlighter Value="Delphi"/>
      </Unit55>
      <Unit56>
        <Filename Value="gdb/GDBComplex.pas"/>
        <UnitName Value="GDBComplex"/>
        <WindowIndex Value="0"/>
        <TopLine Value="1"/>
        <CursorPos X="18" Y="23"/>
        <UsageCount Value="88"/>
        <DefaultSyntaxHighlighter Value="Delphi"/>
      </Unit56>
      <Unit57>
        <Filename Value="gdb/GDBWithLocalCS.pas"/>
        <UnitName Value="GDBWithLocalCS"/>
        <EditorIndex Value="5"/>
        <WindowIndex Value="0"/>
        <TopLine Value="1"/>
        <CursorPos X="1" Y="1"/>
        <UsageCount Value="102"/>
        <Loaded Value="True"/>
        <DefaultSyntaxHighlighter Value="Delphi"/>
      </Unit57>
      <Unit58>
        <Filename Value="gdb/GDBDevice.pas"/>
        <UnitName Value="GDBDevice"/>
        <WindowIndex Value="0"/>
        <TopLine Value="1"/>
        <CursorPos X="18" Y="23"/>
        <UsageCount Value="64"/>
        <DefaultSyntaxHighlighter Value="Delphi"/>
      </Unit58>
      <Unit59>
        <Filename Value="u/UGDBVisibleOpenArray.pas"/>
        <UnitName Value="UGDBVisibleOpenArray"/>
        <WindowIndex Value="0"/>
        <TopLine Value="52"/>
        <CursorPos X="1" Y="77"/>
        <UsageCount Value="90"/>
        <DefaultSyntaxHighlighter Value="Delphi"/>
      </Unit59>
      <Unit60>
        <Filename Value="gdb/GDBPlain.pas"/>
        <UnitName Value="GDBPlain"/>
        <WindowIndex Value="0"/>
        <TopLine Value="1"/>
        <CursorPos X="26" Y="25"/>
        <UsageCount Value="14"/>
        <DefaultSyntaxHighlighter Value="Delphi"/>
      </Unit60>
      <Unit61>
        <Filename Value="gdb/GDBCircle.pas"/>
        <UnitName Value="GDBCircle"/>
        <WindowIndex Value="0"/>
        <TopLine Value="1"/>
        <CursorPos X="18" Y="22"/>
        <UsageCount Value="88"/>
        <DefaultSyntaxHighlighter Value="Delphi"/>
      </Unit61>
      <Unit62>
        <Filename Value="electroteh/GDBNet.pas"/>
        <UnitName Value="GDBNet"/>
        <EditorIndex Value="15"/>
        <WindowIndex Value="0"/>
        <TopLine Value="100"/>
        <CursorPos X="1" Y="123"/>
        <UsageCount Value="37"/>
        <Loaded Value="True"/>
        <DefaultSyntaxHighlighter Value="Delphi"/>
      </Unit62>
      <Unit63>
        <Filename Value="gui/sltexteditor.pas"/>
        <IsPartOfProject Value="True"/>
        <ComponentName Value="sltexteditor1"/>
        <HasResources Value="True"/>
        <ResourceBaseClass Value="Form"/>
        <UnitName Value="sltexteditor"/>
        <WindowIndex Value="0"/>
        <TopLine Value="6"/>
        <CursorPos X="34" Y="45"/>
        <UsageCount Value="201"/>
        <DefaultSyntaxHighlighter Value="Delphi"/>
      </Unit63>
      <Unit64>
        <Filename Value="gdb/GDBWithMatrix.pas"/>
        <UnitName Value="GDBWithMatrix"/>
        <EditorIndex Value="6"/>
        <WindowIndex Value="0"/>
        <TopLine Value="1"/>
        <CursorPos X="1" Y="1"/>
        <UsageCount Value="64"/>
        <Loaded Value="True"/>
        <DefaultSyntaxHighlighter Value="Delphi"/>
      </Unit64>
      <Unit65>
        <Filename Value="gdb/GDBPoint.pas"/>
        <UnitName Value="GDBPoint"/>
        <WindowIndex Value="0"/>
        <TopLine Value="1"/>
        <CursorPos X="18" Y="23"/>
        <UsageCount Value="11"/>
        <DefaultSyntaxHighlighter Value="Delphi"/>
      </Unit65>
      <Unit66>
        <Filename Value="gdb/GDBBlockDef.pas"/>
        <UnitName Value="GDBBlockDef"/>
        <WindowIndex Value="0"/>
        <TopLine Value="43"/>
        <CursorPos X="1" Y="63"/>
        <UsageCount Value="11"/>
        <DefaultSyntaxHighlighter Value="Delphi"/>
      </Unit66>
      <Unit67>
        <Filename Value="../../lazarus/lcl/translations.pas"/>
        <UnitName Value="Translations"/>
        <WindowIndex Value="0"/>
        <TopLine Value="95"/>
        <CursorPos X="26" Y="118"/>
        <UsageCount Value="1"/>
      </Unit67>
      <Unit68>
        <Filename Value="commands/GDBCommandsDraw.pas"/>
        <UnitName Value="GDBCommandsDraw"/>
        <WindowIndex Value="0"/>
        <TopLine Value="18"/>
        <CursorPos X="27" Y="26"/>
        <UsageCount Value="103"/>
        <DefaultSyntaxHighlighter Value="Delphi"/>
      </Unit68>
      <Unit69>
        <Filename Value="def.inc"/>
        <WindowIndex Value="0"/>
        <TopLine Value="1"/>
        <CursorPos X="1" Y="1"/>
        <UsageCount Value="88"/>
        <DefaultSyntaxHighlighter Value="Delphi"/>
      </Unit69>
      <Unit70>
        <Filename Value="zcadstrconsts.pas"/>
        <IsPartOfProject Value="True"/>
        <UnitName Value="zcadstrconsts"/>
        <WindowIndex Value="0"/>
        <TopLine Value="1"/>
        <CursorPos X="19" Y="19"/>
        <UsageCount Value="202"/>
        <DefaultSyntaxHighlighter Value="Delphi"/>
      </Unit70>
      <Unit71>
        <Filename Value="../../lazarus/lcl/include/application.inc"/>
        <WindowIndex Value="0"/>
        <TopLine Value="2152"/>
        <CursorPos X="1" Y="2163"/>
        <UsageCount Value="43"/>
      </Unit71>
      <Unit72>
        <Filename Value="gdb/gdbase.pas"/>
        <UnitName Value="gdbase"/>
        <WindowIndex Value="0"/>
        <TopLine Value="254"/>
        <CursorPos X="52" Y="279"/>
        <UsageCount Value="31"/>
        <DefaultSyntaxHighlighter Value="Delphi"/>
      </Unit72>
      <Unit73>
        <Filename Value="fileformats/iodxf.pas"/>
        <UnitName Value="iodxf"/>
        <EditorIndex Value="9"/>
        <WindowIndex Value="0"/>
        <TopLine Value="641"/>
        <CursorPos X="62" Y="662"/>
        <UsageCount Value="98"/>
        <Loaded Value="True"/>
        <DefaultSyntaxHighlighter Value="Delphi"/>
      </Unit73>
      <Unit74>
        <Filename Value="misc/geometry.pas"/>
        <UnitName Value="geometry"/>
        <WindowIndex Value="0"/>
        <TopLine Value="1338"/>
        <CursorPos X="1" Y="1350"/>
        <UsageCount Value="20"/>
        <DefaultSyntaxHighlighter Value="Delphi"/>
      </Unit74>
      <Unit75>
        <Filename Value="fileformats/dxflow.pas"/>
        <UnitName Value="dxflow"/>
        <WindowIndex Value="0"/>
        <TopLine Value="131"/>
        <CursorPos X="1" Y="153"/>
        <UsageCount Value="8"/>
        <DefaultSyntaxHighlighter Value="Delphi"/>
      </Unit75>
      <Unit76>
        <Filename Value="gdb/gdbobjectsconstdef.pas"/>
        <UnitName Value="gdbobjectsconstdef"/>
        <WindowIndex Value="0"/>
        <TopLine Value="16"/>
        <CursorPos X="24" Y="19"/>
        <UsageCount Value="21"/>
        <DefaultSyntaxHighlighter Value="Delphi"/>
      </Unit76>
      <Unit77>
        <Filename Value="misc/plugins.pas"/>
        <UnitName Value="plugins"/>
        <WindowIndex Value="0"/>
        <TopLine Value="1"/>
        <CursorPos X="1" Y="1"/>
        <UsageCount Value="65"/>
        <DefaultSyntaxHighlighter Value="Delphi"/>
      </Unit77>
      <Unit78>
        <Filename Value="gui/zcadstrconsts.pas"/>
        <UnitName Value="zcadstrconsts"/>
        <WindowIndex Value="0"/>
        <TopLine Value="114"/>
        <CursorPos X="1" Y="1"/>
        <UsageCount Value="90"/>
        <DefaultSyntaxHighlighter Value="Delphi"/>
      </Unit78>
      <Unit79>
        <Filename Value="../../ppsrc/rtl/objpas/classes/classesh.inc"/>
        <WindowIndex Value="0"/>
        <TopLine Value="177"/>
        <CursorPos X="3" Y="188"/>
        <UsageCount Value="90"/>
      </Unit79>
      <Unit80>
        <Filename Value="misc/WindowsSpecific.pas"/>
        <UnitName Value="WindowsSpecific"/>
        <WindowIndex Value="0"/>
        <TopLine Value="54"/>
        <CursorPos X="1" Y="64"/>
        <UsageCount Value="89"/>
        <DefaultSyntaxHighlighter Value="Delphi"/>
      </Unit80>
      <Unit81>
        <Filename Value="misc/OGLSpecFunc.pas"/>
        <UnitName Value="OGLSpecFunc"/>
        <EditorIndex Value="16"/>
        <WindowIndex Value="0"/>
        <TopLine Value="266"/>
        <CursorPos X="4" Y="285"/>
        <UsageCount Value="12"/>
        <Loaded Value="True"/>
        <DefaultSyntaxHighlighter Value="Delphi"/>
      </Unit81>
      <Unit82>
        <Filename Value="gdb/GDBArc.pas"/>
        <UnitName Value="GDBArc"/>
        <WindowIndex Value="0"/>
        <TopLine Value="1"/>
        <CursorPos X="18" Y="21"/>
        <UsageCount Value="11"/>
        <DefaultSyntaxHighlighter Value="Delphi"/>
      </Unit82>
      <Unit83>
        <Filename Value="u/UGDBPoint3DArray.pas"/>
        <UnitName Value="UGDBPoint3DArray"/>
        <WindowIndex Value="0"/>
        <TopLine Value="40"/>
        <CursorPos X="3" Y="44"/>
        <UsageCount Value="15"/>
        <DefaultSyntaxHighlighter Value="Delphi"/>
      </Unit83>
      <Unit84>
        <Filename Value="../../ppsrc/packages/opengl/src/gl.pp"/>
        <UnitName Value="GL"/>
        <WindowIndex Value="0"/>
        <TopLine Value="809"/>
        <CursorPos X="3" Y="832"/>
        <UsageCount Value="25"/>
      </Unit84>
      <Unit85>
        <Filename Value="gdb/GDBManager.pas"/>
        <UnitName Value="GDBManager"/>
        <WindowIndex Value="0"/>
        <TopLine Value="4"/>
        <CursorPos X="18" Y="24"/>
        <UsageCount Value="99"/>
        <DefaultSyntaxHighlighter Value="Delphi"/>
      </Unit85>
      <Unit86>
        <Filename Value="../../lazarus/lcl/customtimer.pas"/>
        <UnitName Value="CustomTimer"/>
        <WindowIndex Value="0"/>
        <TopLine Value="95"/>
        <CursorPos X="1" Y="109"/>
        <UsageCount Value="9"/>
      </Unit86>
      <Unit87>
        <Filename Value="misc/memman.pas"/>
        <UnitName Value="memman"/>
        <WindowIndex Value="0"/>
        <TopLine Value="47"/>
        <CursorPos X="1" Y="70"/>
        <UsageCount Value="89"/>
        <DefaultSyntaxHighlighter Value="Delphi"/>
      </Unit87>
      <Unit88>
        <Filename Value="u/UGDBStringArray.pas"/>
        <UnitName Value="UGDBStringArray"/>
        <WindowIndex Value="0"/>
        <TopLine Value="206"/>
        <CursorPos X="1" Y="238"/>
        <UsageCount Value="25"/>
        <DefaultSyntaxHighlighter Value="Delphi"/>
      </Unit88>
      <Unit89>
        <Filename Value="../../ppsrc/rtl/inc/systemh.inc"/>
        <WindowIndex Value="0"/>
        <TopLine Value="67"/>
        <CursorPos X="3" Y="90"/>
        <UsageCount Value="38"/>
      </Unit89>
      <Unit90>
        <Filename Value="misc/shared.pas"/>
        <UnitName Value="shared"/>
        <WindowIndex Value="0"/>
        <TopLine Value="13"/>
        <CursorPos X="10" Y="56"/>
        <UsageCount Value="32"/>
        <DefaultSyntaxHighlighter Value="Delphi"/>
      </Unit90>
      <Unit91>
        <Filename Value="languade/gdbasetypes.pas"/>
        <UnitName Value="gdbasetypes"/>
        <WindowIndex Value="0"/>
        <TopLine Value="29"/>
        <CursorPos X="15" Y="58"/>
        <UsageCount Value="8"/>
        <DefaultSyntaxHighlighter Value="Delphi"/>
      </Unit91>
      <Unit92>
        <Filename Value="../../lazarus/components/fpvectorial/fpvectorial.pas"/>
        <UnitName Value="fpvectorial"/>
        <WindowIndex Value="0"/>
        <TopLine Value="2432"/>
        <CursorPos X="1" Y="2470"/>
        <UsageCount Value="90"/>
      </Unit92>
      <Unit93>
        <Filename Value="../../lazarus/components/fpvectorial/dxfvectorialreader.pas"/>
        <UnitName Value="dxfvectorialreader"/>
        <WindowIndex Value="0"/>
        <TopLine Value="1"/>
        <CursorPos X="1" Y="1"/>
        <UsageCount Value="88"/>
      </Unit93>
      <Unit94>
        <Filename Value="../../lazarus/components/fpvectorial/pdfvectorialreader.pas"/>
        <UnitName Value="pdfvectorialreader"/>
        <WindowIndex Value="0"/>
        <TopLine Value="1"/>
        <CursorPos X="1" Y="1"/>
        <UsageCount Value="88"/>
      </Unit94>
      <Unit95>
        <Filename Value="../../lazarus/components/fpvectorial/epsvectorialreader.pas"/>
        <UnitName Value="epsvectorialreader"/>
        <WindowIndex Value="0"/>
        <TopLine Value="1"/>
        <CursorPos X="24" Y="13"/>
        <UsageCount Value="88"/>
      </Unit95>
      <Unit96>
        <Filename Value="fileformats/iodwg.pas"/>
        <UnitName Value="iodwg"/>
        <EditorIndex Value="18"/>
        <WindowIndex Value="0"/>
        <TopLine Value="911"/>
        <CursorPos X="16" Y="930"/>
        <UsageCount Value="97"/>
        <Loaded Value="True"/>
        <DefaultSyntaxHighlighter Value="Delphi"/>
      </Unit96>
      <Unit97>
        <Filename Value="../../ppsrc/rtl/objpas/sysutils/sysstrh.inc"/>
        <WindowIndex Value="0"/>
        <TopLine Value="107"/>
        <CursorPos X="10" Y="130"/>
        <UsageCount Value="84"/>
      </Unit97>
      <Unit98>
        <Filename Value="misc/log.pas"/>
        <UnitName Value="log"/>
        <WindowIndex Value="0"/>
        <TopLine Value="34"/>
        <CursorPos X="1" Y="1"/>
        <UsageCount Value="100"/>
        <DefaultSyntaxHighlighter Value="Delphi"/>
      </Unit98>
      <Unit99>
        <Filename Value="../../lazarus/components/opengl/glgtkglxcontext.pas"/>
        <UnitName Value="GLGtkGlxContext"/>
        <WindowIndex Value="0"/>
        <TopLine Value="904"/>
        <CursorPos X="34" Y="928"/>
        <UsageCount Value="25"/>
      </Unit99>
      <Unit100>
        <Filename Value="fileformats/io.pas"/>
        <UnitName Value="io"/>
        <WindowIndex Value="0"/>
        <TopLine Value="827"/>
        <CursorPos X="1" Y="845"/>
        <UsageCount Value="25"/>
        <DefaultSyntaxHighlighter Value="Delphi"/>
      </Unit100>
      <Unit101>
        <Filename Value="../../ppsrc/rtl/objpas/typinfo.pp"/>
        <UnitName Value="typinfo"/>
        <WindowIndex Value="0"/>
        <TopLine Value="408"/>
        <CursorPos X="3" Y="414"/>
        <UsageCount Value="17"/>
      </Unit101>
      <Unit102>
        <Filename Value="../../lazarus/lcl/interfaces/win32/win32winapi.inc"/>
        <WindowIndex Value="0"/>
        <TopLine Value="355"/>
        <CursorPos X="1" Y="378"/>
        <UsageCount Value="18"/>
      </Unit102>
      <Unit103>
        <Filename Value="../../ppsrc/rtl/objpas/types.pp"/>
        <UnitName Value="types"/>
        <WindowIndex Value="0"/>
        <TopLine Value="1"/>
        <CursorPos X="1" Y="15"/>
        <UsageCount Value="10"/>
      </Unit103>
      <Unit104>
        <Filename Value="../../lazarus/lcl/themes.pas"/>
        <UnitName Value="Themes"/>
        <WindowIndex Value="0"/>
        <TopLine Value="453"/>
        <CursorPos X="46" Y="476"/>
        <UsageCount Value="7"/>
      </Unit104>
      <Unit105>
        <Filename Value="misc/zcadinterface.pas"/>
        <UnitName Value="zcadinterface"/>
        <WindowIndex Value="0"/>
        <TopLine Value="48"/>
        <CursorPos X="4" Y="84"/>
        <UsageCount Value="44"/>
        <DefaultSyntaxHighlighter Value="Delphi"/>
      </Unit105>
      <Unit106>
        <Filename Value="misc/strproc.pas"/>
        <UnitName Value="strproc"/>
        <WindowIndex Value="0"/>
        <TopLine Value="31"/>
        <CursorPos X="1" Y="1"/>
        <UsageCount Value="19"/>
        <DefaultSyntaxHighlighter Value="Delphi"/>
      </Unit106>
      <Unit107>
        <Filename Value="languade/TypeDescriptors.pas"/>
        <UnitName Value="TypeDescriptors"/>
        <WindowIndex Value="0"/>
        <TopLine Value="1"/>
        <CursorPos X="6" Y="22"/>
        <UsageCount Value="12"/>
        <DefaultSyntaxHighlighter Value="Delphi"/>
      </Unit107>
      <Unit108>
        <Filename Value="commands/GDBCommandsDB.pas"/>
        <UnitName Value="GDBCommandsDB"/>
        <WindowIndex Value="0"/>
        <TopLine Value="19"/>
        <CursorPos X="3" Y="26"/>
        <UsageCount Value="12"/>
        <DefaultSyntaxHighlighter Value="Delphi"/>
      </Unit108>
      <Unit109>
        <Filename Value="gui/projecttreewnd.pas"/>
        <UnitName Value="projecttreewnd"/>
        <EditorIndex Value="17"/>
        <WindowIndex Value="0"/>
        <TopLine Value="174"/>
        <CursorPos X="70" Y="193"/>
        <UsageCount Value="19"/>
        <Loaded Value="True"/>
        <DefaultSyntaxHighlighter Value="Delphi"/>
      </Unit109>
      <Unit110>
        <Filename Value="../../ppsrc/packages/opengl/src/glext.pp"/>
        <UnitName Value="GLext"/>
        <WindowIndex Value="0"/>
        <TopLine Value="879"/>
        <CursorPos X="23" Y="902"/>
        <UsageCount Value="12"/>
      </Unit110>
      <Unit111>
        <Filename Value="gui/laercombobox.pas"/>
        <UnitName Value="laercombobox"/>
        <EditorIndex Value="3"/>
        <WindowIndex Value="0"/>
        <TopLine Value="581"/>
        <CursorPos X="12" Y="594"/>
        <UsageCount Value="33"/>
        <Loaded Value="True"/>
        <DefaultSyntaxHighlighter Value="Delphi"/>
      </Unit111>
      <Unit112>
        <Filename Value="misc/sharedgdb.pas"/>
        <UnitName Value="sharedgdb"/>
        <WindowIndex Value="0"/>
        <TopLine Value="1"/>
        <CursorPos X="1" Y="29"/>
        <UsageCount Value="16"/>
        <DefaultSyntaxHighlighter Value="Delphi"/>
      </Unit112>
      <Unit113>
        <Filename Value="u/UGDBNamedObjectsArray.pas"/>
        <UnitName Value="UGDBNamedObjectsArray"/>
        <WindowIndex Value="0"/>
        <TopLine Value="8"/>
        <CursorPos X="47" Y="35"/>
        <UsageCount Value="32"/>
        <DefaultSyntaxHighlighter Value="Delphi"/>
      </Unit113>
      <Unit114>
        <Filename Value="gui/layerwnd.lfm"/>
        <WindowIndex Value="0"/>
        <TopLine Value="1"/>
        <CursorPos X="1" Y="1"/>
        <UsageCount Value="10"/>
        <DefaultSyntaxHighlighter Value="LFM"/>
      </Unit114>
      <Unit115>
        <Filename Value="u/UGDBLayerArray.pas"/>
        <UnitName Value="UGDBLayerArray"/>
        <WindowIndex Value="0"/>
        <TopLine Value="1"/>
        <CursorPos X="18" Y="22"/>
        <UsageCount Value="30"/>
        <DefaultSyntaxHighlighter Value="Delphi"/>
      </Unit115>
      <Unit116>
        <Filename Value="../../lazarus/lcl/interfaces/win32/win32themes.pas"/>
        <UnitName Value="Win32Themes"/>
        <WindowIndex Value="0"/>
        <TopLine Value="147"/>
        <CursorPos X="1" Y="185"/>
        <UsageCount Value="8"/>
      </Unit116>
      <Unit117>
        <Filename Value="../../lazarus/lcl/comctrls.pp"/>
        <UnitName Value="ComCtrls"/>
        <WindowIndex Value="0"/>
        <TopLine Value="1485"/>
        <CursorPos X="14" Y="1508"/>
        <UsageCount Value="23"/>
      </Unit117>
      <Unit118>
        <Filename Value="../../lazarus/lcl/include/font.inc"/>
        <WindowIndex Value="0"/>
        <TopLine Value="1282"/>
        <CursorPos X="1" Y="1305"/>
        <UsageCount Value="23"/>
      </Unit118>
      <Unit119>
        <Filename Value="../../lazarus/lcl/include/listitems.inc"/>
        <WindowIndex Value="0"/>
        <TopLine Value="1"/>
        <CursorPos X="1" Y="34"/>
        <UsageCount Value="23"/>
      </Unit119>
      <Unit120>
        <Filename Value="../../lazarus/lcl/include/customlistview.inc"/>
        <WindowIndex Value="0"/>
        <TopLine Value="1301"/>
        <CursorPos X="3" Y="1303"/>
        <UsageCount Value="13"/>
      </Unit120>
      <Unit121>
        <Filename Value="../../lazarus/lcl/widgetset/wscomctrls.pp"/>
        <UnitName Value="WSComCtrls"/>
        <WindowIndex Value="0"/>
        <TopLine Value="638"/>
        <CursorPos X="1" Y="640"/>
        <UsageCount Value="13"/>
      </Unit121>
      <Unit122>
        <Filename Value="commands/commandlinedef.pas"/>
        <UnitName Value="commandlinedef"/>
        <WindowIndex Value="0"/>
        <TopLine Value="16"/>
        <CursorPos X="1" Y="1"/>
        <UsageCount Value="10"/>
        <DefaultSyntaxHighlighter Value="Delphi"/>
      </Unit122>
      <Unit123>
        <Filename Value="gui/UDMenuWnd.pas"/>
        <UnitName Value="UDMenuWnd"/>
        <WindowIndex Value="0"/>
        <TopLine Value="28"/>
        <CursorPos X="6" Y="42"/>
        <UsageCount Value="10"/>
        <DefaultSyntaxHighlighter Value="Delphi"/>
      </Unit123>
      <Unit124>
        <Filename Value="misc/printerspecfunc.pas"/>
        <UnitName Value="printerspecfunc"/>
        <WindowIndex Value="0"/>
        <TopLine Value="12"/>
        <CursorPos X="1" Y="26"/>
        <UsageCount Value="10"/>
        <DefaultSyntaxHighlighter Value="Delphi"/>
      </Unit124>
      <Unit125>
        <Filename Value="../../lazarus/components/printers/printersdlgs.pp"/>
        <UnitName Value="PrintersDlgs"/>
        <WindowIndex Value="0"/>
        <TopLine Value="26"/>
        <CursorPos X="3" Y="36"/>
        <UsageCount Value="10"/>
      </Unit125>
      <Unit126>
        <Filename Value="../../lazarus/lcl/dialogs.pp"/>
        <UnitName Value="Dialogs"/>
        <WindowIndex Value="0"/>
        <TopLine Value="53"/>
        <CursorPos X="3" Y="63"/>
        <UsageCount Value="10"/>
      </Unit126>
      <Unit127>
        <Filename Value="../../ppsrc/rtl/objpas/strutils.pp"/>
        <UnitName Value="strutils"/>
        <WindowIndex Value="0"/>
        <TopLine Value="1"/>
        <CursorPos X="1" Y="1"/>
        <UsageCount Value="11"/>
      </Unit127>
      <Unit128>
        <Filename Value="languade/varmandef.pas"/>
        <UnitName Value="varmandef"/>
        <WindowIndex Value="0"/>
        <TopLine Value="168"/>
        <CursorPos X="20" Y="175"/>
        <UsageCount Value="11"/>
        <DefaultSyntaxHighlighter Value="Delphi"/>
      </Unit128>
      <Unit129>
        <Filename Value="gdb/gdbellipse.pas"/>
        <UnitName Value="gdbellipse"/>
        <WindowIndex Value="0"/>
        <TopLine Value="1"/>
        <CursorPos X="18" Y="21"/>
        <UsageCount Value="11"/>
        <DefaultSyntaxHighlighter Value="Delphi"/>
      </Unit129>
      <Unit130>
        <Filename Value="u/UGDBPolyLine2DArray.pas"/>
        <UnitName Value="UGDBPolyLine2DArray"/>
        <WindowIndex Value="0"/>
        <TopLine Value="1"/>
        <CursorPos X="18" Y="22"/>
        <UsageCount Value="11"/>
        <DefaultSyntaxHighlighter Value="Delphi"/>
      </Unit130>
      <Unit131>
        <Filename Value="gdb/GDBCurve.pas"/>
        <UnitName Value="GDBCurve"/>
        <WindowIndex Value="0"/>
        <TopLine Value="1"/>
        <CursorPos X="18" Y="23"/>
        <UsageCount Value="11"/>
        <DefaultSyntaxHighlighter Value="Delphi"/>
      </Unit131>
      <Unit132>
        <Filename Value="electroteh/GDBCable.pas"/>
        <UnitName Value="GDBCable"/>
        <WindowIndex Value="0"/>
        <TopLine Value="1"/>
        <CursorPos X="18" Y="11"/>
        <UsageCount Value="11"/>
        <DefaultSyntaxHighlighter Value="Delphi"/>
      </Unit132>
      <Unit133>
        <Filename Value="u/UGDBTextStyleArray.pas"/>
        <UnitName Value="UGDBTextStyleArray"/>
        <WindowIndex Value="0"/>
        <TopLine Value="1"/>
        <CursorPos X="18" Y="22"/>
        <UsageCount Value="10"/>
        <DefaultSyntaxHighlighter Value="Delphi"/>
      </Unit133>
      <Unit134>
        <Filename Value="u/UGDBOutbound2DIArray.pas"/>
        <UnitName Value="UGDBOutbound2DIArray"/>
        <WindowIndex Value="0"/>
        <TopLine Value="1"/>
        <CursorPos X="18" Y="22"/>
        <UsageCount Value="10"/>
        <DefaultSyntaxHighlighter Value="Delphi"/>
      </Unit134>
      <Unit135>
        <Filename Value="u/UGDBControlPointArray.pas"/>
        <UnitName Value="UGDBControlPointArray"/>
        <WindowIndex Value="0"/>
        <TopLine Value="1"/>
        <CursorPos X="6" Y="22"/>
        <UsageCount Value="10"/>
        <DefaultSyntaxHighlighter Value="Delphi"/>
      </Unit135>
      <Unit136>
        <Filename Value="gui/helpwnd.pas"/>
        <UnitName Value="helpwnd"/>
        <WindowIndex Value="0"/>
        <TopLine Value="11"/>
        <CursorPos X="16" Y="23"/>
        <UsageCount Value="10"/>
        <DefaultSyntaxHighlighter Value="Delphi"/>
      </Unit136>
      <Unit137>
        <Filename Value="../cad/rtl/system.pas"/>
        <UnitName Value="System"/>
        <WindowIndex Value="0"/>
        <TopLine Value="2669"/>
        <CursorPos X="1" Y="2681"/>
        <UsageCount Value="10"/>
        <DefaultSyntaxHighlighter Value="Delphi"/>
      </Unit137>
      <Unit138>
        <Filename Value="misc/GDBObjAbstractTypes.pas"/>
        <UnitName Value="GDBObjAbstractTypes"/>
        <WindowIndex Value="0"/>
        <TopLine Value="510"/>
        <CursorPos X="51" Y="532"/>
        <UsageCount Value="10"/>
        <DefaultSyntaxHighlighter Value="Delphi"/>
      </Unit138>
      <Unit139>
        <Filename Value="commands/GDBCommandsBase.pas"/>
        <UnitName Value="GDBCommandsBase"/>
        <EditorIndex Value="0"/>
        <WindowIndex Value="0"/>
        <TopLine Value="31"/>
        <CursorPos X="41" Y="50"/>
        <UsageCount Value="13"/>
        <Loaded Value="True"/>
        <DefaultSyntaxHighlighter Value="Delphi"/>
      </Unit139>
      <Unit140>
        <Filename Value="devicebase/devicebaseabstract.pas"/>
        <UnitName Value="devicebaseabstract"/>
        <EditorIndex Value="11"/>
        <WindowIndex Value="0"/>
        <TopLine Value="1"/>
        <CursorPos X="24" Y="1"/>
        <UsageCount Value="13"/>
        <Loaded Value="True"/>
        <DefaultSyntaxHighlighter Value="Delphi"/>
      </Unit140>
      <Unit141>
        <Filename Value="gdb/UGDBDrawingdef.pas"/>
        <UnitName Value="UGDBDrawingdef"/>
        <EditorIndex Value="7"/>
        <WindowIndex Value="0"/>
        <TopLine Value="1"/>
        <CursorPos X="20" Y="19"/>
        <UsageCount Value="11"/>
        <Loaded Value="True"/>
        <DefaultSyntaxHighlighter Value="Delphi"/>
      </Unit141>
    </Units>
    <JumpHistory Count="30" HistoryIndex="29">
      <Position1>
        <Filename Value="gdb/UGDBDrawingdef.pas"/>
        <Caret Line="21" Column="8" TopLine="3"/>
      </Position1>
      <Position2>
        <Filename Value="gdb/UGDBDrawingdef.pas"/>
        <Caret Line="22" Column="101" TopLine="3"/>
      </Position2>
      <Position3>
        <Filename Value="gdb/UGDBDrawingdef.pas"/>
        <Caret Line="55" Column="1" TopLine="31"/>
      </Position3>
      <Position4>
        <Filename Value="gdb/UGDBDrawingdef.pas"/>
        <Caret Line="61" Column="104" TopLine="47"/>
      </Position4>
      <Position5>
        <Filename Value="gdb/UGDBDescriptor.pas"/>
        <Caret Line="81" Column="27" TopLine="77"/>
      </Position5>
      <Position6>
        <Filename Value="gdb/GDBWithLocalCS.pas"/>
        <Caret Line="1" Column="1" TopLine="1"/>
      </Position6>
      <Position7>
        <Filename Value="gdb/GDBWithMatrix.pas"/>
        <Caret Line="87" Column="1" TopLine="64"/>
      </Position7>
      <Position8>
        <Filename Value="gui/oglwindow.pas"/>
        <Caret Line="1922" Column="1" TopLine="1905"/>
      </Position8>
      <Position9>
        <Filename Value="gui/oglwindow.pas"/>
        <Caret Line="1924" Column="1" TopLine="1905"/>
      </Position9>
      <Position10>
        <Filename Value="gui/oglwindow.pas"/>
        <Caret Line="1925" Column="1" TopLine="1917"/>
      </Position10>
      <Position11>
        <Filename Value="gui/oglwindow.pas"/>
        <Caret Line="1926" Column="1" TopLine="1917"/>
      </Position11>
      <Position12>
        <Filename Value="gui/oglwindow.pas"/>
        <Caret Line="1949" Column="1" TopLine="1937"/>
      </Position12>
      <Position13>
        <Filename Value="gui/oglwindow.pas"/>
        <Caret Line="1962" Column="1" TopLine="1955"/>
      </Position13>
      <Position14>
        <Filename Value="gui/oglwindow.pas"/>
        <Caret Line="1975" Column="1" TopLine="1961"/>
      </Position14>
      <Position15>
        <Filename Value="gui/oglwindow.pas"/>
        <Caret Line="1976" Column="1" TopLine="1961"/>
      </Position15>
      <Position16>
        <Filename Value="gui/oglwindow.pas"/>
        <Caret Line="1977" Column="1" TopLine="1961"/>
      </Position16>
      <Position17>
        <Filename Value="gui/oglwindow.pas"/>
        <Caret Line="1978" Column="1" TopLine="1961"/>
      </Position17>
      <Position18>
        <Filename Value="gui/oglwindow.pas"/>
        <Caret Line="1979" Column="1" TopLine="1961"/>
      </Position18>
      <Position19>
        <Filename Value="gui/oglwindow.pas"/>
        <Caret Line="1980" Column="1" TopLine="1961"/>
      </Position19>
      <Position20>
        <Filename Value="gui/oglwindow.pas"/>
        <Caret Line="1981" Column="1" TopLine="1961"/>
      </Position20>
      <Position21>
        <Filename Value="gui/oglwindow.pas"/>
        <Caret Line="1987" Column="1" TopLine="1973"/>
      </Position21>
      <Position22>
        <Filename Value="gui/oglwindow.pas"/>
        <Caret Line="1988" Column="1" TopLine="1973"/>
      </Position22>
      <Position23>
        <Filename Value="gui/oglwindow.pas"/>
        <Caret Line="1989" Column="1" TopLine="1973"/>
      </Position23>
      <Position24>
        <Filename Value="gui/oglwindow.pas"/>
        <Caret Line="1990" Column="1" TopLine="1973"/>
      </Position24>
      <Position25>
        <Filename Value="gui/oglwindow.pas"/>
        <Caret Line="1992" Column="1" TopLine="1982"/>
      </Position25>
      <Position26>
        <Filename Value="gui/oglwindow.pas"/>
        <Caret Line="1996" Column="1" TopLine="1982"/>
      </Position26>
      <Position27>
        <Filename Value="gui/oglwindow.pas"/>
        <Caret Line="1997" Column="1" TopLine="1982"/>
      </Position27>
      <Position28>
        <Filename Value="gui/oglwindow.pas"/>
        <Caret Line="1999" Column="1" TopLine="1982"/>
      </Position28>
      <Position29>
        <Filename Value="gui/oglwindow.pas"/>
        <Caret Line="2000" Column="1" TopLine="1982"/>
      </Position29>
      <Position30>
        <Filename Value="gui/oglwindow.pas"/>
        <Caret Line="1997" Column="28" TopLine="1982"/>
      </Position30>
    </JumpHistory>
  </ProjectOptions>
  <CompilerOptions>
    <Version Value="11"/>
    <Target>
      <Filename Value="../cad/zcad"/>
    </Target>
    <SearchPaths>
      <IncludeFiles Value="u;gdb;commands;gui;devicebase;languade;electroteh;zgl;$(ProjOutDir);../cad;other;../../pascalscript/Source;fileformats;misc"/>
      <OtherUnitFiles Value="u;gdb;commands;gui;devicebase;languade;lclmod;electroteh;zgl;../cad;other;../../pascalscript/Source;fileformats;misc"/>
      <UnitOutputDirectory Value="dcu"/>
    </SearchPaths>
    <Parsing>
      <Style Value="1"/>
      <SyntaxOptions>
        <SyntaxMode Value="Delphi"/>
        <IncludeAssertionCode Value="True"/>
        <AllowLabel Value="False"/>
        <CPPInline Value="False"/>
        <UseAnsiStrings Value="False"/>
      </SyntaxOptions>
    </Parsing>
    <Other>
      <Verbosity>
        <ShowWarn Value="False"/>
        <ShowNotes Value="False"/>
        <ShowGenInfo Value="False"/>
      </Verbosity>
      <WriteFPCLogo Value="False"/>
      <ConfigFile>
        <StopAfterErrCount Value="5"/>
      </ConfigFile>
      <CompilerMessages>
        <IgnoredMessages idx4055="True" idx5024="True" idx5062="True"/>
        <UseMsgFile Value="True"/>
      </CompilerMessages>
      <CompilerPath Value="$(CompPath)"/>
    </Other>
    <LCLWidgetType Value="win32"/>
  </CompilerOptions>
  <Debugging>
    <Watches Count="4">
      <Item1>
        <Expression Value="ppointer(198740120)^"/>
      </Item1>
      <Item2>
        <Expression Value="supernet.objarray.count"/>
      </Item2>
      <Item3>
        <Expression Value="s"/>
      </Item3>
      <Item4>
        <Expression Value="@p^"/>
      </Item4>
    </Watches>
    <Exceptions Count="2">
      <Item1>
        <Name Value="ECodetoolError"/>
      </Item1>
      <Item2>
        <Name Value="EFOpenError"/>
      </Item2>
    </Exceptions>
  </Debugging>
  <EditorMacros Count="0"/>
</CONFIG>
