<?xml version="1.0" encoding="UTF-8"?>
<CONFIG>
  <ProjectOptions>
    <Version Value="12"/>
    <PathDelim Value="\"/>
    <General>
      <Flags>
        <CompatibilityMode Value="True"/>
      </Flags>
      <ResourceType Value="res"/>
      <UseXPManifest Value="True"/>
      <XPManifest>
        <DpiAware Value="True/PM_V2"/>
      </XPManifest>
    </General>
    <i18n>
      <EnableI18N LFM="False"/>
    </i18n>
    <BuildModes Count="1" Active="Default">
      <Item1 Name="Default" Default="True"/>
    </BuildModes>
    <PublishOptions>
      <Version Value="2"/>
    </PublishOptions>
    <RunParams>
      <local>
        <LaunchingApplication PathPlusParams="\usr\bin\xterm -T &apos;Lazarus Run Output&apos; -e $(LazarusDir)\tools\runwait.sh $(TargetCmdLine)"/>
      </local>
      <FormatVersion Value="2"/>
      <Modes Count="1">
        <Mode0 Name="default">
          <local>
            <LaunchingApplication PathPlusParams="\usr\bin\xterm -T &apos;Lazarus Run Output&apos; -e $(LazarusDir)\tools\runwait.sh $(TargetCmdLine)"/>
          </local>
        </Mode0>
      </Modes>
    </RunParams>
    <RequiredPackages Count="7">
      <Item1>
        <PackageName Value="zunits"/>
      </Item1>
      <Item2>
        <PackageName Value="zreaders"/>
      </Item2>
      <Item3>
        <PackageName Value="zbaseutils"/>
      </Item3>
      <Item4>
        <PackageName Value="zmath"/>
      </Item4>
      <Item5>
        <PackageName Value="zcontainers"/>
      </Item5>
      <Item6>
        <PackageName Value="LazOpenGLContext"/>
      </Item6>
      <Item7>
        <PackageName Value="LCL"/>
      </Item7>
    </RequiredPackages>
    <Units Count="334">
      <Unit0>
        <Filename Value="simplecad.lpr"/>
        <IsPartOfProject Value="True"/>
        <EditorIndex Value="4"/>
        <CursorPos X="7" Y="11"/>
        <UsageCount Value="201"/>
        <Loaded Value="True"/>
      </Unit0>
      <Unit1>
        <Filename Value="umainform.pas"/>
        <IsPartOfProject Value="True"/>
        <ComponentName Value="Form1"/>
        <HasResources Value="True"/>
        <ResourceBaseClass Value="Form"/>
        <IsVisibleTab Value="True"/>
        <TopLine Value="663"/>
        <CursorPos X="113" Y="678"/>
        <UsageCount Value="201"/>
        <Loaded Value="True"/>
        <LoadedDesigner Value="True"/>
      </Unit1>
      <Unit2>
        <Filename Value="..\gui\oglwindow.pas"/>
        <EditorIndex Value="-1"/>
        <TopLine Value="15"/>
        <CursorPos X="42" Y="36"/>
        <UsageCount Value="67"/>
      </Unit2>
      <Unit3>
        <Filename Value="..\gui\ucxmenumgr.pas"/>
        <TopLine Value="17"/>
        <CursorPos X="5" Y="42"/>
        <UsageCount Value="13"/>
      </Unit3>
      <Unit4>
        <Filename Value="..\gui\mainwindow.pas"/>
        <EditorIndex Value="-1"/>
        <TopLine Value="853"/>
        <CursorPos X="45" Y="876"/>
        <UsageCount Value="29"/>
      </Unit4>
      <Unit5>
        <Filename Value="..\languade\varman.pas"/>
        <EditorIndex Value="-1"/>
        <TopLine Value="693"/>
        <CursorPos Y="716"/>
        <UsageCount Value="32"/>
      </Unit5>
      <Unit6>
        <Filename Value="..\u\UGDBStringArray.pas"/>
        <TopLine Value="202"/>
        <CursorPos Y="247"/>
        <UsageCount Value="13"/>
      </Unit6>
      <Unit7>
        <Filename Value="..\u\UGDBOpenArrayOfByte.pas"/>
        <EditorIndex Value="-1"/>
        <TopLine Value="282"/>
        <CursorPos X="32" Y="289"/>
        <UsageCount Value="15"/>
      </Unit7>
      <Unit8>
        <Filename Value="..\languade\varmandef.pas"/>
        <EditorIndex Value="-1"/>
        <TopLine Value="420"/>
        <CursorPos X="41" Y="420"/>
        <UsageCount Value="53"/>
      </Unit8>
      <Unit9>
        <Filename Value="..\languade\UUnitManager.pas"/>
        <EditorIndex Value="-1"/>
        <TopLine Value="20"/>
        <CursorPos X="5" Y="26"/>
        <UsageCount Value="47"/>
      </Unit9>
      <Unit10>
        <Filename Value="..\gui\sltexteditor.pas"/>
        <ComponentName Value="sltexteditor1"/>
        <HasResources Value="True"/>
        <ResourceBaseClass Value="Form"/>
        <CursorPos X="3" Y="51"/>
        <UsageCount Value="19"/>
      </Unit10>
      <Unit11>
        <Filename Value="..\gdb\gdbase.pas"/>
        <EditorIndex Value="-1"/>
        <TopLine Value="370"/>
        <CursorPos X="3" Y="393"/>
        <UsageCount Value="67"/>
      </Unit11>
      <Unit12>
        <Filename Value="..\gdb\GDBSubordinated.pas"/>
        <TopLine Value="109"/>
        <CursorPos X="45" Y="132"/>
        <UsageCount Value="48"/>
      </Unit12>
      <Unit13>
        <Filename Value="..\devicebase\devicebaseabstract.pas"/>
        <CursorPos X="24"/>
        <UsageCount Value="20"/>
      </Unit13>
      <Unit14>
        <Filename Value="C:\lazarus\lcl\controls.pp"/>
        <TopLine Value="1564"/>
        <CursorPos X="34" Y="1581"/>
        <UsageCount Value="8"/>
      </Unit14>
      <Unit15>
        <Filename Value="C:\ppsrc\rtl\objpas\classes\classesh.inc"/>
        <TopLine Value="693"/>
        <CursorPos X="15" Y="710"/>
        <UsageCount Value="6"/>
      </Unit15>
      <Unit16>
        <Filename Value="C:\lazarus\lcl\forms.pp"/>
        <TopLine Value="47"/>
        <CursorPos X="41" Y="70"/>
        <UsageCount Value="39"/>
      </Unit16>
      <Unit17>
        <Filename Value="..\fileformats\iodxf.pas"/>
        <EditorIndex Value="-1"/>
        <CursorPos X="338" Y="22"/>
        <UsageCount Value="44"/>
      </Unit17>
      <Unit18>
        <Filename Value="..\commands\GDBCommandsBase.pas"/>
        <EditorIndex Value="-1"/>
        <TopLine Value="1937"/>
        <CursorPos Y="1961"/>
        <UsageCount Value="38"/>
      </Unit18>
      <Unit19>
        <Filename Value="..\gdb\UGDBDescriptor.pas"/>
        <EditorIndex Value="-1"/>
        <TopLine Value="24"/>
        <CursorPos X="18" Y="24"/>
        <UsageCount Value="61"/>
      </Unit19>
      <Unit20>
        <Filename Value="..\misc\strproc.pas"/>
        <EditorIndex Value="-1"/>
        <TopLine Value="467"/>
        <CursorPos Y="492"/>
        <UsageCount Value="10"/>
      </Unit20>
      <Unit21>
        <Filename Value="..\languade\UObjectDescriptor.pas"/>
        <TopLine Value="370"/>
        <CursorPos Y="393"/>
        <UsageCount Value="22"/>
      </Unit21>
      <Unit22>
        <Filename Value="..\languade\languade.pas"/>
        <TopLine Value="381"/>
        <CursorPos Y="404"/>
        <UsageCount Value="27"/>
      </Unit22>
      <Unit23>
        <Filename Value="..\u\UGDBControlPointArray.pas"/>
        <UsageCount Value="10"/>
      </Unit23>
      <Unit24>
        <Filename Value="..\languade\RegCnownTypes.pas"/>
        <EditorIndex Value="-1"/>
        <CursorPos Y="12"/>
        <UsageCount Value="7"/>
      </Unit24>
      <Unit25>
        <Filename Value="..\languade\URegisterObjects.pas"/>
        <EditorIndex Value="-1"/>
        <TopLine Value="97"/>
        <CursorPos X="131" Y="136"/>
        <UsageCount Value="7"/>
      </Unit25>
      <Unit26>
        <Filename Value="C:\lazarus\lcl\include\customform.inc"/>
        <TopLine Value="964"/>
        <CursorPos Y="987"/>
        <UsageCount Value="22"/>
      </Unit26>
      <Unit27>
        <Filename Value="..\misc\sharedgdb.pas"/>
        <TopLine Value="8"/>
        <CursorPos X="15" Y="19"/>
        <UsageCount Value="7"/>
      </Unit27>
      <Unit28>
        <Filename Value="..\fileformats\iodwg.pas"/>
        <TopLine Value="1123"/>
        <CursorPos X="18" Y="1123"/>
        <UsageCount Value="6"/>
      </Unit28>
      <Unit29>
        <Filename Value="..\gdb\GDBEntity.pas"/>
        <EditorIndex Value="-1"/>
        <CursorPos X="20" Y="22"/>
        <UsageCount Value="38"/>
      </Unit29>
      <Unit30>
        <Filename Value="..\gdb\GDBManager.pas"/>
        <TopLine Value="15"/>
        <CursorPos X="3" Y="77"/>
        <UsageCount Value="3"/>
      </Unit30>
      <Unit31>
        <Filename Value="..\gdb\gdbobjectsconstdef.pas"/>
        <EditorIndex Value="-1"/>
        <TopLine Value="196"/>
        <CursorPos X="3" Y="221"/>
        <UsageCount Value="4"/>
      </Unit31>
      <Unit32>
        <Filename Value="..\gdb\GDBLine.pas"/>
        <TopLine Value="411"/>
        <CursorPos Y="443"/>
        <UsageCount Value="6"/>
      </Unit32>
      <Unit33>
        <Filename Value="..\commands\GDBCommandsBaseDraw.pas"/>
        <EditorIndex Value="-1"/>
        <TopLine Value="12"/>
        <CursorPos X="21" Y="22"/>
        <UsageCount Value="1"/>
      </Unit33>
      <Unit34>
        <Filename Value="..\commands\GDBCommandsDraw.pas"/>
        <EditorIndex Value="-1"/>
        <TopLine Value="341"/>
        <CursorPos X="101" Y="380"/>
        <UsageCount Value="36"/>
      </Unit34>
      <Unit35>
        <Filename Value="..\gdb\UGDBEntTree.pas"/>
        <EditorIndex Value="-1"/>
        <TopLine Value="233"/>
        <CursorPos X="18" Y="248"/>
        <UsageCount Value="10"/>
      </Unit35>
      <Unit36>
        <Filename Value="..\misc\printerspecfunc.pas"/>
        <TopLine Value="179"/>
        <CursorPos X="5" Y="220"/>
        <UsageCount Value="7"/>
      </Unit36>
      <Unit37>
        <Filename Value="..\gdb\GDBCircle.pas"/>
        <TopLine Value="27"/>
        <CursorPos X="60" Y="50"/>
        <UsageCount Value="31"/>
      </Unit37>
      <Unit38>
        <Filename Value="..\gdb\GDBWithLocalCS.pas"/>
        <EditorIndex Value="-1"/>
        <TopLine Value="88"/>
        <CursorPos X="62" Y="111"/>
        <UsageCount Value="43"/>
      </Unit38>
      <Unit39>
        <Filename Value="..\misc\memman.pas"/>
        <TopLine Value="114"/>
        <CursorPos Y="133"/>
        <UsageCount Value="2"/>
      </Unit39>
      <Unit40>
        <Filename Value="..\gdb\GDBText.pas"/>
        <EditorIndex Value="-1"/>
        <TopLine Value="11"/>
        <CursorPos X="242" Y="24"/>
        <UsageCount Value="21"/>
      </Unit40>
      <Unit41>
        <Filename Value="..\gdb\GDBAbstractText.pas"/>
        <EditorIndex Value="-1"/>
        <TopLine Value="548"/>
        <CursorPos X="80" Y="573"/>
        <UsageCount Value="30"/>
      </Unit41>
      <Unit42>
        <Filename Value="..\u\UGDBOpenArray.pas"/>
        <TopLine Value="244"/>
        <CursorPos Y="282"/>
        <UsageCount Value="33"/>
      </Unit42>
      <Unit43>
        <Filename Value="..\u\UGDBTextStyleArray.pas"/>
        <EditorIndex Value="-1"/>
        <TopLine Value="9"/>
        <CursorPos X="12" Y="22"/>
        <UsageCount Value="2"/>
      </Unit43>
      <Unit44>
        <Filename Value="C:\ppsrc\rtl\inc\systemh.inc"/>
        <TopLine Value="518"/>
        <CursorPos X="3" Y="541"/>
        <UsageCount Value="8"/>
      </Unit44>
      <Unit45>
        <Filename Value="..\misc\WindowsSpecific.pas"/>
        <TopLine Value="29"/>
        <CursorPos X="10" Y="31"/>
        <UsageCount Value="6"/>
      </Unit45>
      <Unit46>
        <Filename Value="C:\lazarus\lcl\dialogs.pp"/>
        <TopLine Value="109"/>
        <CursorPos X="14" Y="132"/>
        <UsageCount Value="6"/>
      </Unit46>
      <Unit47>
        <Filename Value="..\gdb\GDBBlockInsert.pas"/>
        <TopLine Value="722"/>
        <CursorPos X="14" Y="732"/>
        <UsageCount Value="16"/>
      </Unit47>
      <Unit48>
        <Filename Value="..\commands\commandline.pas"/>
        <EditorIndex Value="-1"/>
        <TopLine Value="13"/>
        <CursorPos X="41" Y="24"/>
        <UsageCount Value="34"/>
      </Unit48>
      <Unit49>
        <Filename Value="..\gui\zcadstrconsts.pas"/>
        <EditorIndex Value="-1"/>
        <CursorPos X="19" Y="19"/>
        <UsageCount Value="7"/>
      </Unit49>
      <Unit50>
        <Filename Value="..\misc\OGLSpecFunc.pas"/>
        <TopLine Value="229"/>
        <CursorPos X="45" Y="236"/>
        <UsageCount Value="1"/>
      </Unit50>
      <Unit51>
        <Filename Value="..\u\UGDBOpenArrayOfTObjLinkRecord.pas"/>
        <UsageCount Value="6"/>
      </Unit51>
      <Unit52>
        <Filename Value="..\misc\zcadinterface.pas"/>
        <TopLine Value="61"/>
        <CursorPos X="21" Y="91"/>
        <UsageCount Value="7"/>
      </Unit52>
      <Unit53>
        <Filename Value="..\commands\gdbcommandsinterface.pas"/>
        <EditorIndex Value="-1"/>
        <TopLine Value="222"/>
        <CursorPos X="19" Y="253"/>
        <UsageCount Value="5"/>
      </Unit53>
      <Unit54>
        <Filename Value="..\gui\projecttreewnd.pas"/>
        <EditorIndex Value="-1"/>
        <TopLine Value="334"/>
        <CursorPos X="73" Y="363"/>
        <UsageCount Value="23"/>
      </Unit54>
      <Unit55>
        <Filename Value="..\gdb\UGDBDrawingdef.pas"/>
        <EditorIndex Value="-1"/>
        <TopLine Value="9"/>
        <CursorPos Y="43"/>
        <UsageCount Value="105"/>
      </Unit55>
      <Unit56>
        <Filename Value="..\gdb\GDBWithMatrix.pas"/>
        <TopLine Value="148"/>
        <CursorPos Y="171"/>
        <UsageCount Value="29"/>
      </Unit56>
      <Unit57>
        <Filename Value="..\u\UGDBOpenArrayOfPointer.pas"/>
        <EditorIndex Value="-1"/>
        <TopLine Value="6"/>
        <CursorPos X="35" Y="29"/>
        <UsageCount Value="21"/>
      </Unit57>
      <Unit58>
        <Filename Value="..\u\UOpenArray.pas"/>
        <TopLine Value="4"/>
        <CursorPos X="34" Y="29"/>
        <UsageCount Value="18"/>
      </Unit58>
      <Unit59>
        <Filename Value="..\languade\zcadsysvars.pas"/>
        <EditorIndex Value="-1"/>
        <TopLine Value="6"/>
        <CursorPos X="18" Y="23"/>
        <UsageCount Value="7"/>
      </Unit59>
      <Unit60>
        <Filename Value="..\gdb\GDBPolyLine.pas"/>
        <EditorIndex Value="-1"/>
        <TopLine Value="5"/>
        <CursorPos X="309" Y="23"/>
        <UsageCount Value="6"/>
      </Unit60>
      <Unit61>
        <Filename Value="..\gdb\GDBCurve.pas"/>
        <TopLine Value="562"/>
        <CursorPos X="62" Y="585"/>
        <UsageCount Value="10"/>
      </Unit61>
      <Unit62>
        <Filename Value="..\u\UGDBOpenArrayOfData.pas"/>
        <UsageCount Value="5"/>
      </Unit62>
      <Unit63>
        <Filename Value="..\gdb\GDBLWPolyLine.pas"/>
        <EditorIndex Value="-1"/>
        <CursorPos X="283" Y="23"/>
        <UsageCount Value="7"/>
      </Unit63>
      <Unit64>
        <Filename Value="..\misc\geometry.pas"/>
        <TopLine Value="125"/>
        <CursorPos X="11" Y="148"/>
        <UsageCount Value="4"/>
      </Unit64>
      <Unit65>
        <Filename Value="..\gdb\GDBGenericSubEntry.pas"/>
        <TopLine Value="510"/>
        <CursorPos X="49" Y="535"/>
        <UsageCount Value="34"/>
      </Unit65>
      <Unit66>
        <Filename Value="..\u\UGDBLayerArray.pas"/>
        <TopLine Value="22"/>
        <CursorPos X="129" Y="45"/>
        <UsageCount Value="3"/>
      </Unit66>
      <Unit67>
        <Filename Value="..\u\ugdbopenarrayofucommands.pas"/>
        <TopLine Value="90"/>
        <CursorPos X="48" Y="128"/>
        <UsageCount Value="20"/>
      </Unit67>
      <Unit68>
        <Filename Value="..\gdb\ugdbsimpledrawing.pas"/>
        <EditorIndex Value="-1"/>
        <TopLine Value="27"/>
        <CursorPos Y="39"/>
        <UsageCount Value="38"/>
      </Unit68>
      <Unit69>
        <Filename Value="..\gdb\GDBRoot.pas"/>
        <EditorIndex Value="-1"/>
        <CursorPos X="11" Y="24"/>
        <UsageCount Value="18"/>
      </Unit69>
      <Unit70>
        <Filename Value="..\u\UGDBOpenArrayOfPV.pas"/>
        <TopLine Value="266"/>
        <CursorPos X="88" Y="289"/>
        <UsageCount Value="10"/>
      </Unit70>
      <Unit71>
        <Filename Value="..\u\UGDBSelectedObjArray.pas"/>
        <EditorIndex Value="-1"/>
        <UsageCount Value="30"/>
      </Unit71>
      <Unit72>
        <Filename Value="..\commands\commanddefinternal.pas"/>
        <EditorIndex Value="-1"/>
        <TopLine Value="374"/>
        <CursorPos Y="397"/>
        <UsageCount Value="19"/>
      </Unit72>
      <Unit73>
        <Filename Value="C:\lazarus\components\opengl\openglcontext.pas"/>
        <TopLine Value="161"/>
        <CursorPos X="3" Y="176"/>
        <UsageCount Value="7"/>
      </Unit73>
      <Unit74>
        <Filename Value="C:\lazarus\components\sqldb\registersqldb.pas"/>
        <TopLine Value="82"/>
        <CursorPos X="5" Y="105"/>
        <UsageCount Value="20"/>
      </Unit74>
      <Unit75>
        <Filename Value="..\u\UGDBOpenArrayOfPObjects.pas"/>
        <TopLine Value="105"/>
        <CursorPos Y="150"/>
        <UsageCount Value="20"/>
      </Unit75>
      <Unit76>
        <Filename Value="..\gdb\GDBArc.pas"/>
        <TopLine Value="593"/>
        <CursorPos X="72" Y="634"/>
        <UsageCount Value="22"/>
      </Unit76>
      <Unit77>
        <Filename Value="..\gdb\GDB3DFace.pas"/>
        <EditorIndex Value="-1"/>
        <TopLine Value="18"/>
        <CursorPos X="20" Y="22"/>
        <UsageCount Value="24"/>
      </Unit77>
      <Unit78>
        <Filename Value="..\gdb\GDBComplex.pas"/>
        <TopLine Value="284"/>
        <CursorPos X="57" Y="306"/>
        <UsageCount Value="22"/>
      </Unit78>
      <Unit79>
        <Filename Value="..\gdb\GDBTable.pas"/>
        <TopLine Value="255"/>
        <CursorPos X="26" Y="278"/>
        <UsageCount Value="16"/>
      </Unit79>
      <Unit80>
        <Filename Value="..\languade\USinonimDescriptor.pas"/>
        <TopLine Value="23"/>
        <CursorPos X="41" Y="60"/>
        <UsageCount Value="15"/>
      </Unit80>
      <Unit81>
        <Filename Value="..\languade\UBaseTypeDescriptor.pas"/>
        <EditorIndex Value="-1"/>
        <TopLine Value="627"/>
        <CursorPos Y="640"/>
        <UsageCount Value="18"/>
      </Unit81>
      <Unit82>
        <Filename Value="..\electroteh\GDBElLeader.pas"/>
        <TopLine Value="525"/>
        <CursorPos X="32" Y="550"/>
        <UsageCount Value="10"/>
      </Unit82>
      <Unit83>
        <Filename Value="..\gdb\gdbellipse.pas"/>
        <TopLine Value="650"/>
        <CursorPos X="76" Y="691"/>
        <UsageCount Value="10"/>
      </Unit83>
      <Unit84>
        <Filename Value="..\gdb\GDBPoint.pas"/>
        <TopLine Value="17"/>
        <CursorPos X="60" Y="40"/>
        <UsageCount Value="10"/>
      </Unit84>
      <Unit85>
        <Filename Value="..\gdb\gdbsolid.pas"/>
        <TopLine Value="22"/>
        <CursorPos X="60" Y="45"/>
        <UsageCount Value="10"/>
      </Unit85>
      <Unit86>
        <Filename Value="..\gdb\GDBDevice.pas"/>
        <TopLine Value="302"/>
        <CursorPos X="52" Y="325"/>
        <UsageCount Value="10"/>
      </Unit86>
      <Unit87>
        <Filename Value="..\commands\commandlinedef.pas"/>
        <EditorIndex Value="-1"/>
        <TopLine Value="8"/>
        <CursorPos X="20" Y="19"/>
        <UsageCount Value="10"/>
      </Unit87>
      <Unit88>
        <Filename Value="..\gdb\GDBMText.pas"/>
        <EditorIndex Value="-1"/>
        <CursorPos X="227" Y="23"/>
        <UsageCount Value="10"/>
      </Unit88>
      <Unit89>
        <Filename Value="..\u\UGDBFontManager.pas"/>
        <EditorIndex Value="-1"/>
        <TopLine Value="40"/>
        <CursorPos X="37" Y="59"/>
        <UsageCount Value="3"/>
      </Unit89>
      <Unit90>
        <Filename Value="E:\lazarus\components\lazutils\ttfile.pas"/>
        <EditorIndex Value="-1"/>
        <TopLine Value="225"/>
        <CursorPos Y="249"/>
        <UsageCount Value="10"/>
      </Unit90>
      <Unit91>
        <Filename Value="..\fileformats\io.pas"/>
        <EditorIndex Value="-1"/>
        <TopLine Value="947"/>
        <CursorPos X="39" Y="986"/>
        <UsageCount Value="1"/>
      </Unit91>
      <Unit92>
        <Filename Value="..\gui\texteditor.pas"/>
        <EditorIndex Value="-1"/>
        <TopLine Value="15"/>
        <CursorPos X="24" Y="33"/>
        <UsageCount Value="7"/>
      </Unit92>
      <Unit93>
        <Filename Value="..\gui\generalviewarea.pas"/>
        <EditorIndex Value="-1"/>
        <CursorPos X="73" Y="26"/>
        <UsageCount Value="4"/>
      </Unit93>
      <Unit94>
        <Filename Value="..\gui\abstractviewarea.pas"/>
        <EditorIndex Value="-1"/>
        <TopLine Value="9"/>
        <CursorPos X="25" Y="26"/>
        <UsageCount Value="6"/>
      </Unit94>
      <Unit95>
        <Filename Value="..\zgl\uzglopengldrawer.pas"/>
        <EditorIndex Value="-1"/>
        <TopLine Value="483"/>
        <CursorPos X="11" Y="503"/>
        <UsageCount Value="6"/>
      </Unit95>
      <Unit96>
        <Filename Value="..\gui\openglviewarea.pas"/>
        <EditorIndex Value="-1"/>
        <CursorPos X="78" Y="31"/>
        <UsageCount Value="8"/>
      </Unit96>
      <Unit97>
        <Filename Value="..\gui\backendmanager.pas"/>
        <EditorIndex Value="-1"/>
        <TopLine Value="2"/>
        <CursorPos X="26" Y="27"/>
        <UsageCount Value="5"/>
      </Unit97>
      <Unit98>
        <Filename Value="E:\ppsrc\packages\fcl-image\src\fpcanvas.inc"/>
        <EditorIndex Value="-1"/>
        <CursorPos Y="31"/>
        <UsageCount Value="5"/>
      </Unit98>
      <Unit99>
        <Filename Value="..\gui\UDMenuWnd.pas"/>
        <EditorIndex Value="-1"/>
        <TopLine Value="47"/>
        <CursorPos X="19" Y="69"/>
        <UsageCount Value="5"/>
      </Unit99>
      <Unit100>
        <Filename Value="E:\ppsrc\rtl\inc\objpas.inc"/>
        <EditorIndex Value="-1"/>
        <TopLine Value="264"/>
        <CursorPos Y="289"/>
        <UsageCount Value="5"/>
      </Unit100>
      <Unit101>
        <Filename Value="E:\lazarus\lcl\include\toolbar.inc"/>
        <EditorIndex Value="-1"/>
        <TopLine Value="93"/>
        <CursorPos X="6" Y="124"/>
        <UsageCount Value="5"/>
      </Unit101>
      <Unit102>
        <Filename Value="E:\lazarus\lcl\include\customcontrol.inc"/>
        <EditorIndex Value="-1"/>
        <TopLine Value="29"/>
        <CursorPos Y="53"/>
        <UsageCount Value="5"/>
      </Unit102>
      <Unit103>
        <Filename Value="E:\ppsrc\rtl\objpas\sysutils\sysutils.inc"/>
        <EditorIndex Value="-1"/>
        <TopLine Value="133"/>
        <CursorPos Y="159"/>
        <UsageCount Value="5"/>
      </Unit103>
      <Unit104>
        <Filename Value="E:\lazarus\lcl\include\controlcanvas.inc"/>
        <EditorIndex Value="-1"/>
        <TopLine Value="38"/>
        <CursorPos Y="63"/>
        <UsageCount Value="5"/>
      </Unit104>
      <Unit105>
        <Filename Value="E:\lazarus\lcl\include\canvas.inc"/>
        <EditorIndex Value="-1"/>
        <TopLine Value="355"/>
        <CursorPos Y="394"/>
        <UsageCount Value="2"/>
      </Unit105>
      <Unit106>
        <Filename Value="E:\lazarus\lcl\lclproc.pas"/>
        <UnitName Value="LCLProc"/>
        <EditorIndex Value="-1"/>
        <TopLine Value="159"/>
        <CursorPos X="11" Y="180"/>
        <UsageCount Value="10"/>
      </Unit106>
      <Unit107>
        <Filename Value="..\zgl\uzglabstractdrawer.pas"/>
        <EditorIndex Value="-1"/>
        <CursorPos Y="249"/>
        <UsageCount Value="1"/>
      </Unit107>
      <Unit108>
        <Filename Value="E:\ppsrc\rtl\i386\i386.inc"/>
        <EditorIndex Value="-1"/>
        <TopLine Value="1420"/>
        <CursorPos Y="1459"/>
        <UsageCount Value="7"/>
      </Unit108>
      <Unit109>
        <Filename Value="E:\ppsrc\rtl\inc\except.inc"/>
        <EditorIndex Value="-1"/>
        <TopLine Value="184"/>
        <CursorPos Y="223"/>
        <UsageCount Value="7"/>
      </Unit109>
      <Unit110>
        <Filename Value="E:\ppsrc\rtl\objpas\classes\streams.inc"/>
        <EditorIndex Value="-1"/>
        <TopLine Value="531"/>
        <CursorPos Y="539"/>
        <UsageCount Value="7"/>
      </Unit110>
      <Unit111>
        <Filename Value="E:\ppsrc\rtl\i386\setjump.inc"/>
        <EditorIndex Value="-1"/>
        <CursorPos Y="32"/>
        <UsageCount Value="7"/>
      </Unit111>
      <Unit112>
        <Filename Value="..\u\ugdbltypearray.pas"/>
        <EditorIndex Value="-1"/>
        <TopLine Value="213"/>
        <CursorPos Y="238"/>
        <UsageCount Value="10"/>
      </Unit112>
      <Unit113>
        <Filename Value="E:\ppsrc\rtl\inc\ustrings.inc"/>
        <EditorIndex Value="-1"/>
        <TopLine Value="197"/>
        <CursorPos Y="231"/>
        <UsageCount Value="7"/>
      </Unit113>
      <Unit114>
        <Filename Value="E:\ppsrc\rtl\inc\rtti.inc"/>
        <EditorIndex Value="-1"/>
        <TopLine Value="188"/>
        <CursorPos Y="210"/>
        <UsageCount Value="7"/>
      </Unit114>
      <Unit115>
        <Filename Value="E:\ppsrc\rtl\inc\system.inc"/>
        <EditorIndex Value="-1"/>
        <TopLine Value="866"/>
        <CursorPos Y="888"/>
        <UsageCount Value="7"/>
      </Unit115>
      <Unit116>
        <Filename Value="E:\lazarus\lcl\include\control.inc"/>
        <EditorIndex Value="-1"/>
        <TopLine Value="4179"/>
        <CursorPos Y="4197"/>
        <UsageCount Value="1"/>
      </Unit116>
      <Unit117>
        <Filename Value="E:\lazarus\lcl\include\wincontrol.inc"/>
        <EditorIndex Value="-1"/>
        <TopLine Value="3995"/>
        <CursorPos Y="4020"/>
        <UsageCount Value="7"/>
      </Unit117>
      <Unit118>
        <Filename Value="E:\lazarus\lcl\lcltype.pp"/>
        <EditorIndex Value="-1"/>
        <UsageCount Value="7"/>
      </Unit118>
      <Unit119>
        <Filename Value="E:\src\fpcsrc\rtl\win\wininc\func.inc"/>
        <EditorIndex Value="-1"/>
        <TopLine Value="310"/>
        <CursorPos X="10" Y="138"/>
        <UsageCount Value="7"/>
      </Unit119>
      <Unit120>
        <Filename Value="E:\src\fpcsrc\rtl\objpas\sysutils\filutilh.inc"/>
        <EditorIndex Value="-1"/>
        <TopLine Value="101"/>
        <CursorPos X="20" Y="124"/>
        <UsageCount Value="7"/>
      </Unit120>
      <Unit121>
        <Filename Value="E:\src\fpcsrc\rtl\objpas\sysutils\filutil.inc"/>
        <EditorIndex Value="-1"/>
        <TopLine Value="246"/>
        <CursorPos X="16" Y="248"/>
        <UsageCount Value="7"/>
      </Unit121>
      <Unit122>
        <Filename Value="..\fileformats\fileformatsmanager.pas"/>
        <EditorIndex Value="-1"/>
        <TopLine Value="88"/>
        <CursorPos Y="103"/>
        <UsageCount Value="8"/>
      </Unit122>
      <Unit123>
        <Filename Value="..\fileformats\ioshx.pas"/>
        <EditorIndex Value="-1"/>
        <CursorPos X="11" Y="19"/>
        <UsageCount Value="8"/>
      </Unit123>
      <Unit124>
        <Filename Value="..\zengine\gdb\ugdbdrawing.pas"/>
        <EditorIndex Value="-1"/>
        <TopLine Value="170"/>
        <CursorPos X="21" Y="195"/>
        <UsageCount Value="7"/>
      </Unit124>
      <Unit125>
        <Filename Value="..\zengine\gdb\entities\GDBCircle.pas"/>
        <EditorIndex Value="-1"/>
        <TopLine Value="785"/>
        <CursorPos Y="812"/>
        <UsageCount Value="7"/>
      </Unit125>
      <Unit126>
        <Filename Value="..\zengine\gdb\entities\GDBArc.pas"/>
        <EditorIndex Value="-1"/>
        <TopLine Value="812"/>
        <CursorPos Y="840"/>
        <UsageCount Value="7"/>
      </Unit126>
      <Unit127>
        <Filename Value="..\zengine\gdb\entities\GDB3DFace.pas"/>
        <EditorIndex Value="-1"/>
        <TopLine Value="461"/>
        <CursorPos Y="489"/>
        <UsageCount Value="7"/>
      </Unit127>
      <Unit128>
        <Filename Value="..\zengine\gdb\gdbfieldprocessor.pas"/>
        <EditorIndex Value="-1"/>
        <TopLine Value="69"/>
        <CursorPos Y="95"/>
        <UsageCount Value="7"/>
      </Unit128>
      <Unit129>
        <Filename Value="..\zengine\gdb\entities\GDBBlockInsert.pas"/>
        <EditorIndex Value="-1"/>
        <TopLine Value="685"/>
        <CursorPos Y="713"/>
        <UsageCount Value="9"/>
      </Unit129>
      <Unit130>
        <Filename Value="..\zengine\gdb\entities\GDBDevice.pas"/>
        <EditorIndex Value="-1"/>
        <TopLine Value="690"/>
        <CursorPos Y="714"/>
        <UsageCount Value="7"/>
      </Unit130>
      <Unit131>
        <Filename Value="..\zengine\gdb\entities\gdbellipse.pas"/>
        <EditorIndex Value="-1"/>
        <TopLine Value="686"/>
        <CursorPos Y="714"/>
        <UsageCount Value="7"/>
      </Unit131>
      <Unit132>
        <Filename Value="..\zengine\gdb\entities\gdbsolid.pas"/>
        <UnitName Value="GDBSolid"/>
        <EditorIndex Value="-1"/>
        <TopLine Value="399"/>
        <CursorPos Y="427"/>
        <UsageCount Value="7"/>
      </Unit132>
      <Unit133>
        <Filename Value="..\zengine\gdb\entities\gdbspline.pas"/>
        <EditorIndex Value="-1"/>
        <TopLine Value="436"/>
        <CursorPos Y="464"/>
        <UsageCount Value="7"/>
      </Unit133>
      <Unit134>
        <Filename Value="..\zengine\gdb\UGDBDescriptor.pas"/>
        <EditorIndex Value="-1"/>
        <TopLine Value="9"/>
        <CursorPos X="119" Y="23"/>
        <UsageCount Value="6"/>
      </Unit134>
      <Unit135>
        <Filename Value="..\zengine\gdb\GDBManager.pas"/>
        <EditorIndex Value="-1"/>
        <TopLine Value="198"/>
        <CursorPos Y="222"/>
        <UsageCount Value="10"/>
      </Unit135>
      <Unit136>
        <Filename Value="..\zengine\gdb\ugdbsimpledrawing.pas"/>
        <EditorIndex Value="-1"/>
        <TopLine Value="52"/>
        <CursorPos X="34" Y="70"/>
        <UsageCount Value="6"/>
      </Unit136>
      <Unit137>
        <Filename Value="..\zengine\gdb\ugdbabstractdrawing.pas"/>
        <EditorIndex Value="-1"/>
        <TopLine Value="12"/>
        <CursorPos X="34" Y="36"/>
        <UsageCount Value="6"/>
      </Unit137>
      <Unit138>
        <Filename Value="..\commands\gdbcommandsexample.pas"/>
        <EditorIndex Value="-1"/>
        <TopLine Value="49"/>
        <CursorPos X="41" Y="72"/>
        <UsageCount Value="6"/>
      </Unit138>
      <Unit139>
        <Filename Value="..\zengine\gdb\drawings\ugdbdrawingdef.pas"/>
        <UnitName Value="UGDBDrawingdef"/>
        <EditorIndex Value="-1"/>
        <TopLine Value="11"/>
        <CursorPos Y="25"/>
        <UsageCount Value="21"/>
      </Unit139>
      <Unit140>
        <Filename Value="..\zengine\u\UGDBSelectedObjArray.pas"/>
        <EditorIndex Value="-1"/>
        <TopLine Value="601"/>
        <CursorPos Y="630"/>
        <UsageCount Value="19"/>
      </Unit140>
      <Unit141>
        <Filename Value="..\zengine\gdb\drawings\ugdbdescriptor.pas"/>
        <UnitName Value="UGDBDescriptor"/>
        <EditorIndex Value="-1"/>
        <TopLine Value="952"/>
        <CursorPos Y="984"/>
        <UsageCount Value="31"/>
      </Unit141>
      <Unit142>
        <Filename Value="..\zengine\gdb\drawings\ugdbsimpledrawing.pas"/>
        <EditorIndex Value="-1"/>
        <TopLine Value="6"/>
        <CursorPos Y="20"/>
        <UsageCount Value="35"/>
      </Unit142>
      <Unit143>
        <Filename Value="..\zengine\gdb\gdbdrawcontext.pas"/>
        <EditorIndex Value="-1"/>
        <TopLine Value="7"/>
        <CursorPos X="20" Y="18"/>
        <UsageCount Value="27"/>
      </Unit143>
      <Unit144>
        <Filename Value="..\zcad\commands\uzcimport.pas"/>
        <EditorIndex Value="-1"/>
        <TopLine Value="19"/>
        <CursorPos Y="29"/>
        <UsageCount Value="68"/>
      </Unit144>
      <Unit145>
        <Filename Value="..\zcad\gui\generalviewarea.pas"/>
        <EditorIndex Value="-1"/>
        <TopLine Value="1567"/>
        <CursorPos X="8" Y="1583"/>
        <UsageCount Value="6"/>
      </Unit145>
      <Unit146>
        <Filename Value="..\zengine\gdb\drawings\ugdbabstractdrawing.pas"/>
        <EditorIndex Value="-1"/>
        <TopLine Value="12"/>
        <CursorPos X="68" Y="25"/>
        <UsageCount Value="21"/>
      </Unit146>
      <Unit147>
        <Filename Value="..\zengine\gdb\drawings\ugdbdrawing.pas"/>
        <EditorIndex Value="-1"/>
        <TopLine Value="274"/>
        <CursorPos Y="303"/>
        <UsageCount Value="24"/>
      </Unit147>
      <Unit148>
        <Filename Value="..\zengine\zgl\drawers\generalviewarea.pas"/>
        <EditorIndex Value="-1"/>
        <TopLine Value="12"/>
        <CursorPos X="28" Y="26"/>
        <UsageCount Value="41"/>
      </Unit148>
      <Unit149>
        <Filename Value="..\zengine\zgl\drawers\uzglopenglviewarea.pas"/>
        <EditorIndex Value="-1"/>
        <TopLine Value="33"/>
        <CursorPos X="5" Y="43"/>
        <UsageCount Value="29"/>
      </Unit149>
      <Unit150>
        <Filename Value="..\zengine\zgl\drawers\uzglgdiviewarea.pas"/>
        <EditorIndex Value="-1"/>
        <TopLine Value="24"/>
        <CursorPos X="5" Y="34"/>
        <UsageCount Value="33"/>
      </Unit150>
      <Unit151>
        <Filename Value="..\zengine\gdb\entities\GDBLine.pas"/>
        <EditorIndex Value="-1"/>
        <TopLine Value="13"/>
        <CursorPos Y="20"/>
        <UsageCount Value="17"/>
      </Unit151>
      <Unit152>
        <Filename Value="..\zengine\gdb\entities\GDBText.pas"/>
        <EditorIndex Value="-1"/>
        <TopLine Value="199"/>
        <CursorPos Y="224"/>
        <UsageCount Value="40"/>
      </Unit152>
      <Unit153>
        <Filename Value="..\zengine\gdb\entities\GDBMText.pas"/>
        <EditorIndex Value="-1"/>
        <TopLine Value="25"/>
        <CursorPos Y="60"/>
        <UsageCount Value="19"/>
      </Unit153>
      <Unit154>
        <Filename Value="..\zengine\gdb\entities\gdbaligneddimension.pas"/>
        <EditorIndex Value="-1"/>
        <TopLine Value="386"/>
        <CursorPos Y="414"/>
        <UsageCount Value="12"/>
      </Unit154>
      <Unit155>
        <Filename Value="..\zengine\gdb\entities\gdbdimension.pas"/>
        <EditorIndex Value="-1"/>
        <TopLine Value="585"/>
        <CursorPos Y="614"/>
        <UsageCount Value="13"/>
      </Unit155>
      <Unit156>
        <Filename Value="..\zengine\gdb\entities\gdbgenericdimension.pas"/>
        <EditorIndex Value="-1"/>
        <TopLine Value="160"/>
        <CursorPos Y="187"/>
        <UsageCount Value="10"/>
      </Unit156>
      <Unit157>
        <Filename Value="..\zengine\gdb\gdbentityfactory.pas"/>
        <EditorIndex Value="-1"/>
        <TopLine Value="59"/>
        <CursorPos Y="81"/>
        <UsageCount Value="9"/>
      </Unit157>
      <Unit158>
        <Filename Value="..\zengine\gdb\gdbase.pas"/>
        <EditorIndex Value="-1"/>
        <TopLine Value="100"/>
        <CursorPos Y="120"/>
        <UsageCount Value="16"/>
      </Unit158>
      <Unit159>
        <Filename Value="E:\ppsrc\rtl\objpas\sysutils\sysstrh.inc"/>
        <EditorIndex Value="-1"/>
        <TopLine Value="104"/>
        <CursorPos X="65" Y="124"/>
        <UsageCount Value="18"/>
      </Unit159>
      <Unit160>
        <Filename Value="..\zengine\gdb\gdbobjectsconstdef.pas"/>
        <EditorIndex Value="-1"/>
        <TopLine Value="216"/>
        <CursorPos X="3" Y="244"/>
        <UsageCount Value="17"/>
      </Unit160>
      <Unit161>
        <Filename Value="E:\ppsrc\rtl\inc\objpash.inc"/>
        <EditorIndex Value="-1"/>
        <TopLine Value="182"/>
        <CursorPos X="22" Y="199"/>
        <UsageCount Value="14"/>
      </Unit161>
      <Unit162>
        <Filename Value="..\zengine\misc\geometry.pas"/>
        <EditorIndex Value="-1"/>
        <TopLine Value="2038"/>
        <CursorPos X="104" Y="2047"/>
        <UsageCount Value="9"/>
      </Unit162>
      <Unit163>
        <Filename Value="..\zengine\gdb\entities\GDBEntity.pas"/>
        <EditorIndex Value="-1"/>
        <CursorPos X="19" Y="23"/>
        <UsageCount Value="17"/>
      </Unit163>
      <Unit164>
        <Filename Value="..\zengine\u\ugdbltypearray.pas"/>
        <EditorIndex Value="-1"/>
        <TopLine Value="656"/>
        <CursorPos Y="685"/>
        <UsageCount Value="8"/>
      </Unit164>
      <Unit165>
        <Filename Value="..\zcad\uzclog.pas"/>
        <EditorIndex Value="-1"/>
        <TopLine Value="21"/>
        <CursorPos X="23" Y="413"/>
        <UsageCount Value="22"/>
      </Unit165>
      <Unit166>
        <Filename Value="..\zengine\gdb\entities\GDBGenericSubEntry.pas"/>
        <EditorIndex Value="-1"/>
        <TopLine Value="597"/>
        <CursorPos Y="626"/>
        <UsageCount Value="10"/>
      </Unit166>
      <Unit167>
        <Filename Value="..\zengine\u\ugdbopenarrayofucommands.pas"/>
        <UnitName Value="UGDBOpenArrayOfUCommands"/>
        <EditorIndex Value="-1"/>
        <TopLine Value="9"/>
        <CursorPos Y="26"/>
        <UsageCount Value="5"/>
      </Unit167>
      <Unit168>
        <Filename Value="..\zengine\gdb\zeentitiesmanager.pas"/>
        <EditorIndex Value="-1"/>
        <CursorPos Y="26"/>
        <UsageCount Value="8"/>
      </Unit168>
      <Unit169>
        <Filename Value="..\zcad\entities\zclibraryblocksregister.pas"/>
        <EditorIndex Value="-1"/>
        <TopLine Value="22"/>
        <CursorPos X="59" Y="57"/>
        <UsageCount Value="7"/>
      </Unit169>
      <Unit170>
        <Filename Value="..\zengine\gdb\zeentityfactory.pas"/>
        <EditorIndex Value="-1"/>
        <TopLine Value="169"/>
        <CursorPos Y="187"/>
        <UsageCount Value="7"/>
      </Unit170>
      <Unit171>
        <Filename Value="..\zengine\gdb\zeblockdefsfactory.pas"/>
        <EditorIndex Value="-1"/>
        <TopLine Value="9"/>
        <CursorPos X="12" Y="25"/>
        <UsageCount Value="9"/>
      </Unit171>
      <Unit172>
        <Filename Value="..\zengine\misc\paths.pas"/>
        <EditorIndex Value="-1"/>
        <TopLine Value="10"/>
        <CursorPos X="10" Y="27"/>
        <UsageCount Value="5"/>
      </Unit172>
      <Unit173>
        <Filename Value="..\zcad\devicebase\DeviceBase.pas"/>
        <EditorIndex Value="-1"/>
        <TopLine Value="164"/>
        <CursorPos X="12" Y="181"/>
        <UsageCount Value="5"/>
      </Unit173>
      <Unit174>
        <Filename Value="..\zcad\gui\mainwindow.pas"/>
        <EditorIndex Value="-1"/>
        <TopLine Value="2908"/>
        <CursorPos X="20" Y="2910"/>
        <UsageCount Value="7"/>
      </Unit174>
      <Unit175>
        <Filename Value="..\zcad\uzcshared.pas"/>
        <EditorIndex Value="-1"/>
        <TopLine Value="122"/>
        <CursorPos X="6" Y="132"/>
        <UsageCount Value="9"/>
      </Unit175>
      <Unit176>
        <Filename Value="..\zengine\misc\glstatemanager.pas"/>
        <EditorIndex Value="-1"/>
        <TopLine Value="892"/>
        <CursorPos Y="917"/>
        <UsageCount Value="7"/>
      </Unit176>
      <Unit177>
        <Filename Value="..\zengine\misc\gluinterface.pas"/>
        <EditorIndex Value="-1"/>
        <TopLine Value="149"/>
        <CursorPos Y="169"/>
        <UsageCount Value="7"/>
      </Unit177>
      <Unit178>
        <Filename Value="..\zengine\u\UGDBTextStyleArray.pas"/>
        <EditorIndex Value="-1"/>
        <TopLine Value="9"/>
        <CursorPos X="26" Y="23"/>
        <UsageCount Value="10"/>
      </Unit178>
      <Unit179>
        <Filename Value="..\zengine\u\ugdbdimstylearray.pas"/>
        <EditorIndex Value="-1"/>
        <TopLine Value="481"/>
        <CursorPos Y="510"/>
        <UsageCount Value="7"/>
      </Unit179>
      <Unit180>
        <Filename Value="..\zengine\u\UGDBLayerArray.pas"/>
        <EditorIndex Value="-1"/>
        <TopLine Value="27"/>
        <CursorPos X="129" Y="51"/>
        <UsageCount Value="9"/>
      </Unit180>
      <Unit181>
        <Filename Value="..\zengine\gdb\entities\GDBSubordinated.pas"/>
        <EditorIndex Value="-1"/>
        <TopLine Value="305"/>
        <CursorPos X="11" Y="334"/>
        <UsageCount Value="29"/>
      </Unit181>
      <Unit182>
        <Filename Value="..\zengine\gdb\gdbobjectextender.pas"/>
        <EditorIndex Value="-1"/>
        <TopLine Value="11"/>
        <CursorPos X="54" Y="23"/>
        <UsageCount Value="1"/>
      </Unit182>
      <Unit183>
        <Filename Value="..\zengine\misc\zcadinterface.pas"/>
        <EditorIndex Value="-1"/>
        <TopLine Value="61"/>
        <CursorPos X="24" Y="83"/>
        <UsageCount Value="26"/>
      </Unit183>
      <Unit184>
        <Filename Value="..\zcad\lclmod\uinfoform.pas"/>
        <EditorIndex Value="-1"/>
        <TopLine Value="7"/>
        <CursorPos X="82" Y="27"/>
        <UsageCount Value="1"/>
      </Unit184>
      <Unit185>
        <Filename Value="..\zcad\commands\commandline.pas"/>
        <EditorIndex Value="-1"/>
        <TopLine Value="166"/>
        <CursorPos X="28" Y="181"/>
        <UsageCount Value="9"/>
      </Unit185>
      <Unit186>
        <Filename Value="..\zengine\u\undostack\zcobjectchangeundocommand.pas"/>
        <EditorIndex Value="-1"/>
        <TopLine Value="61"/>
        <CursorPos Y="81"/>
        <UsageCount Value="10"/>
      </Unit186>
      <Unit187>
        <Filename Value="..\zengine\gdb\entities\GDBWithMatrix.pas"/>
        <EditorIndex Value="-1"/>
        <TopLine Value="166"/>
        <CursorPos Y="195"/>
        <UsageCount Value="7"/>
      </Unit187>
      <Unit188>
        <Filename Value="..\zengine\gdb\GDBRoot.pas"/>
        <EditorIndex Value="-1"/>
        <TopLine Value="172"/>
        <CursorPos Y="200"/>
        <UsageCount Value="7"/>
      </Unit188>
      <Unit189>
        <Filename Value="..\zengine\gdb\entities\GDBComplex.pas"/>
        <EditorIndex Value="-1"/>
        <TopLine Value="286"/>
        <CursorPos Y="315"/>
        <UsageCount Value="7"/>
      </Unit189>
      <Unit190>
        <Filename Value="..\zengine\u\UGDBVisibleOpenArray.pas"/>
        <EditorIndex Value="-1"/>
        <TopLine Value="89"/>
        <CursorPos Y="117"/>
        <UsageCount Value="7"/>
      </Unit190>
      <Unit191>
        <Filename Value="..\zengine\u\UGDBOpenArrayOfPV.pas"/>
        <EditorIndex Value="-1"/>
        <TopLine Value="394"/>
        <CursorPos Y="423"/>
        <UsageCount Value="7"/>
      </Unit191>
      <Unit192>
        <Filename Value="..\zengine\gdb\entities\GDBAbstractText.pas"/>
        <EditorIndex Value="-1"/>
        <TopLine Value="6"/>
        <CursorPos X="55" Y="22"/>
        <UsageCount Value="7"/>
      </Unit192>
      <Unit193>
        <Filename Value="..\zengine\gdb\entities\GDBPoint.pas"/>
        <EditorIndex Value="-1"/>
        <TopLine Value="268"/>
        <CursorPos Y="296"/>
        <UsageCount Value="7"/>
      </Unit193>
      <Unit194>
        <Filename Value="..\zengine\zgl\drawers\uzglabstractviewarea.pas"/>
        <EditorIndex Value="-1"/>
        <TopLine Value="25"/>
        <CursorPos X="75" Y="40"/>
        <UsageCount Value="22"/>
      </Unit194>
      <Unit195>
        <Filename Value="..\zengine\zgl\drawers\uzglgeneralcanvasviewarea.pas"/>
        <EditorIndex Value="-1"/>
        <TopLine Value="20"/>
        <CursorPos Y="33"/>
        <UsageCount Value="22"/>
      </Unit195>
      <Unit196>
        <Filename Value="..\zengine\zgl\uzgprimitives.pas"/>
        <EditorIndex Value="-1"/>
        <TopLine Value="563"/>
        <CursorPos Y="591"/>
        <UsageCount Value="7"/>
      </Unit196>
      <Unit197>
        <Filename Value="..\zengine\u\UGDBControlPointArray.pas"/>
        <EditorIndex Value="-1"/>
        <TopLine Value="99"/>
        <CursorPos Y="127"/>
        <UsageCount Value="7"/>
      </Unit197>
      <Unit198>
        <Filename Value="..\zengine\gdb\UGDBEntTree.pas"/>
        <EditorIndex Value="-1"/>
        <CursorPos X="2" Y="15"/>
        <UsageCount Value="15"/>
      </Unit198>
      <Unit199>
        <Filename Value="..\zengine\gdb\entities\GDBWithLocalCS.pas"/>
        <EditorIndex Value="-1"/>
        <TopLine Value="288"/>
        <CursorPos Y="316"/>
        <UsageCount Value="7"/>
      </Unit199>
      <Unit200>
        <Filename Value="..\zengine\zgl\drawers\uzglgdidrawer.pas"/>
        <EditorIndex Value="-1"/>
        <TopLine Value="16"/>
        <CursorPos Y="54"/>
        <UsageCount Value="14"/>
      </Unit200>
      <Unit201>
        <Filename Value="..\zengine\gdb\entities\GDBPlain.pas"/>
        <EditorIndex Value="-1"/>
        <TopLine Value="53"/>
        <CursorPos Y="82"/>
        <UsageCount Value="7"/>
      </Unit201>
      <Unit202>
        <Filename Value="..\zengine\gdb\entities\GDBLWPolyLine.pas"/>
        <EditorIndex Value="-1"/>
        <TopLine Value="963"/>
        <CursorPos Y="991"/>
        <UsageCount Value="7"/>
      </Unit202>
      <Unit203>
        <Filename Value="..\zengine\gdb\entities\GDBPolyLine.pas"/>
        <EditorIndex Value="-1"/>
        <TopLine Value="268"/>
        <CursorPos Y="296"/>
        <UsageCount Value="7"/>
      </Unit203>
      <Unit204>
        <Filename Value="..\zengine\gdb\GDBBlockDef.pas"/>
        <EditorIndex Value="-1"/>
        <TopLine Value="151"/>
        <CursorPos Y="176"/>
        <UsageCount Value="7"/>
      </Unit204>
      <Unit205>
        <Filename Value="..\other\DirectX.inc"/>
        <EditorIndex Value="-1"/>
        <CursorPos X="4" Y="26"/>
        <UsageCount Value="1"/>
      </Unit205>
      <Unit206>
        <Filename Value="..\zengine\zgl\drawers\uzglgeneral2ddrawer.pas"/>
        <EditorIndex Value="-1"/>
        <TopLine Value="594"/>
        <CursorPos Y="622"/>
        <UsageCount Value="7"/>
      </Unit206>
      <Unit207>
        <Filename Value="..\zengine\gdb\entities\gdbdiametricdimension.pas"/>
        <EditorIndex Value="-1"/>
        <TopLine Value="246"/>
        <CursorPos Y="274"/>
        <UsageCount Value="7"/>
      </Unit207>
      <Unit208>
        <Filename Value="..\zengine\gdb\entities\gdbradialdimension.pas"/>
        <EditorIndex Value="-1"/>
        <TopLine Value="131"/>
        <CursorPos Y="159"/>
        <UsageCount Value="7"/>
      </Unit208>
      <Unit209>
        <Filename Value="..\zengine\u\undostack\zcmultiobjectcreateundocommand.pas"/>
        <EditorIndex Value="-1"/>
        <TopLine Value="57"/>
        <CursorPos X="3" Y="75"/>
        <UsageCount Value="1"/>
      </Unit209>
      <Unit210>
        <Filename Value="..\zcad\electroteh\GDBCommandsOPS.pas"/>
        <EditorIndex Value="-1"/>
        <TopLine Value="150"/>
        <CursorPos X="5" Y="173"/>
        <UsageCount Value="8"/>
      </Unit210>
      <Unit211>
        <Filename Value="..\zcad\commands\GDBCommandsDraw.pas"/>
        <EditorIndex Value="-1"/>
        <TopLine Value="3653"/>
        <CursorPos X="14" Y="3670"/>
        <UsageCount Value="10"/>
      </Unit211>
      <Unit212>
        <Filename Value="..\zcad\entities\enitiesextendervariables.pas"/>
        <EditorIndex Value="-1"/>
        <TopLine Value="112"/>
        <CursorPos Y="135"/>
        <UsageCount Value="27"/>
      </Unit212>
      <Unit213>
        <Filename Value="..\zengine\gdb\entities\gdbentityextender.pas"/>
        <EditorIndex Value="-1"/>
        <TopLine Value="111"/>
        <CursorPos X="74" Y="42"/>
        <UsageCount Value="27"/>
      </Unit213>
      <Unit214>
        <Filename Value="..\components\zscript\TypeDescriptors.pas"/>
        <EditorIndex Value="-1"/>
        <TopLine Value="50"/>
        <CursorPos X="23" Y="67"/>
        <UsageCount Value="7"/>
      </Unit214>
      <Unit215>
        <Filename Value="..\components\zscript\UBaseTypeDescriptor.pas"/>
        <EditorIndex Value="-1"/>
        <TopLine Value="252"/>
        <CursorPos X="38" Y="262"/>
        <UsageCount Value="7"/>
      </Unit215>
      <Unit216>
        <Filename Value="..\components\zscript\varman.pas"/>
        <UnitName Value="Varman"/>
        <EditorIndex Value="-1"/>
        <TopLine Value="172"/>
        <CursorPos X="42" Y="184"/>
        <UsageCount Value="7"/>
      </Unit216>
      <Unit217>
        <Filename Value="E:\lazarus\components\projectgroups\projectgroup.pp"/>
        <UnitName Value="ProjectGroup"/>
        <EditorIndex Value="-1"/>
        <TopLine Value="2"/>
        <CursorPos X="23" Y="17"/>
        <UsageCount Value="4"/>
      </Unit217>
      <Unit218>
        <Filename Value="..\zcad\commands\gdbcommandsinterface.pas"/>
        <EditorIndex Value="-1"/>
        <TopLine Value="199"/>
        <CursorPos X="14" Y="208"/>
        <UsageCount Value="7"/>
      </Unit218>
      <Unit219>
        <Filename Value="E:\lazarus\components\projectgroups\README.txt"/>
        <EditorIndex Value="-1"/>
        <UsageCount Value="3"/>
      </Unit219>
      <Unit220>
        <Filename Value="..\zengine\misc\uzelongprocessintf.pas"/>
        <EditorIndex Value="-1"/>
        <TopLine Value="10"/>
        <CursorPos X="18" Y="27"/>
        <UsageCount Value="4"/>
      </Unit220>
      <Unit221>
        <Filename Value="..\zengine\misc\uzelongprocesssupport.pas"/>
        <EditorIndex Value="-1"/>
        <TopLine Value="37"/>
        <CursorPos X="31" Y="46"/>
        <UsageCount Value="18"/>
      </Unit221>
      <Unit222>
        <Filename Value="..\components\zebase\paths.pas"/>
        <EditorIndex Value="-1"/>
        <TopLine Value="67"/>
        <CursorPos Y="85"/>
        <UsageCount Value="10"/>
      </Unit222>
      <Unit223>
        <Filename Value="..\components\zebase\usimplegenerics.pas"/>
        <EditorIndex Value="-1"/>
        <TopLine Value="39"/>
        <CursorPos X="31" Y="54"/>
        <UsageCount Value="8"/>
      </Unit223>
      <Unit224>
        <Filename Value="E:\ppsrc\packages\fcl-stl\src\gvector.pp"/>
        <EditorIndex Value="-1"/>
        <TopLine Value="51"/>
        <CursorPos X="15" Y="65"/>
        <UsageCount Value="7"/>
      </Unit224>
      <Unit225>
        <Filename Value="..\zengine\gdb\entities\gdbrotateddimension.pas"/>
        <EditorIndex Value="-1"/>
        <TopLine Value="129"/>
        <CursorPos Y="157"/>
        <UsageCount Value="7"/>
      </Unit225>
      <Unit226>
        <Filename Value="..\zengine\u\UGDBOutbound2DIArray.pas"/>
        <EditorIndex Value="-1"/>
        <TopLine Value="202"/>
        <CursorPos Y="231"/>
        <UsageCount Value="7"/>
      </Unit226>
      <Unit227>
        <Filename Value="..\zengine\u\UGDBPolyLine2DArray.pas"/>
        <EditorIndex Value="-1"/>
        <TopLine Value="237"/>
        <CursorPos Y="266"/>
        <UsageCount Value="7"/>
      </Unit227>
      <Unit228>
        <Filename Value="..\zengine\gdb\entities\GDBCurve.pas"/>
        <EditorIndex Value="-1"/>
        <TopLine Value="902"/>
        <CursorPos Y="931"/>
        <UsageCount Value="7"/>
      </Unit228>
      <Unit229>
        <Filename Value="..\components\zscriptbase\strmy.pas"/>
        <EditorIndex Value="-1"/>
        <TopLine Value="27"/>
        <CursorPos X="7" Y="41"/>
        <UsageCount Value="6"/>
      </Unit229>
      <Unit230>
        <Filename Value="..\zengine\fileformats\iodxf.pas"/>
        <EditorIndex Value="-1"/>
        <TopLine Value="12"/>
        <CursorPos X="32" Y="25"/>
        <UsageCount Value="10"/>
      </Unit230>
      <Unit231>
        <Filename Value="..\zengine\misc\plugins.pas"/>
        <EditorIndex Value="-1"/>
        <TopLine Value="126"/>
        <CursorPos Y="151"/>
        <UsageCount Value="7"/>
      </Unit231>
      <Unit232>
        <Filename Value="..\zengine\fileformats\dxflow.pas"/>
        <EditorIndex Value="-1"/>
        <TopLine Value="21"/>
        <CursorPos X="18" Y="34"/>
        <UsageCount Value="11"/>
      </Unit232>
      <Unit233>
        <Filename Value="..\zengine\fileformats\iodwg.pas"/>
        <EditorIndex Value="-1"/>
        <TopLine Value="1404"/>
        <CursorPos Y="1432"/>
        <UsageCount Value="7"/>
      </Unit233>
      <Unit234>
        <Filename Value="..\zengine\fileformats\iopalette.pas"/>
        <EditorIndex Value="-1"/>
        <TopLine Value="34"/>
        <CursorPos Y="62"/>
        <UsageCount Value="7"/>
      </Unit234>
      <Unit235>
        <Filename Value="..\zengine\fileformats\ioshx.pas"/>
        <EditorIndex Value="-1"/>
        <TopLine Value="843"/>
        <UsageCount Value="10"/>
      </Unit235>
      <Unit236>
        <Filename Value="..\zengine\fileformats\iottf.pas"/>
        <EditorIndex Value="-1"/>
        <TopLine Value="73"/>
        <CursorPos Y="101"/>
        <UsageCount Value="7"/>
      </Unit236>
      <Unit237>
        <Filename Value="..\zengine\fonts\ugdbbasefont.pas"/>
        <EditorIndex Value="-1"/>
        <TopLine Value="177"/>
        <CursorPos Y="205"/>
        <UsageCount Value="7"/>
      </Unit237>
      <Unit238>
        <Filename Value="..\components\zebase\def.inc"/>
        <EditorIndex Value="-1"/>
        <TopLine Value="13"/>
        <CursorPos X="25" Y="42"/>
        <UsageCount Value="7"/>
      </Unit238>
      <Unit239>
        <Filename Value="..\zengine\fonts\ugdbfont.pas"/>
        <EditorIndex Value="-1"/>
        <TopLine Value="30"/>
        <CursorPos X="4" Y="46"/>
        <UsageCount Value="8"/>
      </Unit239>
      <Unit240>
        <Filename Value="..\zengine\fonts\UGDBFontManager.pas"/>
        <EditorIndex Value="-1"/>
        <TopLine Value="8"/>
        <CursorPos X="85" Y="22"/>
        <UsageCount Value="16"/>
      </Unit240>
      <Unit241>
        <Filename Value="..\zengine\fonts\ugdbshxfont.pas"/>
        <EditorIndex Value="-1"/>
        <TopLine Value="22"/>
        <CursorPos Y="50"/>
        <UsageCount Value="7"/>
      </Unit241>
      <Unit242>
        <Filename Value="..\zengine\fonts\ugdbttffont.pas"/>
        <EditorIndex Value="-1"/>
        <TopLine Value="520"/>
        <CursorPos Y="549"/>
        <UsageCount Value="7"/>
      </Unit242>
      <Unit243>
        <Filename Value="..\zengine\gdb\GDBCamera.pas"/>
        <EditorIndex Value="-1"/>
        <TopLine Value="125"/>
        <CursorPos Y="154"/>
        <UsageCount Value="7"/>
      </Unit243>
      <Unit244>
        <Filename Value="..\zengine\gdb\gdbfieldprocessorimpl.pas"/>
        <EditorIndex Value="-1"/>
        <TopLine Value="44"/>
        <CursorPos Y="71"/>
        <UsageCount Value="7"/>
      </Unit244>
      <Unit245>
        <Filename Value="..\zengine\gdb\GDBHelpObj.pas"/>
        <EditorIndex Value="-1"/>
        <TopLine Value="35"/>
        <CursorPos Y="61"/>
        <UsageCount Value="7"/>
      </Unit245>
      <Unit246>
        <Filename Value="..\zengine\gdb\gdbpalette.pas"/>
        <EditorIndex Value="-1"/>
        <TopLine Value="276"/>
        <CursorPos Y="304"/>
        <UsageCount Value="7"/>
      </Unit246>
      <Unit247>
        <Filename Value="..\zengine\gdb\GDBTable.pas"/>
        <EditorIndex Value="-1"/>
        <TopLine Value="302"/>
        <CursorPos Y="331"/>
        <UsageCount Value="7"/>
      </Unit247>
      <Unit248>
        <Filename Value="..\zengine\gdb\gdbvisualprop.pas"/>
        <EditorIndex Value="-1"/>
        <TopLine Value="21"/>
        <CursorPos Y="50"/>
        <UsageCount Value="7"/>
      </Unit248>
      <Unit249>
        <Filename Value="..\zengine\gdb\ugdbtrash.pas"/>
        <EditorIndex Value="-1"/>
        <TopLine Value="23"/>
        <CursorPos Y="52"/>
        <UsageCount Value="7"/>
      </Unit249>
      <Unit250>
        <Filename Value="..\zengine\gdb\ugdbutil.pas"/>
        <EditorIndex Value="-1"/>
        <TopLine Value="10"/>
        <CursorPos Y="39"/>
        <UsageCount Value="7"/>
      </Unit250>
      <Unit251>
        <Filename Value="..\zengine\gdb\zedimblocksregister.pas"/>
        <EditorIndex Value="-1"/>
        <TopLine Value="33"/>
        <CursorPos Y="48"/>
        <UsageCount Value="7"/>
      </Unit251>
      <Unit252>
        <Filename Value="..\zengine\gdb\entities\GDB3d.pas"/>
        <EditorIndex Value="-1"/>
        <CursorPos Y="30"/>
        <UsageCount Value="7"/>
      </Unit252>
      <Unit253>
        <Filename Value="..\zengine\gdb\entities\GDBConnected.pas"/>
        <EditorIndex Value="-1"/>
        <TopLine Value="9"/>
        <CursorPos Y="38"/>
        <UsageCount Value="7"/>
      </Unit253>
      <Unit254>
        <Filename Value="..\zengine\gdb\entities\GDBPlainWithOX.pas"/>
        <EditorIndex Value="-1"/>
        <TopLine Value="42"/>
        <CursorPos Y="71"/>
        <UsageCount Value="7"/>
      </Unit254>
      <Unit255>
        <Filename Value="..\zengine\misc\beziersolver.pas"/>
        <EditorIndex Value="-1"/>
        <TopLine Value="235"/>
        <CursorPos Y="261"/>
        <UsageCount Value="7"/>
      </Unit255>
      <Unit256>
        <Filename Value="..\zengine\misc\lclintfex.pas"/>
        <EditorIndex Value="-1"/>
        <TopLine Value="69"/>
        <CursorPos Y="96"/>
        <UsageCount Value="7"/>
      </Unit256>
      <Unit257>
        <Filename Value="..\zengine\misc\printerspecfunc.pas"/>
        <EditorIndex Value="-1"/>
        <TopLine Value="189"/>
        <CursorPos Y="218"/>
        <UsageCount Value="7"/>
      </Unit257>
      <Unit258>
        <Filename Value="..\zengine\misc\sysinfo.pas"/>
        <UnitName Value="SysInfo"/>
        <EditorIndex Value="-1"/>
        <TopLine Value="133"/>
        <CursorPos Y="148"/>
        <UsageCount Value="7"/>
      </Unit258>
      <Unit259>
        <Filename Value="..\zengine\misc\WindowsSpecific.pas"/>
        <EditorIndex Value="-1"/>
        <TopLine Value="63"/>
        <CursorPos Y="92"/>
        <UsageCount Value="7"/>
      </Unit259>
      <Unit260>
        <Filename Value="..\zengine\u\UCableManager.pas"/>
        <EditorIndex Value="-1"/>
        <TopLine Value="225"/>
        <CursorPos Y="254"/>
        <UsageCount Value="7"/>
      </Unit260>
      <Unit261>
        <Filename Value="..\zengine\u\UGDBBillOfMaterial.pas"/>
        <EditorIndex Value="-1"/>
        <TopLine Value="63"/>
        <CursorPos Y="92"/>
        <UsageCount Value="7"/>
      </Unit261>
      <Unit262>
        <Filename Value="..\zengine\u\UGDBGraf.pas"/>
        <EditorIndex Value="-1"/>
        <TopLine Value="406"/>
        <CursorPos Y="435"/>
        <UsageCount Value="7"/>
      </Unit262>
      <Unit263>
        <Filename Value="..\zengine\u\UGDBLineWidthArray.pas"/>
        <EditorIndex Value="-1"/>
        <TopLine Value="16"/>
        <CursorPos Y="44"/>
        <UsageCount Value="7"/>
      </Unit263>
      <Unit264>
        <Filename Value="..\zengine\u\UGDBNamedObjectsArray.pas"/>
        <EditorIndex Value="-1"/>
        <TopLine Value="164"/>
        <CursorPos Y="193"/>
        <UsageCount Value="7"/>
      </Unit264>
      <Unit265>
        <Filename Value="..\zengine\u\UGDBNumerator.pas"/>
        <EditorIndex Value="-1"/>
        <TopLine Value="91"/>
        <CursorPos Y="120"/>
        <UsageCount Value="7"/>
      </Unit265>
      <Unit266>
        <Filename Value="..\zengine\u\UGDBObjBlockdefArray.pas"/>
        <EditorIndex Value="-1"/>
        <TopLine Value="134"/>
        <CursorPos Y="163"/>
        <UsageCount Value="7"/>
      </Unit266>
      <Unit267>
        <Filename Value="..\zengine\u\ugdbopenarrayofgdbdouble.pas"/>
        <EditorIndex Value="-1"/>
        <TopLine Value="70"/>
        <CursorPos Y="99"/>
        <UsageCount Value="7"/>
      </Unit267>
      <Unit268>
        <Filename Value="..\zengine\u\ugdbopenarrayofpidentobects.pas"/>
        <EditorIndex Value="-1"/>
        <TopLine Value="28"/>
        <CursorPos Y="57"/>
        <UsageCount Value="7"/>
      </Unit268>
      <Unit269>
        <Filename Value="..\zengine\u\UGDBPoint3DArray.pas"/>
        <EditorIndex Value="-1"/>
        <TopLine Value="239"/>
        <CursorPos Y="267"/>
        <UsageCount Value="7"/>
      </Unit269>
      <Unit270>
        <Filename Value="..\zengine\u\UGDBPolyPoint2DArray.pas"/>
        <EditorIndex Value="-1"/>
        <TopLine Value="125"/>
        <CursorPos Y="154"/>
        <UsageCount Value="7"/>
      </Unit270>
      <Unit271>
        <Filename Value="..\zengine\u\UGDBPolyPoint3DArray.pas"/>
        <EditorIndex Value="-1"/>
        <TopLine Value="490"/>
        <CursorPos Y="518"/>
        <UsageCount Value="7"/>
      </Unit271>
      <Unit272>
        <Filename Value="..\zengine\u\UGDBTable.pas"/>
        <EditorIndex Value="-1"/>
        <TopLine Value="86"/>
        <CursorPos Y="115"/>
        <UsageCount Value="7"/>
      </Unit272>
      <Unit273>
        <Filename Value="..\zengine\u\UGDBTableStyleArray.pas"/>
        <EditorIndex Value="-1"/>
        <TopLine Value="71"/>
        <CursorPos Y="100"/>
        <UsageCount Value="7"/>
      </Unit273>
      <Unit274>
        <Filename Value="..\zengine\u\UGDBTracePropArray.pas"/>
        <EditorIndex Value="-1"/>
        <TopLine Value="17"/>
        <CursorPos Y="46"/>
        <UsageCount Value="7"/>
      </Unit274>
      <Unit275>
        <Filename Value="..\zengine\u\UGDBVectorSnapArray.pas"/>
        <EditorIndex Value="-1"/>
        <TopLine Value="15"/>
        <CursorPos Y="44"/>
        <UsageCount Value="7"/>
      </Unit275>
      <Unit276>
        <Filename Value="..\zengine\u\UGDBVisibleTreeArray.pas"/>
        <EditorIndex Value="-1"/>
        <TopLine Value="42"/>
        <CursorPos Y="70"/>
        <UsageCount Value="7"/>
      </Unit276>
      <Unit277>
        <Filename Value="..\zengine\u\UGDBXYZWStringArray.pas"/>
        <EditorIndex Value="-1"/>
        <TopLine Value="20"/>
        <CursorPos Y="49"/>
        <UsageCount Value="7"/>
      </Unit277>
      <Unit278>
        <Filename Value="..\zengine\zgl\uzgindexsarray.pas"/>
        <EditorIndex Value="-1"/>
        <TopLine Value="15"/>
        <CursorPos Y="43"/>
        <UsageCount Value="7"/>
      </Unit278>
      <Unit279>
        <Filename Value="..\zengine\zgl\uzglgeomdata.pas"/>
        <EditorIndex Value="-1"/>
        <TopLine Value="40"/>
        <CursorPos Y="68"/>
        <UsageCount Value="7"/>
      </Unit279>
      <Unit280>
        <Filename Value="..\zengine\zgl\uzglgeometry.pas"/>
        <EditorIndex Value="-1"/>
        <TopLine Value="748"/>
        <CursorPos Y="776"/>
        <UsageCount Value="7"/>
      </Unit280>
      <Unit281>
        <Filename Value="..\zengine\zgl\uzglvectorobject.pas"/>
        <EditorIndex Value="-1"/>
        <TopLine Value="375"/>
        <CursorPos Y="403"/>
        <UsageCount Value="7"/>
      </Unit281>
      <Unit282>
        <Filename Value="..\zengine\zgl\uzgprimitivescreator.pas"/>
        <EditorIndex Value="-1"/>
        <TopLine Value="110"/>
        <CursorPos X="29" Y="138"/>
        <UsageCount Value="9"/>
      </Unit282>
      <Unit283>
        <Filename Value="..\zengine\zgl\uzgprimitivescreatorabstract.pas"/>
        <EditorIndex Value="-1"/>
        <TopLine Value="11"/>
        <CursorPos Y="25"/>
        <UsageCount Value="9"/>
      </Unit283>
      <Unit284>
        <Filename Value="..\zengine\zgl\uzgprimitivessarray.pas"/>
        <EditorIndex Value="-1"/>
        <TopLine Value="26"/>
        <CursorPos Y="54"/>
        <UsageCount Value="7"/>
      </Unit284>
      <Unit285>
        <Filename Value="..\zengine\zgl\uzgvertex3sarray.pas"/>
        <EditorIndex Value="-1"/>
        <TopLine Value="59"/>
        <CursorPos Y="87"/>
        <UsageCount Value="7"/>
      </Unit285>
      <Unit286>
        <Filename Value="..\zengine\zgl\drawers\uzglabstractdrawer.pas"/>
        <EditorIndex Value="-1"/>
        <TopLine Value="62"/>
        <CursorPos Y="90"/>
        <UsageCount Value="7"/>
      </Unit286>
      <Unit287>
        <Filename Value="..\zengine\zgl\drawers\uzglcanvasdrawer.pas"/>
        <EditorIndex Value="-1"/>
        <TopLine Value="165"/>
        <CursorPos Y="190"/>
        <UsageCount Value="7"/>
      </Unit287>
      <Unit288>
        <Filename Value="..\zengine\zgl\drawers\uzglcanvasviewarea.pas"/>
        <EditorIndex Value="-1"/>
        <TopLine Value="38"/>
        <CursorPos Y="66"/>
        <UsageCount Value="7"/>
      </Unit288>
      <Unit289>
        <Filename Value="..\zengine\zgl\drawers\uzglgeneraldrawer.pas"/>
        <EditorIndex Value="-1"/>
        <TopLine Value="237"/>
        <CursorPos X="13" Y="262"/>
        <UsageCount Value="9"/>
      </Unit289>
      <Unit290>
        <Filename Value="..\zengine\zgl\drawers\uzglopengldrawer.pas"/>
        <EditorIndex Value="-1"/>
        <TopLine Value="11"/>
        <CursorPos X="23" Y="49"/>
        <UsageCount Value="14"/>
      </Unit290>
      <Unit291>
        <Filename Value="..\zcad\gui\zcadstrconsts.pas"/>
        <EditorIndex Value="-1"/>
        <TopLine Value="154"/>
        <UsageCount Value="9"/>
      </Unit291>
      <Unit292>
        <Filename Value="..\zcad\gui\backendmanager.pas"/>
        <EditorIndex Value="-1"/>
        <TopLine Value="18"/>
        <CursorPos X="20" Y="19"/>
        <UsageCount Value="7"/>
      </Unit292>
      <Unit293>
        <Filename Value="..\zcad\languade\zcadsysvars.pas"/>
        <EditorIndex Value="-1"/>
        <TopLine Value="125"/>
        <CursorPos X="33" Y="138"/>
        <UsageCount Value="14"/>
      </Unit293>
      <Unit294>
        <Filename Value="..\components\zcontainers\UGDBStringArray.pas"/>
        <EditorIndex Value="-1"/>
        <TopLine Value="26"/>
        <CursorPos X="5" Y="44"/>
        <UsageCount Value="7"/>
      </Unit294>
      <Unit295>
        <Filename Value="..\zcad\register\zcregistergeneralwiewarea.pas"/>
        <EditorIndex Value="-1"/>
        <CursorPos X="21" Y="22"/>
        <UsageCount Value="7"/>
      </Unit295>
      <Unit296>
        <Filename Value="..\components\zscript\URecordDescriptor.pas"/>
        <EditorIndex Value="-1"/>
        <TopLine Value="484"/>
        <CursorPos X="167" Y="504"/>
        <UsageCount Value="7"/>
      </Unit296>
      <Unit297>
        <Filename Value="..\components\zscript\UPointerDescriptor.pas"/>
        <EditorIndex Value="-1"/>
        <TopLine Value="7"/>
        <CursorPos X="28" Y="30"/>
        <UsageCount Value="7"/>
      </Unit297>
      <Unit298>
        <Filename Value="E:\lazarus\components\sparta\dockedformeditor\source\sparta_mainide.pas"/>
        <UnitName Value="sparta_MainIDE"/>
        <EditorIndex Value="-1"/>
        <TopLine Value="10"/>
        <UsageCount Value="8"/>
      </Unit298>
      <Unit299>
        <Filename Value="E:\ppsrc\packages\fcl-stl\src\ghashmap.pp"/>
        <EditorIndex Value="-1"/>
        <TopLine Value="11"/>
        <UsageCount Value="8"/>
      </Unit299>
      <Unit300>
        <Filename Value="E:\lazarus\lcl\lresources.pp"/>
        <UnitName Value="LResources"/>
        <EditorIndex Value="-1"/>
        <CursorPos X="16" Y="24"/>
        <UsageCount Value="15"/>
      </Unit300>
      <Unit301>
        <Filename Value="..\components\zcontainers\UGDBOpenArrayOfByte.pas"/>
        <EditorIndex Value="-1"/>
        <TopLine Value="15"/>
        <CursorPos X="25" Y="19"/>
        <UsageCount Value="15"/>
      </Unit301>
      <Unit302>
        <Filename Value="E:\ppsrc\packages\fcl-stl\src\gmap.pp"/>
        <EditorIndex Value="-1"/>
        <TopLine Value="92"/>
        <CursorPos Y="108"/>
        <UsageCount Value="15"/>
      </Unit302>
      <Unit303>
        <Filename Value="..\components\zebase\gdbase.pas"/>
        <EditorIndex Value="-1"/>
        <TopLine Value="327"/>
        <CursorPos X="20" Y="351"/>
        <UsageCount Value="9"/>
      </Unit303>
      <Unit304>
        <Filename Value="..\components\zebase\memman.pas"/>
        <EditorIndex Value="-1"/>
        <TopLine Value="181"/>
        <CursorPos Y="196"/>
        <UsageCount Value="9"/>
      </Unit304>
      <Unit305>
        <Filename Value="E:\lazarus\lcl\lmessages.pp"/>
        <UnitName Value="LMessages"/>
        <EditorIndex Value="-1"/>
        <TopLine Value="428"/>
        <CursorPos X="3" Y="444"/>
        <UsageCount Value="16"/>
      </Unit305>
      <Unit306>
        <Filename Value="E:\lazarus\lcl\controls.pp"/>
        <UnitName Value="Controls"/>
        <EditorIndex Value="-1"/>
        <TopLine Value="2236"/>
        <CursorPos X="28" Y="2251"/>
        <UsageCount Value="11"/>
      </Unit306>
      <Unit307>
        <Filename Value="..\zengine\fileformats\fileformatsmanager.pas"/>
        <EditorIndex Value="-1"/>
        <TopLine Value="17"/>
        <CursorPos X="21" Y="31"/>
        <UsageCount Value="11"/>
      </Unit307>
      <Unit308>
        <Filename Value="..\zcad\uzcstrconsts.pas"/>
        <EditorIndex Value="-1"/>
        <CursorPos X="18" Y="19"/>
        <UsageCount Value="10"/>
      </Unit308>
      <Unit309>
        <Filename Value="..\zengine\gdb\entities\uzeentmtext.pas"/>
        <EditorIndex Value="-1"/>
        <UsageCount Value="10"/>
      </Unit309>
      <Unit310>
        <Filename Value="..\zengine\fonts\uzefontmanager.pas"/>
        <EditorIndex Value="10"/>
        <UsageCount Value="10"/>
        <Loaded Value="True"/>
      </Unit310>
      <Unit311>
        <Filename Value="..\zengine\zgl\drawers\uzgldrawerabstract.pas"/>
        <EditorIndex Value="-1"/>
        <TopLine Value="3"/>
        <CursorPos X="64" Y="22"/>
        <UsageCount Value="10"/>
      </Unit311>
      <Unit312>
        <Filename Value="..\zengine\core\drawings\uzedrawingdef.pas"/>
        <EditorIndex Value="3"/>
        <TopLine Value="9"/>
        <CursorPos Y="24"/>
        <UsageCount Value="10"/>
        <Loaded Value="True"/>
      </Unit312>
      <Unit313>
        <Filename Value="..\zengine\core\uzeentitiesmanager.pas"/>
        <EditorIndex Value="20"/>
        <TopLine Value="5"/>
        <CursorPos X="6" Y="25"/>
        <UsageCount Value="10"/>
        <Loaded Value="True"/>
      </Unit313>
      <Unit314>
        <Filename Value="..\components\zebase\uzbtypes.pas"/>
        <EditorIndex Value="-1"/>
        <TopLine Value="260"/>
        <CursorPos Y="259"/>
        <UsageCount Value="10"/>
      </Unit314>
      <Unit315>
        <Filename Value="..\zengine\fileformats\uzeffdxf.pas"/>
        <EditorIndex Value="16"/>
        <TopLine Value="45"/>
        <CursorPos X="10" Y="60"/>
        <UsageCount Value="10"/>
        <Loaded Value="True"/>
      </Unit315>
      <Unit316>
        <Filename Value="..\zengine\core\entities\uzeenrepresentation.pas"/>
        <EditorIndex Value="-1"/>
        <TopLine Value="5"/>
        <CursorPos X="6" Y="25"/>
        <UsageCount Value="10"/>
      </Unit316>
      <Unit317>
        <Filename Value="..\zengine\core\entities\uzeent3dface.pas"/>
        <EditorIndex Value="15"/>
        <TopLine Value="10"/>
        <CursorPos X="18" Y="18"/>
        <UsageCount Value="10"/>
        <Loaded Value="True"/>
      </Unit317>
      <Unit318>
        <Filename Value="..\zengine\core\entities\uzeentspline.pas"/>
        <UnitName Value="uzeEntSpline"/>
        <EditorIndex Value="12"/>
        <TopLine Value="15"/>
        <CursorPos X="18" Y="39"/>
        <UsageCount Value="10"/>
        <Loaded Value="True"/>
      </Unit318>
      <Unit319>
        <Filename Value="..\components\zcontainers\gzctnrvector.pas"/>
        <UnitName Value="gzctnrVector"/>
        <EditorIndex Value="-1"/>
        <TopLine Value="92"/>
        <CursorPos X="18" Y="111"/>
        <UsageCount Value="10"/>
      </Unit319>
      <Unit320>
        <Filename Value="..\zengine\containers\UGDBPoint3DArray.pas"/>
        <EditorIndex Value="14"/>
        <TopLine Value="8"/>
        <CursorPos Y="28"/>
        <UsageCount Value="10"/>
        <Loaded Value="True"/>
      </Unit320>
      <Unit321>
        <Filename Value="..\zengine\core\entities\uzeentcurve.pas"/>
        <EditorIndex Value="13"/>
        <TopLine Value="13"/>
        <CursorPos X="18" Y="33"/>
        <UsageCount Value="10"/>
        <Loaded Value="True"/>
      </Unit321>
      <Unit322>
        <Filename Value="..\zengine\misc\uzeparser.pas"/>
        <EditorIndex Value="11"/>
        <TopLine Value="10"/>
        <CursorPos X="15" Y="30"/>
        <UsageCount Value="10"/>
        <Loaded Value="True"/>
      </Unit322>
      <Unit323>
        <Filename Value="..\components\zbaseutils\uzbhandles.pas"/>
        <UnitName Value="uzbHandles"/>
        <EditorIndex Value="-1"/>
        <UsageCount Value="10"/>
      </Unit323>
      <Unit324>
        <Filename Value="..\zengine\fileformats\uzeffmanager.pas"/>
        <EditorIndex Value="19"/>
        <TopLine Value="35"/>
        <CursorPos X="19" Y="57"/>
        <UsageCount Value="10"/>
        <Loaded Value="True"/>
      </Unit324>
      <Unit325>
        <Filename Value="..\zengine\fileformats\uzeffdxfsupport.pas"/>
        <EditorIndex Value="8"/>
        <TopLine Value="284"/>
        <CursorPos X="26" Y="294"/>
        <UsageCount Value="10"/>
        <Loaded Value="True"/>
      </Unit325>
      <Unit326>
        <Filename Value="..\zengine\core\entities\uzeenttext.pas"/>
        <EditorIndex Value="7"/>
        <TopLine Value="43"/>
        <CursorPos Y="247"/>
        <UsageCount Value="10"/>
        <Loaded Value="True"/>
      </Unit326>
      <Unit327>
        <Filename Value="..\zengine\fonts\uzefontshx.pas"/>
        <EditorIndex Value="5"/>
        <UsageCount Value="10"/>
        <Loaded Value="True"/>
      </Unit327>
      <Unit328>
        <Filename Value="..\zengine\fonts\uzefontfileformatshx.pas"/>
        <UnitName Value="uzeFontFileFormatSHX"/>
        <EditorIndex Value="6"/>
        <CursorPos X="26" Y="19"/>
        <UsageCount Value="10"/>
        <Loaded Value="True"/>
      </Unit328>
      <Unit329>
        <Filename Value="..\zengine\core\drawings\uzedrawingsimple.pas"/>
        <EditorIndex Value="1"/>
        <TopLine Value="13"/>
        <CursorPos X="26" Y="28"/>
        <UsageCount Value="10"/>
        <Loaded Value="True"/>
      </Unit329>
      <Unit330>
        <Filename Value="..\components\zunits\src\uzbunits.pas"/>
        <UnitName Value="uzbUnits"/>
        <EditorIndex Value="2"/>
        <CursorPos X="6" Y="19"/>
        <UsageCount Value="10"/>
        <Loaded Value="True"/>
      </Unit330>
      <Unit331>
        <Filename Value="..\zcad\commands\uzccommand_copyclip.pas"/>
        <UnitName Value="uzcCommand_CopyClip"/>
        <EditorIndex Value="18"/>
        <TopLine Value="49"/>
        <CursorPos X="60" Y="65"/>
        <UsageCount Value="10"/>
        <Loaded Value="True"/>
      </Unit331>
      <Unit332>
        <Filename Value="..\zcad\commands\uzccommand_saveas.pas"/>
        <EditorIndex Value="17"/>
        <TopLine Value="39"/>
        <CursorPos X="26" Y="55"/>
        <UsageCount Value="10"/>
        <Loaded Value="True"/>
      </Unit332>
      <Unit333>
        <Filename Value="Y:\ppsrc\rtl\inc\systemh.inc"/>
        <EditorIndex Value="9"/>
        <TopLine Value="671"/>
        <CursorPos X="3" Y="686"/>
        <UsageCount Value="10"/>
        <Loaded Value="True"/>
      </Unit333>
    </Units>
    <JumpHistory Count="30" HistoryIndex="29">
      <Position1>
        <Filename Value="umainform.pas"/>
        <Caret Line="189" Column="60" TopLine="169"/>
      </Position1>
      <Position2>
        <Filename Value="umainform.pas"/>
        <Caret Line="31" Column="12" TopLine="8"/>
      </Position2>
      <Position3>
        <Filename Value="umainform.pas"/>
        <Caret Line="233" Column="50" TopLine="24"/>
      </Position3>
      <Position4>
        <Filename Value="umainform.pas"/>
        <Caret Line="229" Column="61" TopLine="214"/>
      </Position4>
      <Position5>
        <Filename Value="umainform.pas"/>
        <Caret Line="242" Column="61" TopLine="227"/>
      </Position5>
      <Position6>
        <Filename Value="umainform.pas"/>
        <Caret Line="229" Column="71" TopLine="227"/>
      </Position6>
      <Position7>
        <Filename Value="umainform.pas"/>
        <Caret Line="252" Column="20" TopLine="237"/>
      </Position7>
      <Position8>
        <Filename Value="umainform.pas"/>
        <Caret Line="275" Column="43" TopLine="261"/>
      </Position8>
      <Position9>
        <Filename Value="umainform.pas"/>
        <Caret Line="292" Column="16" TopLine="277"/>
      </Position9>
      <Position10>
        <Filename Value="umainform.pas"/>
        <Caret Line="321" Column="43" TopLine="306"/>
      </Position10>
      <Position11>
        <Filename Value="umainform.pas"/>
        <Caret Line="340" Column="17" TopLine="325"/>
      </Position11>
      <Position12>
        <Filename Value="umainform.pas"/>
        <Caret Line="366" Column="46" TopLine="352"/>
      </Position12>
      <Position13>
        <Filename Value="umainform.pas"/>
        <Caret Line="396" Column="17" TopLine="380"/>
      </Position13>
      <Position14>
        <Filename Value="umainform.pas"/>
        <Caret Line="417" Column="46" TopLine="403"/>
      </Position14>
      <Position15>
        <Filename Value="umainform.pas"/>
        <Caret Line="481" Column="17" TopLine="466"/>
      </Position15>
      <Position16>
        <Filename Value="umainform.pas"/>
        <Caret Line="494" Column="46" TopLine="480"/>
      </Position16>
      <Position17>
        <Filename Value="umainform.pas"/>
        <Caret Line="510" Column="17" TopLine="495"/>
      </Position17>
      <Position18>
        <Filename Value="umainform.pas"/>
        <Caret Line="529" Column="46" TopLine="515"/>
      </Position18>
      <Position19>
        <Filename Value="umainform.pas"/>
        <Caret Line="558" Column="46" TopLine="544"/>
      </Position19>
      <Position20>
        <Filename Value="umainform.pas"/>
        <Caret Line="614" Column="17" TopLine="599"/>
      </Position20>
      <Position21>
        <Filename Value="umainform.pas"/>
        <Caret Line="643" Column="46" TopLine="628"/>
      </Position21>
      <Position22>
        <Filename Value="umainform.pas"/>
        <Caret Line="678" Column="5" TopLine="663"/>
      </Position22>
      <Position23>
        <Filename Value="umainform.pas"/>
        <Caret Line="679" Column="32" TopLine="663"/>
      </Position23>
      <Position24>
        <Filename Value="umainform.pas"/>
        <Caret Line="678" Column="110" TopLine="663"/>
      </Position24>
      <Position25>
        <Filename Value="..\zengine\fileformats\uzeffdxf.pas"/>
        <Caret Line="60" Column="21" TopLine="45"/>
      </Position25>
      <Position26>
        <Filename Value="..\zcad\commands\uzccommand_copyclip.pas"/>
        <Caret Line="65" Column="60" TopLine="49"/>
      </Position26>
      <Position27>
        <Filename Value="..\zengine\fileformats\uzeffdxf.pas"/>
        <Caret Line="60" Column="10" TopLine="45"/>
      </Position27>
      <Position28>
        <Filename Value="..\zcad\commands\uzccommand_saveas.pas"/>
        <Caret Line="55" Column="26" TopLine="39"/>
      </Position28>
      <Position29>
        <Filename Value="..\zengine\fileformats\uzeffdxfsupport.pas"/>
        <Caret Line="171" Column="20" TopLine="156"/>
      </Position29>
      <Position30>
        <Filename Value="..\zengine\fileformats\uzeffdxfsupport.pas"/>
        <Caret Line="294" Column="26" TopLine="284"/>
      </Position30>
    </JumpHistory>
  </ProjectOptions>
  <CompilerOptions>
    <Version Value="11"/>
    <PathDelim Value="\"/>
    <Target>
      <Filename Value="..\..\cad\simplecad"/>
    </Target>
    <SearchPaths>
      <IncludeFiles Value="$(ProjOutDir);..\zengine"/>
      <OtherUnitFiles Value="..\zengine\containers;..\zengine;..\zengine\core;..\zengine\core\utils;..\zengine\core\objects;..\zengine\core\entities;..\zengine\zgl;..\zengine\geomlib;..\zengine\styles;..\zengine\zgl\common;..\zengine\zgl\opengl;..\zengine\zgl\gdi;..\zengine\misc;..\zengine\fileformats;..\zengine\fonts;..\zengine\core\drawings"/>
      <UnitOutputDirectory Value="lib\$(TargetCPU)-$(TargetOS)"/>
    </SearchPaths>
    <Parsing>
      <SyntaxOptions>
        <SyntaxMode Value="Delphi"/>
      </SyntaxOptions>
    </Parsing>
    <Linking>
      <Debugging>
        <DebugInfoType Value="dsDwarf3"/>
      </Debugging>
      <Options>
        <Win32>
          <GraphicApplication Value="True"/>
        </Win32>
      </Options>
    </Linking>
  </CompilerOptions>
  <Debugging>
    <BreakPoints Count="1">
      <Item1>
        <Kind Value="bpkSource"/>
        <WatchScope Value="wpsLocal"/>
        <WatchKind Value="wpkWrite"/>
        <Source Value="..\languade\urtl.pas"/>
        <Line Value="46"/>
      </Item1>
    </BreakPoints>
    <Exceptions Count="3">
      <Item1>
        <Name Value="EAbort"/>
      </Item1>
      <Item2>
        <Name Value="ECodetoolError"/>
      </Item2>
      <Item3>
        <Name Value="EFOpenError"/>
      </Item3>
    </Exceptions>
  </Debugging>
</CONFIG>
